{
  "version": 4,
  "terraform_version": "1.4.6",
  "serial": 7,
  "lineage": "9b0c8e89-e314-3051-7871-7229025539c4",
  "outputs": {
    "ca_certificate": {
      "value": [
        "-----BEGIN CERTIFICATE-----\nMIIELDCCApSgAwIBAgIQVmiwMrl6VoS7oV8hCgTWxzANBgkqhkiG9w0BAQsFADAv\nMS0wKwYDVQQDEyRjNTk5MzJlZi0xNGNmLTRlMmItYjUwMC1iZGU4MjljZTk2MmMw\nIBcNMjMwNTA1MDkwNzU1WhgPMjA1MzA0MjcxMDA3NTVaMC8xLTArBgNVBAMTJGM1\nOTkzMmVmLTE0Y2YtNGUyYi1iNTAwLWJkZTgyOWNlOTYyYzCCAaIwDQYJKoZIhvcN\nAQEBBQADggGPADCCAYoCggGBAMFy/uK9Nc+D6YBj7Wzw10vdPPIqAwD16IE0VK7n\nvoouhO3qqMAguuQ3qB7wJPpkTLWHxpM9zMd/yrQ5ft4vNPFO/Uq9lEhrU3BPVHAZ\nCxGa2nnQRiMtw+XjHLErGDq+v4dsF6VG5tMzK0LF2lQCjB49G/VNV/T3OODGokfK\nQGU8zATvL9VboGDOoALFmpcqtHcXmuq8s7D2V0gRQnV9GDhyHzk4Uv3nzycHxKTp\nBzGZknp6YodM7dUivaavbuP1nPVRAepV93JOYn1CalHkGtUFvX5KSwNdc0Mr6NrY\nVBWPFJYxQv6hxX+cK25KZsrchjiUow7f76WMRGbKrU/Y78DrJce42+t7ViYIOsgR\nlN4P7e9bh7xYygH9UC5WQhEYiM3Nmy8vyicoorT7hSE/r/gNEWQMr4s0YQ9myQIm\n5fFyXdSNFkHmXRNrSFO0da1cxMpQa8TTrRtMu6hz98CjItrRlz14WmBILcA6W1Ik\nOQ2cJm3rZMkgbF41S4OIG9N2zQIDAQABo0IwQDAOBgNVHQ8BAf8EBAMCAgQwDwYD\nVR0TAQH/BAUwAwEB/zAdBgNVHQ4EFgQUbUDrM3IU04nw5wN966QOuxQzz6YwDQYJ\nKoZIhvcNAQELBQADggGBAKCj8N1NN/Int5MU/iEMP9kwxD2N6EzD1kqjr9e1T/TN\nYaalsqHb+Y2J5coY3a/FNkKdYZQAHuZuhxwi3SRwlnXTNu2uGiwztpo8V6fMpaCl\nVN337T6S/nq3Praj65H6VsIG8y4se+C6nosVImJPzBLMl/bMOFEKXbXBi7OHUUXw\nuHxYYgKDgQymh4KolruCaH+O0chkmpypUwBZxhmns1SfKIBX94oe63c4DrkA5rWg\nKPaVcD6K50nIurKlOqQjcoN86izth6c6E5Nyh4MxvDdSAfnudbp6iChfGHPEF5q0\n42t/dOtOdSMkTR+X9d7miVTIBbTGinLZNZbqvgyXc4QaOvRJGqVFkP97+AlA+yk1\nuSWjyZd523EWU6vrba/PyytK8+fsifUWnrAnlSLv9cZTfcbCAu3I9Mqhkidmwwim\ngIVacg9anbXTUQI5oznZaXqX3vMjzksI+ArH0Z0xnNMe0xdlo2+MuqBiBpN3dFsQ\naRfxN46GthrlDvjI3aYxag==\n-----END CERTIFICATE-----\n",
        "-----BEGIN CERTIFICATE-----\nMIIELDCCApSgAwIBAgIQVGfXjwQSBag+L7AFZfD/fDANBgkqhkiG9w0BAQsFADAv\nMS0wKwYDVQQDEyQzMDJmNzhiZi0yMDRiLTRiMjctYmQ1OC05MzQyYzU5Mzg5NTIw\nIBcNMjMwNTA1MDkwNzQ2WhgPMjA1MzA0MjcxMDA3NDZaMC8xLTArBgNVBAMTJDMw\nMmY3OGJmLTIwNGItNGIyNy1iZDU4LTkzNDJjNTkzODk1MjCCAaIwDQYJKoZIhvcN\nAQEBBQADggGPADCCAYoCggGBALHpmWxNJxzsBZ14Bx3jdda8x+QEJNvC+cWF4uFy\nEFHdfhW6MBEBVWIQhWSVvAv3uwzvW72oqtpPO+r/iMjvXk41q6dLbs2Wkt1g50t6\nQGnsOM5/EPM/olz+jZIO06tQIlAwdELI18bN8JUYYnQvni5IaDGZY+CFKuepPTTF\njEOrH3ZF/qKOKuQCojqA6yQ2ymsMbDHFgpZzd7VoG+Psa6I1B4HPNckW6MP3SoD/\nAJhhjgzRJI7X6Fu/xO2TcY/8PJ5VaT8UCJTPpS/GnhHeLdhOztZ3d5foo9YwadAf\nxb+5R6+YE8/qdGr4c2kBXRRONzVe/upOWaVy3fv0iCgOYaaI+31rSMPd4ZNgIjbd\nBs96szOhASkkyt7x0atzDBjt6QRFE2wOgQvfr858HoSkEA/5NF+e+J5/MAQWXBYz\n9wnqSd9KJy2IWBsdPG0UCB0hvP0K85IHEfTmChQF5lXHZcMSRRwPbejgJNpEfQbc\n7IroiPP04cizmPuvcEcunEDMcwIDAQABo0IwQDAOBgNVHQ8BAf8EBAMCAgQwDwYD\nVR0TAQH/BAUwAwEB/zAdBgNVHQ4EFgQUpL6hwFZXqCgdCiu/aO3c908MbcYwDQYJ\nKoZIhvcNAQELBQADggGBABS9+KwWLfINiHFFCmzUeaLO4YpEVz7Q1GQQYbZhsZlI\nNWdw0RIMbNNg3BHezU4cuZ4e7TyhlXKsnZNo7ouuR/3PxNHRRVUiHV2pUmX1Y1jo\ncXklUUm4/P0RehSb7tDyk+cNDNooNt1YHdt2gX7LX32koUJMBkEg2to++GQKSsr1\nlfU8JaC3vJ9jxgyvi2/zeFNlLxgZ/896n9wNdw5GvxR0sR+Wlh40Ksapa0KZmvqW\nuEe66lva8BRR1z4alVh97zNyPiBeCL1ZMMtYOF5FB33XAjVXXLNUK8M4OU1vlE5/\nIw9m4N/H2F1YBPRyGBRvRr+eENOivI80Gp70TvvSEcz+Erc94w59VSy2c1pjY/z3\nC+ThVp3iQGqqAkmJGEDPxP/DY2PtvalnL3tvAbweKla9z6fIuP0C7dbZC0PyO3FB\nBqUKAZ2LOp4me15JQF7rsQTNqQhbmNIzs2csUbgUifHrhn3y77TZEzmLHk53LRO1\nF1ic/T6kcTgw1hIiBbS0Dg==\n-----END CERTIFICATE-----\n"
      ],
      "type": [
        "tuple",
        [
          "string",
          "string"
        ]
      ]
    },
    "cluster_endpoint": {
      "value": [
        "34.140.20.191",
        "35.205.136.75"
      ],
      "type": [
        "tuple",
        [
          "string",
          "string"
        ]
      ]
    },
    "cluster_name": {
      "value": [
        "jaseb-test-0",
        "jaseb-test-1"
      ],
      "type": [
        "tuple",
        [
          "string",
          "string"
        ]
      ]
    },
    "gcloud_command": {
      "value": [
        "gcloud container clusters get-credentials jaseb-test-0 --zone europe-west1-c",
        "gcloud container clusters get-credentials jaseb-test-1 --zone europe-west1-b"
      ],
      "type": [
        "tuple",
        [
          "string",
          "string"
        ]
      ]
    },
    "gcp_zone": {
      "value": [
        "europe-west1-c",
        "europe-west1-b"
      ],
      "type": [
        "tuple",
        [
          "string",
          "string"
        ]
      ]
    },
    "kubeconfig": {
      "value": [
        "apiVersion: v1\nkind: Config\npreferences:\n  colors: true\ncurrent-context: jaseb-test-0-context\ncontexts:\n- context:\n    cluster: jaseb-test-0\n    namespace: default\n    user: admin\n  name: jaseb-test-0-context\nclusters:\n- cluster:\n    server: https://34.140.20.191\n    certificate-authority-data: LS0tLS1CRUdJTiBDRVJUSUZJQ0FURS0tLS0tCk1JSUVMRENDQXBTZ0F3SUJBZ0lRVm1pd01ybDZWb1M3b1Y4aENnVFd4ekFOQmdrcWhraUc5dzBCQVFzRkFEQXYKTVMwd0t3WURWUVFERXlSak5UazVNekpsWmkweE5HTm1MVFJsTW1JdFlqVXdNQzFpWkdVNE1qbGpaVGsyTW1NdwpJQmNOTWpNd05UQTFNRGt3TnpVMVdoZ1BNakExTXpBME1qY3hNREEzTlRWYU1DOHhMVEFyQmdOVkJBTVRKR00xCk9Ua3pNbVZtTFRFMFkyWXROR1V5WWkxaU5UQXdMV0prWlRneU9XTmxPVFl5WXpDQ0FhSXdEUVlKS29aSWh2Y04KQVFFQkJRQURnZ0dQQURDQ0FZb0NnZ0dCQU1GeS91SzlOYytENllCajdXencxMHZkUFBJcUF3RDE2SUUwVks3bgp2b291aE8zcXFNQWd1dVEzcUI3d0pQcGtUTFdIeHBNOXpNZC95clE1ZnQ0dk5QRk8vVXE5bEVoclUzQlBWSEFaCkN4R2Eybm5RUmlNdHcrWGpITEVyR0RxK3Y0ZHNGNlZHNXRNekswTEYybFFDakI0OUcvVk5WL1QzT09ER29rZksKUUdVOHpBVHZMOVZib0dET29BTEZtcGNxdEhjWG11cThzN0QyVjBnUlFuVjlHRGh5SHprNFV2M256eWNIeEtUcApCekdaa25wNllvZE03ZFVpdmFhdmJ1UDFuUFZSQWVwVjkzSk9ZbjFDYWxIa0d0VUZ2WDVLU3dOZGMwTXI2TnJZClZCV1BGSll4UXY2aHhYK2NLMjVLWnNyY2hqaVVvdzdmNzZXTVJHYktyVS9ZNzhEckpjZTQyK3Q3VmlZSU9zZ1IKbE40UDdlOWJoN3hZeWdIOVVDNVdRaEVZaU0zTm15OHZ5aWNvb3JUN2hTRS9yL2dORVdRTXI0czBZUTlteVFJbQo1ZkZ5WGRTTkZrSG1YUk5yU0ZPMGRhMWN4TXBRYThUVHJSdE11Nmh6OThDakl0clJsejE0V21CSUxjQTZXMUlrCk9RMmNKbTNyWk1rZ2JGNDFTNE9JRzlOMnpRSURBUUFCbzBJd1FEQU9CZ05WSFE4QkFmOEVCQU1DQWdRd0R3WUQKVlIwVEFRSC9CQVV3QXdFQi96QWRCZ05WSFE0RUZnUVViVURyTTNJVTA0bnc1d045NjZRT3V4UXp6Nll3RFFZSgpLb1pJaHZjTkFRRUxCUUFEZ2dHQkFLQ2o4TjFOTi9JbnQ1TVUvaUVNUDlrd3hEMk42RXpEMWtxanI5ZTFUL1ROCllhYWxzcUhiK1kySjVjb1kzYS9GTmtLZFlaUUFIdVp1aHh3aTNTUndsblhUTnUydUdpd3p0cG84VjZmTXBhQ2wKVk4zMzdUNlMvbnEzUHJhajY1SDZWc0lHOHk0c2UrQzZub3NWSW1KUHpCTE1sL2JNT0ZFS1hiWEJpN09IVVVYdwp1SHhZWWdLRGdReW1oNEtvbHJ1Q2FIK08wY2hrbXB5cFV3Qlp4aG1uczFTZktJQlg5NG9lNjNjNERya0E1cldnCktQYVZjRDZLNTBuSXVyS2xPcVFqY29OODZpenRoNmM2RTVOeWg0TXh2RGRTQWZudWRicDZpQ2hmR0hQRUY1cTAKNDJ0L2RPdE9kU01rVFIrWDlkN21pVlRJQmJUR2luTFpOWmJxdmd5WGM0UWFPdlJKR3FWRmtQOTcrQWxBK3lrMQp1U1dqeVpkNTIzRVdVNnZyYmEvUHl5dEs4K2ZzaWZVV25yQW5sU0x2OWNaVGZjYkNBdTNJOU1xaGtpZG13d2ltCmdJVmFjZzlhbmJYVFVRSTVvem5aYVhxWDN2TWp6a3NJK0FySDBaMHhuTk1lMHhkbG8yK011cUJpQnBOM2RGc1EKYVJmeE40Nkd0aHJsRHZqSTNhWXhhZz09Ci0tLS0tRU5EIENFUlRJRklDQVRFLS0tLS0K\n  name: jaseb-test-0\nusers:\n- name: admin\n  user:\n    auth-provider:\n      config:\n        access-token: ya29.a0AWY7CkkLY1ZClYCOPRQJdiHA77H9ALznoRdyujgRMTYpGfjmlFeiUsx_KognOEL4k3LdKq-HWkaQMAp_J3DDkDKB0eH39skZbUiWDYtC9trL0kWK3GvD0PHHpYQlrX6Z4rSpxIci7OgpuanRMPAw2XEdJ9ecDWk3aCgYKAVYSARESFQG1tDrpAfRQ_vw08vFLCMgOPyu8DA0167\n        cmd-args: config config-helper --format=json\n        cmd-path: /usr/bin/gcloud\n        expiry-key: '{.credential.token_expiry}'\n        token-key: '{.credential.access_token}'\n      name: gcp\n    # password: \n    # username: admin\n    client-certificate-data: \n    client-key-data: ",
        "apiVersion: v1\nkind: Config\npreferences:\n  colors: true\ncurrent-context: jaseb-test-1-context\ncontexts:\n- context:\n    cluster: jaseb-test-1\n    namespace: default\n    user: admin\n  name: jaseb-test-1-context\nclusters:\n- cluster:\n    server: https://35.205.136.75\n    certificate-authority-data: LS0tLS1CRUdJTiBDRVJUSUZJQ0FURS0tLS0tCk1JSUVMRENDQXBTZ0F3SUJBZ0lRVkdmWGp3UVNCYWcrTDdBRlpmRC9mREFOQmdrcWhraUc5dzBCQVFzRkFEQXYKTVMwd0t3WURWUVFERXlRek1ESm1OemhpWmkweU1EUmlMVFJpTWpjdFltUTFPQzA1TXpReVl6VTVNemc1TlRJdwpJQmNOTWpNd05UQTFNRGt3TnpRMldoZ1BNakExTXpBME1qY3hNREEzTkRaYU1DOHhMVEFyQmdOVkJBTVRKRE13Ck1tWTNPR0ptTFRJd05HSXROR0l5TnkxaVpEVTRMVGt6TkRKak5Ua3pPRGsxTWpDQ0FhSXdEUVlKS29aSWh2Y04KQVFFQkJRQURnZ0dQQURDQ0FZb0NnZ0dCQUxIcG1XeE5KeHpzQloxNEJ4M2pkZGE4eCtRRUpOdkMrY1dGNHVGeQpFRkhkZmhXNk1CRUJWV0lRaFdTVnZBdjN1d3p2Vzcyb3F0cFBPK3IvaU1qdlhrNDFxNmRMYnMyV2t0MWc1MHQ2ClFHbnNPTTUvRVBNL29seitqWklPMDZ0UUlsQXdkRUxJMThiTjhKVVlZblF2bmk1SWFER1pZK0NGS3VlcFBUVEYKakVPckgzWkYvcUtPS3VRQ29qcUE2eVEyeW1zTWJESEZncFp6ZDdWb0crUHNhNkkxQjRIUE5ja1c2TVAzU29ELwpBSmhoamd6UkpJN1g2RnUveE8yVGNZLzhQSjVWYVQ4VUNKVFBwUy9HbmhIZUxkaE96dFozZDVmb285WXdhZEFmCnhiKzVSNitZRTgvcWRHcjRjMmtCWFJST056VmUvdXBPV2FWeTNmdjBpQ2dPWWFhSSszMXJTTVBkNFpOZ0lqYmQKQnM5NnN6T2hBU2treXQ3eDBhdHpEQmp0NlFSRkUyd09nUXZmcjg1OEhvU2tFQS81TkYrZStKNS9NQVFXWEJZego5d25xU2Q5S0p5MklXQnNkUEcwVUNCMGh2UDBLODVJSEVmVG1DaFFGNWxYSFpjTVNSUndQYmVqZ0pOcEVmUWJjCjdJcm9pUFAwNGNpem1QdXZjRWN1bkVETWN3SURBUUFCbzBJd1FEQU9CZ05WSFE4QkFmOEVCQU1DQWdRd0R3WUQKVlIwVEFRSC9CQVV3QXdFQi96QWRCZ05WSFE0RUZnUVVwTDZod0ZaWHFDZ2RDaXUvYU8zYzkwOE1iY1l3RFFZSgpLb1pJaHZjTkFRRUxCUUFEZ2dHQkFCUzkrS3dXTGZJTmlIRkZDbXpVZWFMTzRZcEVWejdRMUdRUVliWmhzWmxJCk5XZHcwUklNYk5OZzNCSGV6VTRjdVo0ZTdUeWhsWEtzblpObzdvdXVSLzNQeE5IUlJWVWlIVjJwVW1YMVkxam8KY1hrbFVVbTQvUDBSZWhTYjd0RHlrK2NORE5vb050MVlIZHQyZ1g3TFgzMmtvVUpNQmtFZzJ0bysrR1FLU3NyMQpsZlU4SmFDM3ZKOWp4Z3l2aTIvemVGTmxMeGdaLzg5Nm45d05kdzVHdnhSMHNSK1dsaDQwS3NhcGEwS1ptdnFXCnVFZTY2bHZhOEJSUjF6NGFsVmg5N3pOeVBpQmVDTDFaTU10WU9GNUZCMzNYQWpWWFhMTlVLOE00T1UxdmxFNS8KSXc5bTROL0gyRjFZQlBSeUdCUnZScitlRU5PaXZJODBHcDcwVHZ2U0VjeitFcmM5NHc1OVZTeTJjMXBqWS96MwpDK1RoVnAzaVFHcXFBa21KR0VEUHhQL0RZMlB0dmFsbkwzdHZBYndlS2xhOXo2Zkl1UDBDN2RiWkMwUHlPM0ZCCkJxVUtBWjJMT3A0bWUxNUpRRjdyc1FUTnFRaGJtTkl6czJjc1ViZ1VpZkhyaG4zeTc3VFpFem1MSGs1M0xSTzEKRjFpYy9UNmtjVGd3MWhJaUJiUzBEZz09Ci0tLS0tRU5EIENFUlRJRklDQVRFLS0tLS0K\n  name: jaseb-test-1\nusers:\n- name: admin\n  user:\n    auth-provider:\n      config:\n        access-token: ya29.a0AWY7CkkLY1ZClYCOPRQJdiHA77H9ALznoRdyujgRMTYpGfjmlFeiUsx_KognOEL4k3LdKq-HWkaQMAp_J3DDkDKB0eH39skZbUiWDYtC9trL0kWK3GvD0PHHpYQlrX6Z4rSpxIci7OgpuanRMPAw2XEdJ9ecDWk3aCgYKAVYSARESFQG1tDrpAfRQ_vw08vFLCMgOPyu8DA0167\n        cmd-args: config config-helper --format=json\n        cmd-path: /usr/bin/gcloud\n        expiry-key: '{.credential.token_expiry}'\n        token-key: '{.credential.access_token}'\n      name: gcp\n    # password: \n    # username: admin\n    client-certificate-data: \n    client-key-data: "
      ],
      "type": [
        "tuple",
        [
          "string",
          "string"
        ]
      ],
      "sensitive": true
    }
  },
  "resources": [
    {
      "module": "module.gke[0]",
      "mode": "data",
      "type": "google_client_config",
      "name": "current",
      "provider": "provider[\"registry.terraform.io/hashicorp/google\"]",
      "instances": [
        {
          "schema_version": 0,
          "attributes": {
            "access_token": "ya29.a0AWY7CkkLY1ZClYCOPRQJdiHA77H9ALznoRdyujgRMTYpGfjmlFeiUsx_KognOEL4k3LdKq-HWkaQMAp_J3DDkDKB0eH39skZbUiWDYtC9trL0kWK3GvD0PHHpYQlrX6Z4rSpxIci7OgpuanRMPAw2XEdJ9ecDWk3aCgYKAVYSARESFQG1tDrpAfRQ_vw08vFLCMgOPyu8DA0167",
            "id": "projects/hc-a2fdf5e57a134960a608bf7e9ce/regions//zones/",
            "project": "hc-a2fdf5e57a134960a608bf7e9ce",
            "region": "",
            "zone": ""
          },
          "sensitive_attributes": []
        }
      ]
    },
    {
      "module": "module.gke[0]",
      "mode": "data",
      "type": "google_container_engine_versions",
      "name": "k8sversion",
      "provider": "provider[\"registry.terraform.io/hashicorp/google\"]",
      "instances": [
        {
          "schema_version": 0,
          "attributes": {
            "default_cluster_version": "1.25.7-gke.1000",
            "id": "2023-05-05 10:07:04.034379 +0000 UTC",
            "latest_master_version": "1.22.17-gke.8000",
            "latest_node_version": "1.22.17-gke.8000",
            "location": "europe-west1-c",
            "project": "hc-a2fdf5e57a134960a608bf7e9ce",
            "release_channel_default_version": {
              "RAPID": "1.26.3-gke.400",
              "REGULAR": "1.25.7-gke.1000",
              "STABLE": "1.24.10-gke.2300"
            },
            "valid_master_versions": [
              "1.22.17-gke.8000",
              "1.22.17-gke.7500",
              "1.22.17-gke.6100",
              "1.22.17-gke.5400"
            ],
            "valid_node_versions": [
              "1.22.17-gke.8000",
              "1.22.17-gke.7500",
              "1.22.17-gke.6100",
              "1.22.17-gke.5400",
              "1.22.17-gke.4300",
              "1.22.17-gke.4000",
              "1.22.17-gke.3100",
              "1.22.17-gke.1900",
              "1.22.17-gke.1400",
              "1.22.16-gke.2000",
              "1.22.16-gke.1300",
              "1.22.15-gke.2500",
              "1.22.15-gke.1000",
              "1.22.15-gke.100",
              "1.22.14-gke.300",
              "1.22.13-gke.1000",
              "1.22.12-gke.2300",
              "1.22.12-gke.1200",
              "1.22.12-gke.500",
              "1.22.12-gke.300",
              "1.22.11-gke.400",
              "1.22.10-gke.600",
              "1.22.9-gke.2000",
              "1.22.9-gke.1500",
              "1.22.9-gke.1300",
              "1.22.8-gke.2200",
              "1.22.8-gke.202",
              "1.22.8-gke.201",
              "1.22.8-gke.200",
              "1.22.7-gke.1500",
              "1.22.7-gke.1300",
              "1.22.7-gke.900",
              "1.22.7-gke.300",
              "1.22.6-gke.1000",
              "1.22.6-gke.300",
              "1.22.4-gke.1501",
              "1.22.3-gke.1500"
            ],
            "version_prefix": "1.22."
          },
          "sensitive_attributes": []
        }
      ]
    },
    {
      "module": "module.gke[0]",
      "mode": "managed",
      "type": "google_compute_network",
      "name": "container_network",
      "provider": "provider[\"registry.terraform.io/hashicorp/google\"]",
      "instances": [
        {
          "index_key": 0,
          "schema_version": 0,
          "attributes": {
            "auto_create_subnetworks": false,
            "delete_default_routes_on_create": false,
            "description": "",
            "gateway_ipv4": "",
            "id": "projects/hc-a2fdf5e57a134960a608bf7e9ce/global/networks/jaseb-test-0-network",
            "mtu": 0,
            "name": "jaseb-test-0-network",
            "project": "hc-a2fdf5e57a134960a608bf7e9ce",
            "routing_mode": "REGIONAL",
            "self_link": "https://www.googleapis.com/compute/v1/projects/hc-a2fdf5e57a134960a608bf7e9ce/global/networks/jaseb-test-0-network",
            "timeouts": null
          },
          "sensitive_attributes": [],
          "private": "eyJlMmJmYjczMC1lY2FhLTExZTYtOGY4OC0zNDM2M2JjN2M0YzAiOnsiY3JlYXRlIjoyNDAwMDAwMDAwMDAsImRlbGV0ZSI6MjQwMDAwMDAwMDAwLCJ1cGRhdGUiOjI0MDAwMDAwMDAwMH19"
        }
      ]
    },
    {
      "module": "module.gke[0]",
      "mode": "managed",
      "type": "google_compute_subnetwork",
      "name": "container_subnetwork",
      "provider": "provider[\"registry.terraform.io/hashicorp/google\"]",
      "instances": [
        {
          "index_key": 0,
          "schema_version": 0,
          "attributes": {
            "creation_timestamp": "2023-05-05T03:07:27.873-07:00",
            "description": "auto-created subnetwork for cluster \"jaseb-test-0\"",
            "external_ipv6_prefix": "",
            "fingerprint": null,
            "gateway_address": "10.2.0.1",
            "id": "projects/hc-a2fdf5e57a134960a608bf7e9ce/regions/europe-west1/subnetworks/jaseb-test-0-subnetwork",
            "ip_cidr_range": "10.2.0.0/16",
            "ipv6_access_type": "",
            "ipv6_cidr_range": "",
            "log_config": [],
            "name": "jaseb-test-0-subnetwork",
            "network": "https://www.googleapis.com/compute/v1/projects/hc-a2fdf5e57a134960a608bf7e9ce/global/networks/jaseb-test-0-network",
            "private_ip_google_access": false,
            "private_ipv6_google_access": "DISABLE_GOOGLE_ACCESS",
            "project": "hc-a2fdf5e57a134960a608bf7e9ce",
            "purpose": "PRIVATE",
            "region": "europe-west1",
            "role": "",
            "secondary_ip_range": [],
            "self_link": "https://www.googleapis.com/compute/v1/projects/hc-a2fdf5e57a134960a608bf7e9ce/regions/europe-west1/subnetworks/jaseb-test-0-subnetwork",
            "stack_type": "IPV4_ONLY",
            "timeouts": null
          },
          "sensitive_attributes": [],
          "private": "eyJlMmJmYjczMC1lY2FhLTExZTYtOGY4OC0zNDM2M2JjN2M0YzAiOnsiY3JlYXRlIjozNjAwMDAwMDAwMDAsImRlbGV0ZSI6MzYwMDAwMDAwMDAwLCJ1cGRhdGUiOjM2MDAwMDAwMDAwMH19",
          "dependencies": [
            "module.gke.google_compute_network.container_network"
          ]
        }
      ]
    },
    {
      "module": "module.gke[0]",
      "mode": "managed",
      "type": "google_container_cluster",
      "name": "primary",
      "provider": "provider[\"registry.terraform.io/hashicorp/google\"]",
      "instances": [
        {
          "schema_version": 1,
          "attributes": {
            "addons_config": [
              {
                "cloudrun_config": [],
                "horizontal_pod_autoscaling": [],
                "http_load_balancing": [],
                "network_policy_config": [
                  {
                    "disabled": true
                  }
                ]
              }
            ],
            "authenticator_groups_config": [],
            "cluster_autoscaling": [
              {
                "auto_provisioning_defaults": [],
                "enabled": false,
                "resource_limits": []
              }
            ],
            "cluster_ipv4_cidr": "10.196.0.0/14",
            "confidential_nodes": [],
            "database_encryption": [
              {
                "key_name": "",
                "state": "DECRYPTED"
              }
            ],
            "datapath_provider": "",
            "default_max_pods_per_node": 110,
            "default_snat_status": [
              {
                "disabled": false
              }
            ],
            "description": "",
            "enable_autopilot": false,
            "enable_binary_authorization": false,
            "enable_intranode_visibility": false,
            "enable_kubernetes_alpha": false,
            "enable_legacy_abac": false,
            "enable_shielded_nodes": true,
            "enable_tpu": false,
            "endpoint": "34.140.20.191",
            "id": "projects/hc-a2fdf5e57a134960a608bf7e9ce/locations/europe-west1-c/clusters/jaseb-test-0",
            "initial_node_count": 3,
            "ip_allocation_policy": [
              {
                "cluster_ipv4_cidr_block": "10.196.0.0/14",
                "cluster_secondary_range_name": "gke-jaseb-test-0-pods-99b57e11",
                "services_ipv4_cidr_block": "10.200.0.0/20",
                "services_secondary_range_name": "gke-jaseb-test-0-services-99b57e11"
              }
            ],
            "label_fingerprint": "a9dc16a7",
            "location": "europe-west1-c",
            "logging_config": [
              {
                "enable_components": [
                  "SYSTEM_COMPONENTS",
                  "WORKLOADS"
                ]
              }
            ],
            "logging_service": "logging.googleapis.com/kubernetes",
            "maintenance_policy": [],
            "master_auth": [
              {
                "client_certificate": "",
                "client_certificate_config": [
                  {
                    "issue_client_certificate": false
                  }
                ],
                "client_key": "",
                "cluster_ca_certificate": "LS0tLS1CRUdJTiBDRVJUSUZJQ0FURS0tLS0tCk1JSUVMRENDQXBTZ0F3SUJBZ0lRVm1pd01ybDZWb1M3b1Y4aENnVFd4ekFOQmdrcWhraUc5dzBCQVFzRkFEQXYKTVMwd0t3WURWUVFERXlSak5UazVNekpsWmkweE5HTm1MVFJsTW1JdFlqVXdNQzFpWkdVNE1qbGpaVGsyTW1NdwpJQmNOTWpNd05UQTFNRGt3TnpVMVdoZ1BNakExTXpBME1qY3hNREEzTlRWYU1DOHhMVEFyQmdOVkJBTVRKR00xCk9Ua3pNbVZtTFRFMFkyWXROR1V5WWkxaU5UQXdMV0prWlRneU9XTmxPVFl5WXpDQ0FhSXdEUVlKS29aSWh2Y04KQVFFQkJRQURnZ0dQQURDQ0FZb0NnZ0dCQU1GeS91SzlOYytENllCajdXencxMHZkUFBJcUF3RDE2SUUwVks3bgp2b291aE8zcXFNQWd1dVEzcUI3d0pQcGtUTFdIeHBNOXpNZC95clE1ZnQ0dk5QRk8vVXE5bEVoclUzQlBWSEFaCkN4R2Eybm5RUmlNdHcrWGpITEVyR0RxK3Y0ZHNGNlZHNXRNekswTEYybFFDakI0OUcvVk5WL1QzT09ER29rZksKUUdVOHpBVHZMOVZib0dET29BTEZtcGNxdEhjWG11cThzN0QyVjBnUlFuVjlHRGh5SHprNFV2M256eWNIeEtUcApCekdaa25wNllvZE03ZFVpdmFhdmJ1UDFuUFZSQWVwVjkzSk9ZbjFDYWxIa0d0VUZ2WDVLU3dOZGMwTXI2TnJZClZCV1BGSll4UXY2aHhYK2NLMjVLWnNyY2hqaVVvdzdmNzZXTVJHYktyVS9ZNzhEckpjZTQyK3Q3VmlZSU9zZ1IKbE40UDdlOWJoN3hZeWdIOVVDNVdRaEVZaU0zTm15OHZ5aWNvb3JUN2hTRS9yL2dORVdRTXI0czBZUTlteVFJbQo1ZkZ5WGRTTkZrSG1YUk5yU0ZPMGRhMWN4TXBRYThUVHJSdE11Nmh6OThDakl0clJsejE0V21CSUxjQTZXMUlrCk9RMmNKbTNyWk1rZ2JGNDFTNE9JRzlOMnpRSURBUUFCbzBJd1FEQU9CZ05WSFE4QkFmOEVCQU1DQWdRd0R3WUQKVlIwVEFRSC9CQVV3QXdFQi96QWRCZ05WSFE0RUZnUVViVURyTTNJVTA0bnc1d045NjZRT3V4UXp6Nll3RFFZSgpLb1pJaHZjTkFRRUxCUUFEZ2dHQkFLQ2o4TjFOTi9JbnQ1TVUvaUVNUDlrd3hEMk42RXpEMWtxanI5ZTFUL1ROCllhYWxzcUhiK1kySjVjb1kzYS9GTmtLZFlaUUFIdVp1aHh3aTNTUndsblhUTnUydUdpd3p0cG84VjZmTXBhQ2wKVk4zMzdUNlMvbnEzUHJhajY1SDZWc0lHOHk0c2UrQzZub3NWSW1KUHpCTE1sL2JNT0ZFS1hiWEJpN09IVVVYdwp1SHhZWWdLRGdReW1oNEtvbHJ1Q2FIK08wY2hrbXB5cFV3Qlp4aG1uczFTZktJQlg5NG9lNjNjNERya0E1cldnCktQYVZjRDZLNTBuSXVyS2xPcVFqY29OODZpenRoNmM2RTVOeWg0TXh2RGRTQWZudWRicDZpQ2hmR0hQRUY1cTAKNDJ0L2RPdE9kU01rVFIrWDlkN21pVlRJQmJUR2luTFpOWmJxdmd5WGM0UWFPdlJKR3FWRmtQOTcrQWxBK3lrMQp1U1dqeVpkNTIzRVdVNnZyYmEvUHl5dEs4K2ZzaWZVV25yQW5sU0x2OWNaVGZjYkNBdTNJOU1xaGtpZG13d2ltCmdJVmFjZzlhbmJYVFVRSTVvem5aYVhxWDN2TWp6a3NJK0FySDBaMHhuTk1lMHhkbG8yK011cUJpQnBOM2RGc1EKYVJmeE40Nkd0aHJsRHZqSTNhWXhhZz09Ci0tLS0tRU5EIENFUlRJRklDQVRFLS0tLS0K"
              }
            ],
            "master_authorized_networks_config": [],
            "master_version": "1.22.17-gke.8000",
            "min_master_version": "1.22.17-gke.8000",
            "monitoring_config": [
              {
                "enable_components": [
                  "SYSTEM_COMPONENTS"
                ]
              }
            ],
            "monitoring_service": "monitoring.googleapis.com/kubernetes",
            "name": "jaseb-test-0",
            "network": "projects/hc-a2fdf5e57a134960a608bf7e9ce/global/networks/jaseb-test-0-network",
            "network_policy": [
              {
                "enabled": false,
                "provider": "PROVIDER_UNSPECIFIED"
              }
            ],
            "networking_mode": "VPC_NATIVE",
            "node_config": [
              {
                "disk_size_gb": 100,
                "disk_type": "pd-ssd",
                "gcfs_config": [],
                "guest_accelerator": [],
                "image_type": "COS_CONTAINERD",
                "labels": {},
                "local_ssd_count": 0,
                "machine_type": "n1-standard-2",
                "metadata": {
                  "disable-legacy-endpoints": "true"
                },
                "min_cpu_platform": "",
                "oauth_scopes": [
                  "https://www.googleapis.com/auth/cloud-platform",
                  "https://www.googleapis.com/auth/compute",
                  "https://www.googleapis.com/auth/devstorage.read_write",
                  "https://www.googleapis.com/auth/logging.write",
                  "https://www.googleapis.com/auth/monitoring"
                ],
                "preemptible": false,
                "service_account": "default",
                "shielded_instance_config": [
                  {
                    "enable_integrity_monitoring": true,
                    "enable_secure_boot": false
                  }
                ],
                "tags": [
                  "jbroadbent-gke"
                ],
                "taint": [],
                "workload_metadata_config": []
              }
            ],
            "node_locations": [],
            "node_pool": [
              {
                "autoscaling": [],
                "initial_node_count": 3,
                "instance_group_urls": [
                  "https://www.googleapis.com/compute/v1/projects/hc-a2fdf5e57a134960a608bf7e9ce/zones/europe-west1-c/instanceGroupManagers/gke-jaseb-test-0-default-pool-8f2a8c20-grp"
                ],
                "managed_instance_group_urls": [
                  "https://www.googleapis.com/compute/v1/projects/hc-a2fdf5e57a134960a608bf7e9ce/zones/europe-west1-c/instanceGroups/gke-jaseb-test-0-default-pool-8f2a8c20-grp"
                ],
                "management": [
                  {
                    "auto_repair": true,
                    "auto_upgrade": true
                  }
                ],
                "max_pods_per_node": 110,
                "name": "default-pool",
                "name_prefix": "",
                "node_config": [
                  {
                    "disk_size_gb": 100,
                    "disk_type": "pd-ssd",
                    "gcfs_config": [],
                    "guest_accelerator": [],
                    "image_type": "COS_CONTAINERD",
                    "labels": {},
                    "local_ssd_count": 0,
                    "machine_type": "n1-standard-2",
                    "metadata": {
                      "disable-legacy-endpoints": "true"
                    },
                    "min_cpu_platform": "",
                    "oauth_scopes": [
                      "https://www.googleapis.com/auth/cloud-platform",
                      "https://www.googleapis.com/auth/compute",
                      "https://www.googleapis.com/auth/devstorage.read_write",
                      "https://www.googleapis.com/auth/logging.write",
                      "https://www.googleapis.com/auth/monitoring"
                    ],
                    "preemptible": false,
                    "service_account": "default",
                    "shielded_instance_config": [
                      {
                        "enable_integrity_monitoring": true,
                        "enable_secure_boot": false
                      }
                    ],
                    "tags": [
                      "jbroadbent-gke"
                    ],
                    "taint": [],
                    "workload_metadata_config": []
                  }
                ],
                "node_count": 3,
                "node_locations": [
                  "europe-west1-c"
                ],
                "upgrade_settings": [
                  {
                    "max_surge": 1,
                    "max_unavailable": 0
                  }
                ],
                "version": "1.22.17-gke.8000"
              }
            ],
            "node_version": "1.22.17-gke.8000",
            "operation": null,
            "private_cluster_config": [],
            "private_ipv6_google_access": "",
            "project": "hc-a2fdf5e57a134960a608bf7e9ce",
            "release_channel": [
              {
                "channel": "UNSPECIFIED"
              }
            ],
            "remove_default_node_pool": false,
            "resource_labels": null,
            "resource_usage_export_config": [],
            "self_link": "https://container.googleapis.com/v1/projects/hc-a2fdf5e57a134960a608bf7e9ce/zones/europe-west1-c/clusters/jaseb-test-0",
            "services_ipv4_cidr": "10.200.0.0/20",
            "subnetwork": "projects/hc-a2fdf5e57a134960a608bf7e9ce/regions/europe-west1/subnetworks/jaseb-test-0-subnetwork",
            "timeouts": null,
            "tpu_ipv4_cidr_block": "",
            "vertical_pod_autoscaling": [],
            "workload_identity_config": []
          },
          "sensitive_attributes": [],
          "private": "eyJlMmJmYjczMC1lY2FhLTExZTYtOGY4OC0zNDM2M2JjN2M0YzAiOnsiY3JlYXRlIjoyNDAwMDAwMDAwMDAwLCJkZWxldGUiOjI0MDAwMDAwMDAwMDAsInJlYWQiOjI0MDAwMDAwMDAwMDAsInVwZGF0ZSI6MzYwMDAwMDAwMDAwMH0sInNjaGVtYV92ZXJzaW9uIjoiMSJ9",
          "dependencies": [
            "module.gke.data.google_container_engine_versions.k8sversion",
            "module.gke.google_compute_network.container_network",
            "module.gke.google_compute_subnetwork.container_subnetwork"
          ]
        }
      ]
    },
    {
      "module": "module.gke[1]",
      "mode": "data",
      "type": "google_client_config",
      "name": "current",
      "provider": "provider[\"registry.terraform.io/hashicorp/google\"]",
      "instances": [
        {
          "schema_version": 0,
          "attributes": {
            "access_token": "ya29.a0AWY7CkkLY1ZClYCOPRQJdiHA77H9ALznoRdyujgRMTYpGfjmlFeiUsx_KognOEL4k3LdKq-HWkaQMAp_J3DDkDKB0eH39skZbUiWDYtC9trL0kWK3GvD0PHHpYQlrX6Z4rSpxIci7OgpuanRMPAw2XEdJ9ecDWk3aCgYKAVYSARESFQG1tDrpAfRQ_vw08vFLCMgOPyu8DA0167",
            "id": "projects/hc-a2fdf5e57a134960a608bf7e9ce/regions//zones/",
            "project": "hc-a2fdf5e57a134960a608bf7e9ce",
            "region": "",
            "zone": ""
          },
          "sensitive_attributes": []
        }
      ]
    },
    {
      "module": "module.gke[1]",
      "mode": "data",
      "type": "google_container_engine_versions",
      "name": "k8sversion",
      "provider": "provider[\"registry.terraform.io/hashicorp/google\"]",
      "instances": [
        {
          "schema_version": 0,
          "attributes": {
            "default_cluster_version": "1.25.7-gke.1000",
            "id": "2023-05-05 10:07:04.050694 +0000 UTC",
            "latest_master_version": "1.22.17-gke.8000",
            "latest_node_version": "1.22.17-gke.8000",
            "location": "europe-west1-b",
            "project": "hc-a2fdf5e57a134960a608bf7e9ce",
            "release_channel_default_version": {
              "RAPID": "1.26.3-gke.400",
              "REGULAR": "1.25.7-gke.1000",
              "STABLE": "1.24.10-gke.2300"
            },
            "valid_master_versions": [
              "1.22.17-gke.8000",
              "1.22.17-gke.7500",
              "1.22.17-gke.6100",
              "1.22.17-gke.5400"
            ],
            "valid_node_versions": [
              "1.22.17-gke.8000",
              "1.22.17-gke.7500",
              "1.22.17-gke.6100",
              "1.22.17-gke.5400",
              "1.22.17-gke.4300",
              "1.22.17-gke.4000",
              "1.22.17-gke.3100",
              "1.22.17-gke.1900",
              "1.22.17-gke.1400",
              "1.22.16-gke.2000",
              "1.22.16-gke.1300",
              "1.22.15-gke.2500",
              "1.22.15-gke.1000",
              "1.22.15-gke.100",
              "1.22.14-gke.300",
              "1.22.13-gke.1000",
              "1.22.12-gke.2300",
              "1.22.12-gke.1200",
              "1.22.12-gke.500",
              "1.22.12-gke.300",
              "1.22.11-gke.400",
              "1.22.10-gke.600",
              "1.22.9-gke.2000",
              "1.22.9-gke.1500",
              "1.22.9-gke.1300",
              "1.22.8-gke.2200",
              "1.22.8-gke.202",
              "1.22.8-gke.201",
              "1.22.8-gke.200",
              "1.22.7-gke.1500",
              "1.22.7-gke.1300",
              "1.22.7-gke.900",
              "1.22.7-gke.300",
              "1.22.6-gke.1000",
              "1.22.6-gke.300",
              "1.22.4-gke.1501",
              "1.22.3-gke.1500"
            ],
            "version_prefix": "1.22."
          },
          "sensitive_attributes": []
        }
      ]
    },
    {
      "module": "module.gke[1]",
      "mode": "managed",
      "type": "google_compute_network",
      "name": "container_network",
      "provider": "provider[\"registry.terraform.io/hashicorp/google\"]",
      "instances": [
        {
          "index_key": 0,
          "schema_version": 0,
          "attributes": {
            "auto_create_subnetworks": false,
            "delete_default_routes_on_create": false,
            "description": "",
            "gateway_ipv4": "",
            "id": "projects/hc-a2fdf5e57a134960a608bf7e9ce/global/networks/jaseb-test-1-network",
            "mtu": 0,
            "name": "jaseb-test-1-network",
            "project": "hc-a2fdf5e57a134960a608bf7e9ce",
            "routing_mode": "REGIONAL",
            "self_link": "https://www.googleapis.com/compute/v1/projects/hc-a2fdf5e57a134960a608bf7e9ce/global/networks/jaseb-test-1-network",
            "timeouts": null
          },
          "sensitive_attributes": [],
          "private": "eyJlMmJmYjczMC1lY2FhLTExZTYtOGY4OC0zNDM2M2JjN2M0YzAiOnsiY3JlYXRlIjoyNDAwMDAwMDAwMDAsImRlbGV0ZSI6MjQwMDAwMDAwMDAwLCJ1cGRhdGUiOjI0MDAwMDAwMDAwMH19"
        }
      ]
    },
    {
      "module": "module.gke[1]",
      "mode": "managed",
      "type": "google_compute_subnetwork",
      "name": "container_subnetwork",
      "provider": "provider[\"registry.terraform.io/hashicorp/google\"]",
      "instances": [
        {
          "index_key": 0,
          "schema_version": 0,
          "attributes": {
            "creation_timestamp": "2023-05-05T03:07:19.668-07:00",
            "description": "auto-created subnetwork for cluster \"jaseb-test-1\"",
            "external_ipv6_prefix": "",
            "fingerprint": null,
            "gateway_address": "10.2.0.1",
            "id": "projects/hc-a2fdf5e57a134960a608bf7e9ce/regions/europe-west1/subnetworks/jaseb-test-1-subnetwork",
            "ip_cidr_range": "10.2.0.0/16",
            "ipv6_access_type": "",
            "ipv6_cidr_range": "",
            "log_config": [],
            "name": "jaseb-test-1-subnetwork",
            "network": "https://www.googleapis.com/compute/v1/projects/hc-a2fdf5e57a134960a608bf7e9ce/global/networks/jaseb-test-1-network",
            "private_ip_google_access": false,
            "private_ipv6_google_access": "DISABLE_GOOGLE_ACCESS",
            "project": "hc-a2fdf5e57a134960a608bf7e9ce",
            "purpose": "PRIVATE",
            "region": "europe-west1",
            "role": "",
            "secondary_ip_range": [],
            "self_link": "https://www.googleapis.com/compute/v1/projects/hc-a2fdf5e57a134960a608bf7e9ce/regions/europe-west1/subnetworks/jaseb-test-1-subnetwork",
            "stack_type": "IPV4_ONLY",
            "timeouts": null
          },
          "sensitive_attributes": [],
          "private": "eyJlMmJmYjczMC1lY2FhLTExZTYtOGY4OC0zNDM2M2JjN2M0YzAiOnsiY3JlYXRlIjozNjAwMDAwMDAwMDAsImRlbGV0ZSI6MzYwMDAwMDAwMDAwLCJ1cGRhdGUiOjM2MDAwMDAwMDAwMH19",
          "dependencies": [
            "module.gke.google_compute_network.container_network"
          ]
        }
      ]
    },
    {
      "module": "module.gke[1]",
      "mode": "managed",
      "type": "google_container_cluster",
      "name": "primary",
      "provider": "provider[\"registry.terraform.io/hashicorp/google\"]",
      "instances": [
        {
          "schema_version": 1,
          "attributes": {
            "addons_config": [
              {
                "cloudrun_config": [],
                "horizontal_pod_autoscaling": [],
                "http_load_balancing": [],
                "network_policy_config": [
                  {
                    "disabled": true
                  }
                ]
              }
            ],
            "authenticator_groups_config": [],
            "cluster_autoscaling": [
              {
                "auto_provisioning_defaults": [],
                "enabled": false,
                "resource_limits": []
              }
            ],
            "cluster_ipv4_cidr": "10.144.0.0/14",
            "confidential_nodes": [],
            "database_encryption": [
              {
                "key_name": "",
                "state": "DECRYPTED"
              }
            ],
            "datapath_provider": "",
            "default_max_pods_per_node": 110,
            "default_snat_status": [
              {
                "disabled": false
              }
            ],
            "description": "",
            "enable_autopilot": false,
            "enable_binary_authorization": false,
            "enable_intranode_visibility": false,
            "enable_kubernetes_alpha": false,
            "enable_legacy_abac": false,
            "enable_shielded_nodes": true,
            "enable_tpu": false,
            "endpoint": "35.205.136.75",
            "id": "projects/hc-a2fdf5e57a134960a608bf7e9ce/locations/europe-west1-b/clusters/jaseb-test-1",
            "initial_node_count": 3,
            "ip_allocation_policy": [
              {
                "cluster_ipv4_cidr_block": "10.144.0.0/14",
                "cluster_secondary_range_name": "gke-jaseb-test-1-pods-7bc67430",
                "services_ipv4_cidr_block": "10.148.0.0/20",
                "services_secondary_range_name": "gke-jaseb-test-1-services-7bc67430"
              }
            ],
            "label_fingerprint": "a9dc16a7",
            "location": "europe-west1-b",
            "logging_config": [
              {
                "enable_components": [
                  "SYSTEM_COMPONENTS",
                  "WORKLOADS"
                ]
              }
            ],
            "logging_service": "logging.googleapis.com/kubernetes",
            "maintenance_policy": [],
            "master_auth": [
              {
                "client_certificate": "",
                "client_certificate_config": [
                  {
                    "issue_client_certificate": false
                  }
                ],
                "client_key": "",
                "cluster_ca_certificate": "LS0tLS1CRUdJTiBDRVJUSUZJQ0FURS0tLS0tCk1JSUVMRENDQXBTZ0F3SUJBZ0lRVkdmWGp3UVNCYWcrTDdBRlpmRC9mREFOQmdrcWhraUc5dzBCQVFzRkFEQXYKTVMwd0t3WURWUVFERXlRek1ESm1OemhpWmkweU1EUmlMVFJpTWpjdFltUTFPQzA1TXpReVl6VTVNemc1TlRJdwpJQmNOTWpNd05UQTFNRGt3TnpRMldoZ1BNakExTXpBME1qY3hNREEzTkRaYU1DOHhMVEFyQmdOVkJBTVRKRE13Ck1tWTNPR0ptTFRJd05HSXROR0l5TnkxaVpEVTRMVGt6TkRKak5Ua3pPRGsxTWpDQ0FhSXdEUVlKS29aSWh2Y04KQVFFQkJRQURnZ0dQQURDQ0FZb0NnZ0dCQUxIcG1XeE5KeHpzQloxNEJ4M2pkZGE4eCtRRUpOdkMrY1dGNHVGeQpFRkhkZmhXNk1CRUJWV0lRaFdTVnZBdjN1d3p2Vzcyb3F0cFBPK3IvaU1qdlhrNDFxNmRMYnMyV2t0MWc1MHQ2ClFHbnNPTTUvRVBNL29seitqWklPMDZ0UUlsQXdkRUxJMThiTjhKVVlZblF2bmk1SWFER1pZK0NGS3VlcFBUVEYKakVPckgzWkYvcUtPS3VRQ29qcUE2eVEyeW1zTWJESEZncFp6ZDdWb0crUHNhNkkxQjRIUE5ja1c2TVAzU29ELwpBSmhoamd6UkpJN1g2RnUveE8yVGNZLzhQSjVWYVQ4VUNKVFBwUy9HbmhIZUxkaE96dFozZDVmb285WXdhZEFmCnhiKzVSNitZRTgvcWRHcjRjMmtCWFJST056VmUvdXBPV2FWeTNmdjBpQ2dPWWFhSSszMXJTTVBkNFpOZ0lqYmQKQnM5NnN6T2hBU2treXQ3eDBhdHpEQmp0NlFSRkUyd09nUXZmcjg1OEhvU2tFQS81TkYrZStKNS9NQVFXWEJZego5d25xU2Q5S0p5MklXQnNkUEcwVUNCMGh2UDBLODVJSEVmVG1DaFFGNWxYSFpjTVNSUndQYmVqZ0pOcEVmUWJjCjdJcm9pUFAwNGNpem1QdXZjRWN1bkVETWN3SURBUUFCbzBJd1FEQU9CZ05WSFE4QkFmOEVCQU1DQWdRd0R3WUQKVlIwVEFRSC9CQVV3QXdFQi96QWRCZ05WSFE0RUZnUVVwTDZod0ZaWHFDZ2RDaXUvYU8zYzkwOE1iY1l3RFFZSgpLb1pJaHZjTkFRRUxCUUFEZ2dHQkFCUzkrS3dXTGZJTmlIRkZDbXpVZWFMTzRZcEVWejdRMUdRUVliWmhzWmxJCk5XZHcwUklNYk5OZzNCSGV6VTRjdVo0ZTdUeWhsWEtzblpObzdvdXVSLzNQeE5IUlJWVWlIVjJwVW1YMVkxam8KY1hrbFVVbTQvUDBSZWhTYjd0RHlrK2NORE5vb050MVlIZHQyZ1g3TFgzMmtvVUpNQmtFZzJ0bysrR1FLU3NyMQpsZlU4SmFDM3ZKOWp4Z3l2aTIvemVGTmxMeGdaLzg5Nm45d05kdzVHdnhSMHNSK1dsaDQwS3NhcGEwS1ptdnFXCnVFZTY2bHZhOEJSUjF6NGFsVmg5N3pOeVBpQmVDTDFaTU10WU9GNUZCMzNYQWpWWFhMTlVLOE00T1UxdmxFNS8KSXc5bTROL0gyRjFZQlBSeUdCUnZScitlRU5PaXZJODBHcDcwVHZ2U0VjeitFcmM5NHc1OVZTeTJjMXBqWS96MwpDK1RoVnAzaVFHcXFBa21KR0VEUHhQL0RZMlB0dmFsbkwzdHZBYndlS2xhOXo2Zkl1UDBDN2RiWkMwUHlPM0ZCCkJxVUtBWjJMT3A0bWUxNUpRRjdyc1FUTnFRaGJtTkl6czJjc1ViZ1VpZkhyaG4zeTc3VFpFem1MSGs1M0xSTzEKRjFpYy9UNmtjVGd3MWhJaUJiUzBEZz09Ci0tLS0tRU5EIENFUlRJRklDQVRFLS0tLS0K"
              }
            ],
            "master_authorized_networks_config": [],
            "master_version": "1.22.17-gke.8000",
            "min_master_version": "1.22.17-gke.8000",
            "monitoring_config": [
              {
                "enable_components": [
                  "SYSTEM_COMPONENTS"
                ]
              }
            ],
            "monitoring_service": "monitoring.googleapis.com/kubernetes",
            "name": "jaseb-test-1",
            "network": "projects/hc-a2fdf5e57a134960a608bf7e9ce/global/networks/jaseb-test-1-network",
            "network_policy": [
              {
                "enabled": false,
                "provider": "PROVIDER_UNSPECIFIED"
              }
            ],
            "networking_mode": "VPC_NATIVE",
            "node_config": [
              {
                "disk_size_gb": 100,
                "disk_type": "pd-ssd",
                "gcfs_config": [],
                "guest_accelerator": [],
                "image_type": "COS_CONTAINERD",
                "labels": {},
                "local_ssd_count": 0,
                "machine_type": "n1-standard-2",
                "metadata": {
                  "disable-legacy-endpoints": "true"
                },
                "min_cpu_platform": "",
                "oauth_scopes": [
                  "https://www.googleapis.com/auth/cloud-platform",
                  "https://www.googleapis.com/auth/compute",
                  "https://www.googleapis.com/auth/devstorage.read_write",
                  "https://www.googleapis.com/auth/logging.write",
                  "https://www.googleapis.com/auth/monitoring"
                ],
                "preemptible": false,
                "service_account": "default",
                "shielded_instance_config": [
                  {
                    "enable_integrity_monitoring": true,
                    "enable_secure_boot": false
                  }
                ],
                "tags": [
                  "jbroadbent-gke"
                ],
                "taint": [],
                "workload_metadata_config": []
              }
            ],
            "node_locations": [],
            "node_pool": [
              {
                "autoscaling": [],
                "initial_node_count": 3,
                "instance_group_urls": [
                  "https://www.googleapis.com/compute/v1/projects/hc-a2fdf5e57a134960a608bf7e9ce/zones/europe-west1-b/instanceGroupManagers/gke-jaseb-test-1-default-pool-83ead79f-grp"
                ],
                "managed_instance_group_urls": [
                  "https://www.googleapis.com/compute/v1/projects/hc-a2fdf5e57a134960a608bf7e9ce/zones/europe-west1-b/instanceGroups/gke-jaseb-test-1-default-pool-83ead79f-grp"
                ],
                "management": [
                  {
                    "auto_repair": true,
                    "auto_upgrade": true
                  }
                ],
                "max_pods_per_node": 110,
                "name": "default-pool",
                "name_prefix": "",
                "node_config": [
                  {
                    "disk_size_gb": 100,
                    "disk_type": "pd-ssd",
                    "gcfs_config": [],
                    "guest_accelerator": [],
                    "image_type": "COS_CONTAINERD",
                    "labels": {},
                    "local_ssd_count": 0,
                    "machine_type": "n1-standard-2",
                    "metadata": {
                      "disable-legacy-endpoints": "true"
                    },
                    "min_cpu_platform": "",
                    "oauth_scopes": [
                      "https://www.googleapis.com/auth/cloud-platform",
                      "https://www.googleapis.com/auth/compute",
                      "https://www.googleapis.com/auth/devstorage.read_write",
                      "https://www.googleapis.com/auth/logging.write",
                      "https://www.googleapis.com/auth/monitoring"
                    ],
                    "preemptible": false,
                    "service_account": "default",
                    "shielded_instance_config": [
                      {
                        "enable_integrity_monitoring": true,
                        "enable_secure_boot": false
                      }
                    ],
                    "tags": [
                      "jbroadbent-gke"
                    ],
                    "taint": [],
                    "workload_metadata_config": []
                  }
                ],
                "node_count": 3,
                "node_locations": [
                  "europe-west1-b"
                ],
                "upgrade_settings": [
                  {
                    "max_surge": 1,
                    "max_unavailable": 0
                  }
                ],
                "version": "1.22.17-gke.8000"
              }
            ],
            "node_version": "1.22.17-gke.8000",
            "operation": null,
            "private_cluster_config": [],
            "private_ipv6_google_access": "",
            "project": "hc-a2fdf5e57a134960a608bf7e9ce",
            "release_channel": [
              {
                "channel": "UNSPECIFIED"
              }
            ],
            "remove_default_node_pool": false,
            "resource_labels": null,
            "resource_usage_export_config": [],
            "self_link": "https://container.googleapis.com/v1/projects/hc-a2fdf5e57a134960a608bf7e9ce/zones/europe-west1-b/clusters/jaseb-test-1",
            "services_ipv4_cidr": "10.148.0.0/20",
            "subnetwork": "projects/hc-a2fdf5e57a134960a608bf7e9ce/regions/europe-west1/subnetworks/jaseb-test-1-subnetwork",
            "timeouts": null,
            "tpu_ipv4_cidr_block": "",
            "vertical_pod_autoscaling": [],
            "workload_identity_config": []
          },
          "sensitive_attributes": [],
          "private": "eyJlMmJmYjczMC1lY2FhLTExZTYtOGY4OC0zNDM2M2JjN2M0YzAiOnsiY3JlYXRlIjoyNDAwMDAwMDAwMDAwLCJkZWxldGUiOjI0MDAwMDAwMDAwMDAsInJlYWQiOjI0MDAwMDAwMDAwMDAsInVwZGF0ZSI6MzYwMDAwMDAwMDAwMH0sInNjaGVtYV92ZXJzaW9uIjoiMSJ9",
          "dependencies": [
            "module.gke.data.google_container_engine_versions.k8sversion",
            "module.gke.google_compute_network.container_network",
            "module.gke.google_compute_subnetwork.container_subnetwork"
          ]
        }
      ]
    }
  ],
  "check_results": null
}
