{
  "version": 4,
  "terraform_version": "1.3.7",
  "serial": 243,
  "lineage": "860285bf-954e-0673-a138-365dc02defcd",
  "outputs": {
    "bastian_publicip": {
      "value": "ssh -i terraform-20230224103606374000000002.pem ubuntu@3.145.173.6",
      "type": "string"
    },
    "cluster_endpoint": {
      "value": "https://0FB5C00B0DAFD205878FE73D42C12CB3.gr7.us-east-2.eks.amazonaws.com",
      "type": "string"
    },
    "cluster_id": {
      "value": "jasonb3-eks-NRUg9y2v",
      "type": "string"
    },
    "cluster_name": {
      "value": "jasonb3-eks-NRUg9y2v",
      "type": "string"
    },
    "cluster_security_group_id": {
      "value": "sg-0507e535914c1122b",
      "type": "string"
    },
    "config_map_aws_auth": {
      "value": [
        {
          "binary_data": null,
          "data": {
            "mapAccounts": "[]\n",
            "mapRoles": "- \"groups\":\n  - \"system:bootstrappers\"\n  - \"system:nodes\"\n  \"rolearn\": \"arn:aws:iam::865587657226:role/jasonb3-eks-NRUg9y2v2023022412054761970000000b\"\n  \"username\": \"system:node:{{EC2PrivateDNSName}}\"\n",
            "mapUsers": "[]\n"
          },
          "id": "kube-system/aws-auth",
          "metadata": [
            {
              "annotations": null,
              "generate_name": "",
              "generation": 0,
              "labels": {
                "app.kubernetes.io/managed-by": "Terraform",
                "terraform.io/module": "terraform-aws-modules.eks.aws"
              },
              "name": "aws-auth",
              "namespace": "kube-system",
              "resource_version": "1072",
              "uid": "2f390770-9154-43ff-9e99-d84a684132ec"
            }
          ]
        }
      ],
      "type": [
        "tuple",
        [
          [
            "object",
            {
              "binary_data": [
                "map",
                "string"
              ],
              "data": [
                "map",
                "string"
              ],
              "id": "string",
              "metadata": [
                "list",
                [
                  "object",
                  {
                    "annotations": [
                      "map",
                      "string"
                    ],
                    "generate_name": "string",
                    "generation": "number",
                    "labels": [
                      "map",
                      "string"
                    ],
                    "name": "string",
                    "namespace": "string",
                    "resource_version": "string",
                    "uid": "string"
                  }
                ]
              ]
            }
          ]
        ]
      ]
    },
    "kubectl_config": {
      "value": "apiVersion: v1\npreferences: {}\nkind: Config\n\nclusters:\n- cluster:\n    server: https://0FB5C00B0DAFD205878FE73D42C12CB3.gr7.us-east-2.eks.amazonaws.com\n    certificate-authority-data: LS0tLS1CRUdJTiBDRVJUSUZJQ0FURS0tLS0tCk1JSUMvakNDQWVhZ0F3SUJBZ0lCQURBTkJna3Foa2lHOXcwQkFRc0ZBREFWTVJNd0VRWURWUVFERXdwcmRXSmwKY201bGRHVnpNQjRYRFRJek1ESXlOREV5TURFek5sb1hEVE16TURJeU1URXlNREV6Tmxvd0ZURVRNQkVHQTFVRQpBeE1LYTNWaVpYSnVaWFJsY3pDQ0FTSXdEUVlKS29aSWh2Y05BUUVCQlFBRGdnRVBBRENDQVFvQ2dnRUJBSzJTCjhlOGR0dnlCMnJrTy81NkFBVjFDdWIzOTV4dHdvUkVMam51YnR2amlwSUFyVEZINEVEdDlMWVVYOTNWdDd5TjQKQnZKd09sQmR2Rktpa0UramhVSVFMTnR1TDNGaDJtbVFWODBSeVR4a3EyOUV6aU1RbVJvUEVMQUl3YmdEeVZqeApmYk91cVJ3RzdWaW1iTkJSNjl5N1BwSm5VRlBZYzNwTjhjYzdFK0pRQWRYZ0Y4MnBWOFdVM3lNZVhjc3RSM2g0CmJmczd3VmpDQ1lOM1Z3c1FjSlBUUVhEREp3dzhocUdraHo3T25vL2NxaXFPZ1pCVjErd3VKMVZsajlzSVloWG0KbExJUURDM2xqWERYQ3FkM1hGTUpNMFM2UW9JblQ1RWZDK0ZIcXdwMWZWSFBCUDVabHhTeEJpb012QUJXN3FiSgpSdU0zdk5IZkVtMlJnWnU5ditzQ0F3RUFBYU5aTUZjd0RnWURWUjBQQVFIL0JBUURBZ0trTUE4R0ExVWRFd0VCCi93UUZNQU1CQWY4d0hRWURWUjBPQkJZRUZJd2hGTG1VUjdJY1N3T3NUeWwwdDJxTlBFNUZNQlVHQTFVZEVRUU8KTUF5Q0NtdDFZbVZ5Ym1WMFpYTXdEUVlKS29aSWh2Y05BUUVMQlFBRGdnRUJBQjM3R2VkNEhRWHUwSWpYMEpsVAozMVdFWk5yMDgzWjFFRTg0TngvbFBMYXU5OG1OemVkQlFYbW42NkdTU1NSa1NxdzV3TUtPYVZvWC8zWmxWbXlsCmVCS3orMlJkMWV1QTNQVmswWkN0cmlMakxEd2J0bFZwQ1pxeWg5QTRmbHVoM1pqVS9mL0E0OG9kbDc4NkNsU0gKeGlXOTlML2NyaThyZ2ROZHluTzB5anJGM3hTaFhUd21lcmErVlFBWVhLWEhEK2lQWGdBdHNGRDc1elJCWFJGZAovWnF4cXFXdnpZUFlaRWhPeGRyZmI2RktpQ0NJckxIZzF5QlpaUDl0TzNGc2s1VUVhbTQ4UlNaQ1lmY1E3NDIxClV0OWZMQzIvczNGbjJFc09PeTZrMTF0cHhkS2FMNmdVZDZBZVgrbEo1ZTNWVXk4N2hJQ2FEOHozL1BRalpIYzMKYVdFPQotLS0tLUVORCBDRVJUSUZJQ0FURS0tLS0tCg==\n  name: eks_jasonb3-eks-NRUg9y2v\n\ncontexts:\n- context:\n    cluster: eks_jasonb3-eks-NRUg9y2v\n    user: eks_jasonb3-eks-NRUg9y2v\n  name: eks_jasonb3-eks-NRUg9y2v\n\ncurrent-context: eks_jasonb3-eks-NRUg9y2v\n\nusers:\n- name: eks_jasonb3-eks-NRUg9y2v\n  user:\n    exec:\n      apiVersion: client.authentication.k8s.io/v1alpha1\n      command: aws-iam-authenticator\n      args:\n        - \"token\"\n        - \"-i\"\n        - \"jasonb3-eks-NRUg9y2v\"\n",
      "type": "string"
    },
    "region": {
      "value": "us-east-2",
      "type": "string"
    }
  },
  "resources": [
    {
      "mode": "data",
      "type": "aws_availability_zones",
      "name": "available",
      "provider": "provider[\"registry.terraform.io/hashicorp/aws\"]",
      "instances": [
        {
          "schema_version": 0,
          "attributes": {
            "all_availability_zones": null,
            "exclude_names": null,
            "exclude_zone_ids": null,
            "filter": null,
            "group_names": [
              "us-east-2"
            ],
            "id": "us-east-2",
            "names": [
              "us-east-2a",
              "us-east-2b",
              "us-east-2c"
            ],
            "state": null,
            "zone_ids": [
              "use2-az1",
              "use2-az2",
              "use2-az3"
            ]
          },
          "sensitive_attributes": []
        }
      ]
    },
    {
      "mode": "data",
      "type": "aws_eks_cluster",
      "name": "cluster",
      "provider": "provider[\"registry.terraform.io/hashicorp/aws\"]",
      "instances": [
        {
          "schema_version": 0,
          "attributes": {
            "arn": "arn:aws:eks:us-east-2:865587657226:cluster/jasonb3-eks-NRUg9y2v",
            "certificate_authority": [
              {
                "data": "LS0tLS1CRUdJTiBDRVJUSUZJQ0FURS0tLS0tCk1JSUMvakNDQWVhZ0F3SUJBZ0lCQURBTkJna3Foa2lHOXcwQkFRc0ZBREFWTVJNd0VRWURWUVFERXdwcmRXSmwKY201bGRHVnpNQjRYRFRJek1ESXlOREV5TURFek5sb1hEVE16TURJeU1URXlNREV6Tmxvd0ZURVRNQkVHQTFVRQpBeE1LYTNWaVpYSnVaWFJsY3pDQ0FTSXdEUVlKS29aSWh2Y05BUUVCQlFBRGdnRVBBRENDQVFvQ2dnRUJBSzJTCjhlOGR0dnlCMnJrTy81NkFBVjFDdWIzOTV4dHdvUkVMam51YnR2amlwSUFyVEZINEVEdDlMWVVYOTNWdDd5TjQKQnZKd09sQmR2Rktpa0UramhVSVFMTnR1TDNGaDJtbVFWODBSeVR4a3EyOUV6aU1RbVJvUEVMQUl3YmdEeVZqeApmYk91cVJ3RzdWaW1iTkJSNjl5N1BwSm5VRlBZYzNwTjhjYzdFK0pRQWRYZ0Y4MnBWOFdVM3lNZVhjc3RSM2g0CmJmczd3VmpDQ1lOM1Z3c1FjSlBUUVhEREp3dzhocUdraHo3T25vL2NxaXFPZ1pCVjErd3VKMVZsajlzSVloWG0KbExJUURDM2xqWERYQ3FkM1hGTUpNMFM2UW9JblQ1RWZDK0ZIcXdwMWZWSFBCUDVabHhTeEJpb012QUJXN3FiSgpSdU0zdk5IZkVtMlJnWnU5ditzQ0F3RUFBYU5aTUZjd0RnWURWUjBQQVFIL0JBUURBZ0trTUE4R0ExVWRFd0VCCi93UUZNQU1CQWY4d0hRWURWUjBPQkJZRUZJd2hGTG1VUjdJY1N3T3NUeWwwdDJxTlBFNUZNQlVHQTFVZEVRUU8KTUF5Q0NtdDFZbVZ5Ym1WMFpYTXdEUVlKS29aSWh2Y05BUUVMQlFBRGdnRUJBQjM3R2VkNEhRWHUwSWpYMEpsVAozMVdFWk5yMDgzWjFFRTg0TngvbFBMYXU5OG1OemVkQlFYbW42NkdTU1NSa1NxdzV3TUtPYVZvWC8zWmxWbXlsCmVCS3orMlJkMWV1QTNQVmswWkN0cmlMakxEd2J0bFZwQ1pxeWg5QTRmbHVoM1pqVS9mL0E0OG9kbDc4NkNsU0gKeGlXOTlML2NyaThyZ2ROZHluTzB5anJGM3hTaFhUd21lcmErVlFBWVhLWEhEK2lQWGdBdHNGRDc1elJCWFJGZAovWnF4cXFXdnpZUFlaRWhPeGRyZmI2RktpQ0NJckxIZzF5QlpaUDl0TzNGc2s1VUVhbTQ4UlNaQ1lmY1E3NDIxClV0OWZMQzIvczNGbjJFc09PeTZrMTF0cHhkS2FMNmdVZDZBZVgrbEo1ZTNWVXk4N2hJQ2FEOHozL1BRalpIYzMKYVdFPQotLS0tLUVORCBDRVJUSUZJQ0FURS0tLS0tCg=="
              }
            ],
            "created_at": "2023-02-24 11:55:43.854 +0000 UTC",
            "enabled_cluster_log_types": [],
            "endpoint": "https://0FB5C00B0DAFD205878FE73D42C12CB3.gr7.us-east-2.eks.amazonaws.com",
            "id": "jasonb3-eks-NRUg9y2v",
            "identity": [
              {
                "oidc": [
                  {
                    "issuer": "https://oidc.eks.us-east-2.amazonaws.com/id/0FB5C00B0DAFD205878FE73D42C12CB3"
                  }
                ]
              }
            ],
            "kubernetes_network_config": [
              {
                "ip_family": "ipv4",
                "service_ipv4_cidr": "172.20.0.0/16"
              }
            ],
            "name": "jasonb3-eks-NRUg9y2v",
            "platform_version": "eks.10",
            "role_arn": "arn:aws:iam::865587657226:role/jasonb3-eks-NRUg9y2v20230224115535307600000001",
            "status": "ACTIVE",
            "tags": {},
            "version": "1.22",
            "vpc_config": [
              {
                "cluster_security_group_id": "sg-04dd0464e3654ab79",
                "endpoint_private_access": false,
                "endpoint_public_access": true,
                "public_access_cidrs": [
                  "0.0.0.0/0"
                ],
                "security_group_ids": [
                  "sg-0507e535914c1122b"
                ],
                "subnet_ids": [
                  "subnet-0533174e0708a05bb",
                  "subnet-0941fb936240f4291",
                  "subnet-0b209720323343196"
                ],
                "vpc_id": "vpc-060183df0c13be7e3"
              }
            ]
          },
          "sensitive_attributes": []
        }
      ]
    },
    {
      "mode": "data",
      "type": "aws_eks_cluster_auth",
      "name": "cluster",
      "provider": "provider[\"registry.terraform.io/hashicorp/aws\"]",
      "instances": [
        {
          "schema_version": 0,
          "attributes": {
            "id": "jasonb3-eks-NRUg9y2v",
            "name": "jasonb3-eks-NRUg9y2v",
            "token": "k8s-aws-v1.aHR0cHM6Ly9zdHMuYW1hem9uYXdzLmNvbS8_QWN0aW9uPUdldENhbGxlcklkZW50aXR5JlZlcnNpb249MjAxMS0wNi0xNSZYLUFtei1BbGdvcml0aG09QVdTNC1ITUFDLVNIQTI1NiZYLUFtei1DcmVkZW50aWFsPUFTSUE0VENJTFBJRklaWjdQU0VRJTJGMjAyMzAyMjQlMkZ1cy1lYXN0LTElMkZzdHMlMkZhd3M0X3JlcXVlc3QmWC1BbXotRGF0ZT0yMDIzMDIyNFQxMjA1NDhaJlgtQW16LUV4cGlyZXM9MCZYLUFtei1TZWN1cml0eS1Ub2tlbj1JUW9KYjNKcFoybHVYMlZqRUdvYUNYVnpMWGRsYzNRdE1pSkhNRVVDSUc1bDNqQjd0WnNXWVZLJTJCblA1cGlOSm8yU2tPS0JzRjhTOGduQSUyQm5qNUUzQWlFQXlCJTJCU3RONDBlM1Z6MFdvSzhCREZYcXBJYkZyT0xQS2tQaVZkQ2ZNcmlyc3E2UVFJRXhBQUdndzROalUxT0RjMk5UY3lNallpREtCN0lyWlBmU1ZlJTJCU3YzVkNyR0JKOXJzUDlhRm51WWIyNlRPekpZaTFOenE2VllKVXJuVlo0Y2hyVDI1TzhEejRYayUyQmo0QU95bUJmSllYM2pYdkZ3bDJXWDJ6T3Y1YTBVQkVqR2JRQU9BakpoSWt2bXZyZldVam0xZXJGaFNSRm1RRFdvSHJHalRPTVg0dCUyQk05SSUyRnA5aUs2aG51MlpaY3gzbWlTTmJiSjQ0WmxRR2w3RnVHcnpXWndnMkR5TkhVZzdUWXM3NUNVR2pCd1BHazNGcnpUb2huUDN4UGpwaThJJTJGREswc3NEeVdvM2IlMkZ5WWY4ZHh4RExnbVhJdEt5QkpaQkFQUmYyJTJCbHBFdldqZFlQSGZ1bHlFNTJJcGQzWGNYVWtuT2RlRHRXMXQ1Q1VaRWR4OVN2azg4V2FLREc0ZEswWVljQVRRbCUyQlMyM2hHYWVzRXd4OGhFbVl3bHc1ZjB3WHM4b0tVVVZpTHR5Q1Z3dVZkdmFZODRQU1p0djlHckptSldNU3J6WlB1MmNCTGRmR01CUVFmSkRhcDMxZSUyQkNhdUx5ZmtOZXBPeEE4MkhGa2dzJTJGQkV1MFF1cDc1cmxmNE4xalg4TEElMkJjbTZnVE9EVHhZTzJzTGdTa1ZBVlNPRGxuQnpqNzhnRSUyQnFjdTRmTSUyRkJPNnB1amhLdTcydk1DM2hrSDlGUkJlVkZoZURRQmpuQjNFME94TEElMkJHazAxaWdCc2wlMkJqazV5Y0NldFFaQTlacjFsVlAxVkU0WmZWa1BmSlp1NTFvNVVDRzhpQW5YaE1oMUhlTCUyQnMlMkJhWG5sOCUyRk9VTDgyRldKMTlrZlM3cnd6MkZGWnNoRUhrU2FqWkREJTJGdFUzOFNoaGN6bTNzZ3hJUlhsR0tYWXhLR2pqR29kd3RMZ0RmVWJ3RFdDR0VKeUo4b2JtdnQlMkIzUk9zJTJGJTJCSU5DJTJCb05LVXNac1poWGxWT2FNWXZJVklQZ0F0OFBpeXpvOHlvdnJ3ZEtFJTJGWUdrQ05Hc281UXVIY2lrU3dLJTJGczQ0Q05mMXJWSW9RNlRER2ljY1dxQ1NXSXlkOGxRbCUyQkVMVERvaXVLZkJqcWhBUlUlMkJwQkxPRlU2bGdJUWhTUENNOGEwJTJCWkpXbnFOa0dadW9UcEFPR09MaHFiWXROVmlqeGkwSmlZbzZjeU1KeUxwSlhvM3lKSzlLVyUyQjZVUTdaVFoxTWJqaFc1Ykk2MUIlMkZDSlhKYkV0WVIwY21KNm13NklHTE80WHM0MCUyQnpZY0wlMkJlYUtZb2E2QTMwSXZCJTJGUTh4YXVvOFQwanA3UUxkaUhPYWJ1dXZnbm11eGclMkJSMGF2WXk0azVoc0Juc0QwUmdXTDlRNXE5REZQJTJGbDFJTEdWYkFpMVNhVUwmWC1BbXotU2lnbmVkSGVhZGVycz1ob3N0JTNCeC1rOHMtYXdzLWlkJlgtQW16LVNpZ25hdHVyZT03OWI0ZTE1ZTY3Mjg2OWI0NDU0N2E0M2IzYTM3NjJkODJlNjliMTJmZGIwYzg0ZDEwZWUwOGZmMjlmMzIxZTU0"
          },
          "sensitive_attributes": []
        }
      ]
    },
    {
      "mode": "managed",
      "type": "aws_instance",
      "name": "bastian",
      "provider": "provider[\"registry.terraform.io/hashicorp/aws\"]",
      "instances": [
        {
          "schema_version": 1,
          "attributes": {
            "ami": "ami-081c75eaeac28ac34",
            "arn": "arn:aws:ec2:us-east-2:865587657226:instance/i-017fc09bd562170e6",
            "associate_public_ip_address": true,
            "availability_zone": "us-east-2a",
            "capacity_reservation_specification": [
              {
                "capacity_reservation_preference": "open",
                "capacity_reservation_target": []
              }
            ],
            "cpu_core_count": 1,
            "cpu_threads_per_core": 1,
            "credit_specification": [
              {
                "cpu_credits": "standard"
              }
            ],
            "disable_api_termination": false,
            "ebs_block_device": [],
            "ebs_optimized": false,
            "enclave_options": [
              {
                "enabled": false
              }
            ],
            "ephemeral_block_device": [],
            "get_password_data": false,
            "hibernation": false,
            "host_id": null,
            "iam_instance_profile": "",
            "id": "i-017fc09bd562170e6",
            "instance_initiated_shutdown_behavior": "stop",
            "instance_state": "running",
            "instance_type": "t2.micro",
            "ipv6_address_count": 0,
            "ipv6_addresses": [],
            "key_name": "terraform-20230224103606374000000002",
            "launch_template": [],
            "maintenance_options": [
              {
                "auto_recovery": "default"
              }
            ],
            "metadata_options": [
              {
                "http_endpoint": "enabled",
                "http_put_response_hop_limit": 1,
                "http_tokens": "optional",
                "instance_metadata_tags": "disabled"
              }
            ],
            "monitoring": false,
            "network_interface": [],
            "outpost_arn": "",
            "password_data": "",
            "placement_group": "",
            "placement_partition_number": null,
            "primary_network_interface_id": "eni-027fb460b381a5f80",
            "private_dns": "ip-10-0-4-134.us-east-2.compute.internal",
            "private_ip": "10.0.4.134",
            "public_dns": "ec2-3-145-173-6.us-east-2.compute.amazonaws.com",
            "public_ip": "3.145.173.6",
            "root_block_device": [
              {
                "delete_on_termination": true,
                "device_name": "/dev/sda1",
                "encrypted": false,
                "iops": 100,
                "kms_key_id": "",
                "tags": {},
                "throughput": 0,
                "volume_id": "vol-08d0f81201ebd521c",
                "volume_size": 8,
                "volume_type": "gp2"
              }
            ],
            "secondary_private_ips": [],
            "security_groups": [],
            "source_dest_check": true,
            "subnet_id": "subnet-0bacb39bedfc6c8ae",
            "tags": {
              "Name": "bastion"
            },
            "tags_all": {
              "Name": "bastion"
            },
            "tenancy": "default",
            "timeouts": null,
            "user_data": null,
            "user_data_base64": null,
            "user_data_replace_on_change": false,
            "volume_tags": null,
            "vpc_security_group_ids": [
              "sg-0e3d72689a5865bdb"
            ]
          },
          "sensitive_attributes": [],
          "private": "eyJlMmJmYjczMC1lY2FhLTExZTYtOGY4OC0zNDM2M2JjN2M0YzAiOnsiY3JlYXRlIjo2MDAwMDAwMDAwMDAsImRlbGV0ZSI6MTIwMDAwMDAwMDAwMCwidXBkYXRlIjo2MDAwMDAwMDAwMDB9LCJzY2hlbWFfdmVyc2lvbiI6IjEifQ==",
          "dependencies": [
            "aws_key_pair.demo",
            "aws_security_group.bastian_sg",
            "data.aws_availability_zones.available",
            "module.vpc.aws_subnet.public",
            "module.vpc.aws_vpc.this",
            "module.vpc.aws_vpc_ipv4_cidr_block_association.this",
            "random_string.suffix",
            "tls_private_key.demo"
          ]
        }
      ]
    },
    {
      "mode": "managed",
      "type": "aws_key_pair",
      "name": "demo",
      "provider": "provider[\"registry.terraform.io/hashicorp/aws\"]",
      "instances": [
        {
          "schema_version": 1,
          "attributes": {
            "arn": "arn:aws:ec2:us-east-2:865587657226:key-pair/terraform-20230224103606374000000002",
            "fingerprint": "54:b2:e2:d7:74:12:35:c6:43:b8:b5:f8:b3:da:28:8e",
            "id": "terraform-20230224103606374000000002",
            "key_name": "terraform-20230224103606374000000002",
            "key_name_prefix": "terraform-",
            "key_pair_id": "key-0960dd2fd85783470",
            "public_key": "ssh-rsa AAAAB3NzaC1yc2EAAAADAQABAAABAQDsuRDUi6JGjlJtamIZMgYhpkpeaPALuif8zzRMprGVOxsm23d6pVl/jO84aRMpa6Y9Vn3XS02Yt5ncOZQaAQi6j06cIwkWhT3AIGuZnbW52XOP7bAWE0zzE8Zh4wnWZC9io0sniq/eSSeItmB7kZjGSN/s6Q9P1EIh2GehDYEyLWdlaDXN4lHe4PGPCQlNOFJI4H4/KY7Rc5ffuRLWhgTLBd4eoBZ6nfrXgsWboSYuia4VSZF6E/aW3576qawKMlkl0TVNSu4nP1toODfMN+YnzD49yXwoRP6mLg8E37b4rlOCHj+NKK8+oq9k0iC7EhpYVvP9SChoEA8cbVTTTtmD",
            "tags": {},
            "tags_all": {}
          },
          "sensitive_attributes": [],
          "private": "eyJzY2hlbWFfdmVyc2lvbiI6IjEifQ==",
          "dependencies": [
            "tls_private_key.demo"
          ]
        }
      ]
    },
    {
      "mode": "managed",
      "type": "aws_security_group",
      "name": "all_worker_mgmt",
      "provider": "provider[\"registry.terraform.io/hashicorp/aws\"]",
      "instances": [
        {
          "schema_version": 1,
          "attributes": {
            "arn": "arn:aws:ec2:us-east-2:865587657226:security-group/sg-077209a940675accc",
            "description": "Managed by Terraform",
            "egress": [],
            "id": "sg-077209a940675accc",
            "ingress": [
              {
                "cidr_blocks": [
                  "10.0.0.0/8",
                  "172.16.0.0/12",
                  "192.168.0.0/16"
                ],
                "description": "",
                "from_port": 22,
                "ipv6_cidr_blocks": [],
                "prefix_list_ids": [],
                "protocol": "tcp",
                "security_groups": [],
                "self": false,
                "to_port": 22
              }
            ],
            "name": "all_worker_management2023022410361970760000000d",
            "name_prefix": "all_worker_management",
            "owner_id": "865587657226",
            "revoke_rules_on_delete": false,
            "tags": {},
            "tags_all": {},
            "timeouts": null,
            "vpc_id": "vpc-060183df0c13be7e3"
          },
          "sensitive_attributes": [],
          "private": "eyJlMmJmYjczMC1lY2FhLTExZTYtOGY4OC0zNDM2M2JjN2M0YzAiOnsiY3JlYXRlIjo2MDAwMDAwMDAwMDAsImRlbGV0ZSI6OTAwMDAwMDAwMDAwfSwic2NoZW1hX3ZlcnNpb24iOiIxIn0=",
          "dependencies": [
            "module.vpc.aws_vpc.this",
            "random_string.suffix"
          ]
        }
      ]
    },
    {
      "mode": "managed",
      "type": "aws_security_group",
      "name": "bastian_sg",
      "provider": "provider[\"registry.terraform.io/hashicorp/aws\"]",
      "instances": [
        {
          "schema_version": 1,
          "attributes": {
            "arn": "arn:aws:ec2:us-east-2:865587657226:security-group/sg-0e3d72689a5865bdb",
            "description": "Managed by Terraform",
            "egress": [
              {
                "cidr_blocks": [
                  "0.0.0.0/0"
                ],
                "description": "",
                "from_port": 0,
                "ipv6_cidr_blocks": [],
                "prefix_list_ids": [],
                "protocol": "-1",
                "security_groups": [],
                "self": false,
                "to_port": 0
              }
            ],
            "id": "sg-0e3d72689a5865bdb",
            "ingress": [
              {
                "cidr_blocks": [
                  "0.0.0.0/0"
                ],
                "description": "",
                "from_port": 22,
                "ipv6_cidr_blocks": [],
                "prefix_list_ids": [],
                "protocol": "tcp",
                "security_groups": [],
                "self": false,
                "to_port": 22
              }
            ],
            "name": "bastian_sg2023022410361891900000000c",
            "name_prefix": "bastian_sg",
            "owner_id": "865587657226",
            "revoke_rules_on_delete": false,
            "tags": {},
            "tags_all": {},
            "timeouts": null,
            "vpc_id": "vpc-060183df0c13be7e3"
          },
          "sensitive_attributes": [],
          "private": "eyJlMmJmYjczMC1lY2FhLTExZTYtOGY4OC0zNDM2M2JjN2M0YzAiOnsiY3JlYXRlIjo2MDAwMDAwMDAwMDAsImRlbGV0ZSI6OTAwMDAwMDAwMDAwfSwic2NoZW1hX3ZlcnNpb24iOiIxIn0=",
          "dependencies": [
            "module.vpc.aws_vpc.this",
            "random_string.suffix"
          ]
        }
      ]
    },
    {
      "mode": "managed",
      "type": "aws_security_group",
      "name": "worker_group_mgmt_one",
      "provider": "provider[\"registry.terraform.io/hashicorp/aws\"]",
      "instances": [
        {
          "schema_version": 1,
          "attributes": {
            "arn": "arn:aws:ec2:us-east-2:865587657226:security-group/sg-07696ad7f5f38c6d0",
            "description": "Managed by Terraform",
            "egress": [],
            "id": "sg-07696ad7f5f38c6d0",
            "ingress": [
              {
                "cidr_blocks": [
                  "10.0.0.0/8"
                ],
                "description": "",
                "from_port": 22,
                "ipv6_cidr_blocks": [],
                "prefix_list_ids": [],
                "protocol": "tcp",
                "security_groups": [],
                "self": false,
                "to_port": 22
              }
            ],
            "name": "worker_group_mgmt_one2023022410361891840000000a",
            "name_prefix": "worker_group_mgmt_one",
            "owner_id": "865587657226",
            "revoke_rules_on_delete": false,
            "tags": {},
            "tags_all": {},
            "timeouts": null,
            "vpc_id": "vpc-060183df0c13be7e3"
          },
          "sensitive_attributes": [],
          "private": "eyJlMmJmYjczMC1lY2FhLTExZTYtOGY4OC0zNDM2M2JjN2M0YzAiOnsiY3JlYXRlIjo2MDAwMDAwMDAwMDAsImRlbGV0ZSI6OTAwMDAwMDAwMDAwfSwic2NoZW1hX3ZlcnNpb24iOiIxIn0=",
          "dependencies": [
            "module.vpc.aws_vpc.this",
            "random_string.suffix"
          ],
          "create_before_destroy": true
        }
      ]
    },
    {
      "mode": "managed",
      "type": "aws_security_group",
      "name": "worker_group_mgmt_two",
      "provider": "provider[\"registry.terraform.io/hashicorp/aws\"]",
      "instances": [
        {
          "schema_version": 1,
          "attributes": {
            "arn": "arn:aws:ec2:us-east-2:865587657226:security-group/sg-0234f7ddaa9d09029",
            "description": "Managed by Terraform",
            "egress": [],
            "id": "sg-0234f7ddaa9d09029",
            "ingress": [
              {
                "cidr_blocks": [
                  "192.168.0.0/16"
                ],
                "description": "",
                "from_port": 22,
                "ipv6_cidr_blocks": [],
                "prefix_list_ids": [],
                "protocol": "tcp",
                "security_groups": [],
                "self": false,
                "to_port": 22
              }
            ],
            "name": "worker_group_mgmt_two2023022410361891850000000b",
            "name_prefix": "worker_group_mgmt_two",
            "owner_id": "865587657226",
            "revoke_rules_on_delete": false,
            "tags": {},
            "tags_all": {},
            "timeouts": null,
            "vpc_id": "vpc-060183df0c13be7e3"
          },
          "sensitive_attributes": [],
          "private": "eyJlMmJmYjczMC1lY2FhLTExZTYtOGY4OC0zNDM2M2JjN2M0YzAiOnsiY3JlYXRlIjo2MDAwMDAwMDAwMDAsImRlbGV0ZSI6OTAwMDAwMDAwMDAwfSwic2NoZW1hX3ZlcnNpb24iOiIxIn0=",
          "dependencies": [
            "module.vpc.aws_vpc.this",
            "random_string.suffix"
          ],
          "create_before_destroy": true
        }
      ]
    },
    {
      "mode": "managed",
      "type": "null_resource",
      "name": "key",
      "provider": "provider[\"registry.terraform.io/hashicorp/null\"]",
      "instances": [
        {
          "schema_version": 0,
          "attributes": {
            "id": "3889296478188341222",
            "triggers": null
          },
          "sensitive_attributes": [],
          "private": "bnVsbA==",
          "dependencies": [
            "aws_key_pair.demo",
            "tls_private_key.demo"
          ]
        }
      ]
    },
    {
      "mode": "managed",
      "type": "random_string",
      "name": "suffix",
      "provider": "provider[\"registry.terraform.io/hashicorp/random\"]",
      "instances": [
        {
          "schema_version": 1,
          "attributes": {
            "id": "NRUg9y2v",
            "keepers": null,
            "length": 8,
            "lower": true,
            "min_lower": 0,
            "min_numeric": 0,
            "min_special": 0,
            "min_upper": 0,
            "number": true,
            "override_special": null,
            "result": "NRUg9y2v",
            "special": false,
            "upper": true
          },
          "sensitive_attributes": [],
          "private": "eyJzY2hlbWFfdmVyc2lvbiI6IjEifQ==",
          "create_before_destroy": true
        }
      ]
    },
    {
      "mode": "managed",
      "type": "tls_private_key",
      "name": "demo",
      "provider": "provider[\"registry.terraform.io/hashicorp/tls\"]",
      "instances": [
        {
          "schema_version": 0,
          "attributes": {
            "algorithm": "RSA",
            "ecdsa_curve": "P224",
            "id": "79925ef97ad8a88ff209311d699580f4b0548764",
            "private_key_openssh": "-----BEGIN OPENSSH PRIVATE KEY-----\nb3BlbnNzaC1rZXktdjEAAAAABG5vbmUAAAAEbm9uZQAAAAAAAAABAAABFwAAAAdz\nc2gtcnNhAAAAAwEAAQAAAQEA7LkQ1IuiRo5SbWpiGTIGIaZKXmjwC7on/M80TKax\nlTsbJtt3eqVZf4zvOGkTKWumPVZ910tNmLeZ3DmUGgEIuo9OnCMJFoU9wCBrmZ21\nudlzj+2wFhNM8xPGYeMJ1mQvYqNLJ4qv3kkniLZge5GYxkjf7OkPT9RCIdhnoQ2B\nMi1nZWg1zeJR3uDxjwkJTThSSOB+PymO0XOX37kS1oYEywXeHqAWep3614LFm6Em\nLomuFUmRehP2lt+e+qmsCjJZJdE1TUruJz9baDg3zDfmJ8w+Pcl8KET+pi4PBN+2\n+K5Tgh4/jSivPqKvZNIguxIaWFbz/UgoaBAPHG1U007ZgwAAA7hePeFMXj3hTAAA\nAAdzc2gtcnNhAAABAQDsuRDUi6JGjlJtamIZMgYhpkpeaPALuif8zzRMprGVOxsm\n23d6pVl/jO84aRMpa6Y9Vn3XS02Yt5ncOZQaAQi6j06cIwkWhT3AIGuZnbW52XOP\n7bAWE0zzE8Zh4wnWZC9io0sniq/eSSeItmB7kZjGSN/s6Q9P1EIh2GehDYEyLWdl\naDXN4lHe4PGPCQlNOFJI4H4/KY7Rc5ffuRLWhgTLBd4eoBZ6nfrXgsWboSYuia4V\nSZF6E/aW3576qawKMlkl0TVNSu4nP1toODfMN+YnzD49yXwoRP6mLg8E37b4rlOC\nHj+NKK8+oq9k0iC7EhpYVvP9SChoEA8cbVTTTtmDAAAAAwEAAQAAAQEAk4X5sRub\n87B6OenUXLNKEupY6mEnR4epp+lRRHuVq9R75UlcOjiVf+HKqzMAWA3YOd2O6v7o\nysWQwye23kXKtMjeSnujDD/Y7cTGiaM5Pyr+07FizT8V815dgV9GIC+rQCNXkLrj\nQvoAAzj1A80GknuT4UaU3kD/PaxpWHrcCvIB0FpFRIItHcUrUUV4ShQ/72XXz1tI\nmaW7FNjE7CDoS9O9Ws98J349ylha1+u8WY+NuwUiVDWW587K3s1cB4/MgTWzqdcJ\nWe+fvB61yxGIyPFQl0zXoNbh1zQUgSXZAXcgP7Z7T+yIRRZ82MhUn39wPoa5r4ng\n9ES70jv40KD18QAAAIEApF8/J42yXS1zY8uryWjTAirpyuI/Emtzto7DXmnZSAIO\nKhjEW+lJqV58fy9DSGPJwj0hz/LUZ3P325vGAqZtRVkQoFTSHPPYBZypTJbJ8fkV\niKSsoweCZM/DQecSGii1IY6k9VtmPOaTpqX0DFqUDjR1FvYJRWcuQGfY4b6Hvg0A\nAACBAO/Nl+HjYKDCWn4ihJq1CDdeusGz0zvCN5y/ZoAzqsJ3xnbw1ardqvVPzXrm\n2kFxtYcgA6KrQsEoVTsPMhGOSMZ0zNHB/6YH50qtGUFbVxzHbOBrvzmROLlP3MJF\nBeRdAfe9MV08kuu1H0zSURig/6HGCyWC4ajbv373vlsW471nAAAAgQD8tjacwi5x\nHWnZY8/zyyTSkihmLOu+H+e/CXuRPTCNWWcVwNvwlw4KmoLtQp6TXr7rojQV4xaw\nfXXggZkoTKCTJiQJfM966aVNa30fOOiVwyTZz7MKYU1qsbs+jQPEfypSubaleXdc\nzltYWO5JoRK8YSk31HmgENxqV0FnP2wVhQAAAAAB\n-----END OPENSSH PRIVATE KEY-----\n",
            "private_key_pem": "-----BEGIN RSA PRIVATE KEY-----\nMIIEpAIBAAKCAQEA7LkQ1IuiRo5SbWpiGTIGIaZKXmjwC7on/M80TKaxlTsbJtt3\neqVZf4zvOGkTKWumPVZ910tNmLeZ3DmUGgEIuo9OnCMJFoU9wCBrmZ21udlzj+2w\nFhNM8xPGYeMJ1mQvYqNLJ4qv3kkniLZge5GYxkjf7OkPT9RCIdhnoQ2BMi1nZWg1\nzeJR3uDxjwkJTThSSOB+PymO0XOX37kS1oYEywXeHqAWep3614LFm6EmLomuFUmR\nehP2lt+e+qmsCjJZJdE1TUruJz9baDg3zDfmJ8w+Pcl8KET+pi4PBN+2+K5Tgh4/\njSivPqKvZNIguxIaWFbz/UgoaBAPHG1U007ZgwIDAQABAoIBAQCThfmxG5vzsHo5\n6dRcs0oS6ljqYSdHh6mn6VFEe5Wr1HvlSVw6OJV/4cqrMwBYDdg53Y7q/ujKxZDD\nJ7beRcq0yN5Ke6MMP9jtxMaJozk/Kv7TsWLNPxXzXl2BX0YgL6tAI1eQuuNC+gAD\nOPUDzQaSe5PhRpTeQP89rGlYetwK8gHQWkVEgi0dxStRRXhKFD/vZdfPW0iZpbsU\n2MTsIOhL071az3wnfj3KWFrX67xZj427BSJUNZbnzsrezVwHj8yBNbOp1wlZ75+8\nHrXLEYjI8VCXTNeg1uHXNBSBJdkBdyA/tntP7IhFFnzYyFSff3A+hrmvieD0RLvS\nO/jQoPXxAoGBAO/Nl+HjYKDCWn4ihJq1CDdeusGz0zvCN5y/ZoAzqsJ3xnbw1ard\nqvVPzXrm2kFxtYcgA6KrQsEoVTsPMhGOSMZ0zNHB/6YH50qtGUFbVxzHbOBrvzmR\nOLlP3MJFBeRdAfe9MV08kuu1H0zSURig/6HGCyWC4ajbv373vlsW471nAoGBAPy2\nNpzCLnEdadljz/PLJNKSKGYs674f578Je5E9MI1ZZxXA2/CXDgqagu1CnpNevuui\nNBXjFrB9deCBmShMoJMmJAl8z3rppU1rfR846JXDJNnPswphTWqxuz6NA8R/KlK5\ntqV5d1zOW1hY7kmhErxhKTfUeaAQ3GpXQWc/bBWFAoGAS39F1xc3/8TQqq+BYhem\nq5AGah+MXF8MFSxpP+mEVE9TS3UNQAsj3LGwNoZhpoL/LLiWjGswzBE/rCVflQlf\nviNdrJhQPVx1pBwVPG9eYLAkhg9GGACxhB4xmXQTo87oZK/Kz9jXRKA0Z4I7h+6A\nLNVmAvxOwVPV2Up0QsdVEfcCgYABqHhnQubnGxhMstj0corFTuww726EitUMbdV/\nuHUPGF0SyXcn9vXCoAzn3Z4IvYBnL2NEGX9WnRwe4vrMRuRu0rs9zLHXzpylC2WA\nxPDRurwNKc207bqCTrQ5ztcNfQAcFtfZ8hgUZc43oC3AEex7i++nTB+YK0Qm9neZ\nY9MjuQKBgQCkXz8njbJdLXNjy6vJaNMCKunK4j8Sa3O2jsNeadlIAg4qGMRb6Ump\nXnx/L0NIY8nCPSHP8tRnc/fbm8YCpm1FWRCgVNIc89gFnKlMlsnx+RWIpKyjB4Jk\nz8NB5xIaKLUhjqT1W2Y85pOmpfQMWpQONHUW9glFZy5AZ9jhvoe+DQ==\n-----END RSA PRIVATE KEY-----\n",
            "public_key_fingerprint_md5": "94:30:1a:92:bc:da:d2:1a:da:74:23:16:02:c2:a1:84",
            "public_key_fingerprint_sha256": "SHA256:WPxUSbL3kbNZXD2K4du2JTkKeBbrN3oCOnlSI2ZVJVo",
            "public_key_openssh": "ssh-rsa AAAAB3NzaC1yc2EAAAADAQABAAABAQDsuRDUi6JGjlJtamIZMgYhpkpeaPALuif8zzRMprGVOxsm23d6pVl/jO84aRMpa6Y9Vn3XS02Yt5ncOZQaAQi6j06cIwkWhT3AIGuZnbW52XOP7bAWE0zzE8Zh4wnWZC9io0sniq/eSSeItmB7kZjGSN/s6Q9P1EIh2GehDYEyLWdlaDXN4lHe4PGPCQlNOFJI4H4/KY7Rc5ffuRLWhgTLBd4eoBZ6nfrXgsWboSYuia4VSZF6E/aW3576qawKMlkl0TVNSu4nP1toODfMN+YnzD49yXwoRP6mLg8E37b4rlOCHj+NKK8+oq9k0iC7EhpYVvP9SChoEA8cbVTTTtmD\n",
            "public_key_pem": "-----BEGIN PUBLIC KEY-----\nMIIBIjANBgkqhkiG9w0BAQEFAAOCAQ8AMIIBCgKCAQEA7LkQ1IuiRo5SbWpiGTIG\nIaZKXmjwC7on/M80TKaxlTsbJtt3eqVZf4zvOGkTKWumPVZ910tNmLeZ3DmUGgEI\nuo9OnCMJFoU9wCBrmZ21udlzj+2wFhNM8xPGYeMJ1mQvYqNLJ4qv3kkniLZge5GY\nxkjf7OkPT9RCIdhnoQ2BMi1nZWg1zeJR3uDxjwkJTThSSOB+PymO0XOX37kS1oYE\nywXeHqAWep3614LFm6EmLomuFUmRehP2lt+e+qmsCjJZJdE1TUruJz9baDg3zDfm\nJ8w+Pcl8KET+pi4PBN+2+K5Tgh4/jSivPqKvZNIguxIaWFbz/UgoaBAPHG1U007Z\ngwIDAQAB\n-----END PUBLIC KEY-----\n",
            "rsa_bits": 2048
          },
          "sensitive_attributes": [],
          "private": "bnVsbA=="
        }
      ]
    },
    {
      "module": "module.eks",
      "mode": "data",
      "type": "aws_ami",
      "name": "eks_worker",
      "provider": "provider[\"registry.terraform.io/hashicorp/aws\"]",
      "instances": [
        {
          "index_key": 0,
          "schema_version": 0,
          "attributes": {
            "architecture": "x86_64",
            "arn": "arn:aws:ec2:us-east-2::image/ami-0a3ff7ea25e73f7de",
            "block_device_mappings": [
              {
                "device_name": "/dev/xvda",
                "ebs": {
                  "delete_on_termination": "true",
                  "encrypted": "false",
                  "iops": "0",
                  "snapshot_id": "snap-00e6b18ece3ae2258",
                  "throughput": "0",
                  "volume_size": "20",
                  "volume_type": "gp2"
                },
                "no_device": "",
                "virtual_name": ""
              }
            ],
            "boot_mode": "",
            "creation_date": "2023-02-18T18:45:23.000Z",
            "deprecation_time": "2025-02-18T18:45:23.000Z",
            "description": "EKS Kubernetes Worker AMI with AmazonLinux2 image, (k8s: 1.22.17, docker: 20.10.17-1.amzn2.0.1, containerd: 1.6.6-1.amzn2.0.2)",
            "ena_support": true,
            "executable_users": null,
            "filter": [
              {
                "name": "name",
                "values": [
                  "amazon-eks-node-1.22-v*"
                ]
              }
            ],
            "hypervisor": "xen",
            "id": "ami-0a3ff7ea25e73f7de",
            "image_id": "ami-0a3ff7ea25e73f7de",
            "image_location": "amazon/amazon-eks-node-1.22-v20230217",
            "image_owner_alias": "amazon",
            "image_type": "machine",
            "kernel_id": "",
            "most_recent": true,
            "name": "amazon-eks-node-1.22-v20230217",
            "name_regex": null,
            "owner_id": "602401143452",
            "owners": [
              "amazon"
            ],
            "platform": "",
            "platform_details": "Linux/UNIX",
            "product_codes": [],
            "public": true,
            "ramdisk_id": "",
            "root_device_name": "/dev/xvda",
            "root_device_type": "ebs",
            "root_snapshot_id": "snap-00e6b18ece3ae2258",
            "sriov_net_support": "simple",
            "state": "available",
            "state_reason": {
              "code": "UNSET",
              "message": "UNSET"
            },
            "tags": {},
            "tpm_support": "",
            "usage_operation": "RunInstances",
            "virtualization_type": "hvm"
          },
          "sensitive_attributes": []
        }
      ]
    },
    {
      "module": "module.eks",
      "mode": "data",
      "type": "aws_caller_identity",
      "name": "current",
      "provider": "provider[\"registry.terraform.io/hashicorp/aws\"]",
      "instances": [
        {
          "schema_version": 0,
          "attributes": {
            "account_id": "865587657226",
            "arn": "arn:aws:sts::865587657226:assumed-role/aws_jbroadbent_test-developer/jbroadbent@hashicorp.com",
            "id": "865587657226",
            "user_id": "AROA4TCILPIFDDRQ6T3VY:jbroadbent@hashicorp.com"
          },
          "sensitive_attributes": []
        }
      ]
    },
    {
      "module": "module.eks",
      "mode": "data",
      "type": "aws_iam_policy_document",
      "name": "cluster_assume_role_policy",
      "provider": "provider[\"registry.terraform.io/hashicorp/aws\"]",
      "instances": [
        {
          "schema_version": 0,
          "attributes": {
            "id": "2764486067",
            "json": "{\n  \"Version\": \"2012-10-17\",\n  \"Statement\": [\n    {\n      \"Sid\": \"EKSClusterAssumeRole\",\n      \"Effect\": \"Allow\",\n      \"Action\": \"sts:AssumeRole\",\n      \"Principal\": {\n        \"Service\": \"eks.amazonaws.com\"\n      }\n    }\n  ]\n}",
            "override_json": null,
            "override_policy_documents": null,
            "policy_id": null,
            "source_json": null,
            "source_policy_documents": null,
            "statement": [
              {
                "actions": [
                  "sts:AssumeRole"
                ],
                "condition": [],
                "effect": "Allow",
                "not_actions": [],
                "not_principals": [],
                "not_resources": [],
                "principals": [
                  {
                    "identifiers": [
                      "eks.amazonaws.com"
                    ],
                    "type": "Service"
                  }
                ],
                "resources": [],
                "sid": "EKSClusterAssumeRole"
              }
            ],
            "version": "2012-10-17"
          },
          "sensitive_attributes": []
        }
      ]
    },
    {
      "module": "module.eks",
      "mode": "data",
      "type": "aws_iam_policy_document",
      "name": "cluster_deny_log_group",
      "provider": "provider[\"registry.terraform.io/hashicorp/aws\"]",
      "instances": [
        {
          "index_key": 0,
          "schema_version": 0,
          "attributes": {
            "id": "2675893060",
            "json": "{\n  \"Version\": \"2012-10-17\",\n  \"Statement\": [\n    {\n      \"Sid\": \"\",\n      \"Effect\": \"Deny\",\n      \"Action\": \"logs:CreateLogGroup\",\n      \"Resource\": \"*\"\n    }\n  ]\n}",
            "override_json": null,
            "override_policy_documents": null,
            "policy_id": null,
            "source_json": null,
            "source_policy_documents": null,
            "statement": [
              {
                "actions": [
                  "logs:CreateLogGroup"
                ],
                "condition": [],
                "effect": "Deny",
                "not_actions": [],
                "not_principals": [],
                "not_resources": [],
                "principals": [],
                "resources": [
                  "*"
                ],
                "sid": ""
              }
            ],
            "version": "2012-10-17"
          },
          "sensitive_attributes": []
        }
      ]
    },
    {
      "module": "module.eks",
      "mode": "data",
      "type": "aws_iam_policy_document",
      "name": "cluster_elb_sl_role_creation",
      "provider": "provider[\"registry.terraform.io/hashicorp/aws\"]",
      "instances": [
        {
          "index_key": 0,
          "schema_version": 0,
          "attributes": {
            "id": "3709839417",
            "json": "{\n  \"Version\": \"2012-10-17\",\n  \"Statement\": [\n    {\n      \"Sid\": \"\",\n      \"Effect\": \"Allow\",\n      \"Action\": [\n        \"ec2:DescribeInternetGateways\",\n        \"ec2:DescribeAddresses\",\n        \"ec2:DescribeAccountAttributes\"\n      ],\n      \"Resource\": \"*\"\n    }\n  ]\n}",
            "override_json": null,
            "override_policy_documents": null,
            "policy_id": null,
            "source_json": null,
            "source_policy_documents": null,
            "statement": [
              {
                "actions": [
                  "ec2:DescribeAccountAttributes",
                  "ec2:DescribeAddresses",
                  "ec2:DescribeInternetGateways"
                ],
                "condition": [],
                "effect": "Allow",
                "not_actions": [],
                "not_principals": [],
                "not_resources": [],
                "principals": [],
                "resources": [
                  "*"
                ],
                "sid": ""
              }
            ],
            "version": "2012-10-17"
          },
          "sensitive_attributes": []
        }
      ]
    },
    {
      "module": "module.eks",
      "mode": "data",
      "type": "aws_iam_policy_document",
      "name": "workers_assume_role_policy",
      "provider": "provider[\"registry.terraform.io/hashicorp/aws\"]",
      "instances": [
        {
          "schema_version": 0,
          "attributes": {
            "id": "3778018924",
            "json": "{\n  \"Version\": \"2012-10-17\",\n  \"Statement\": [\n    {\n      \"Sid\": \"EKSWorkerAssumeRole\",\n      \"Effect\": \"Allow\",\n      \"Action\": \"sts:AssumeRole\",\n      \"Principal\": {\n        \"Service\": \"ec2.amazonaws.com\"\n      }\n    }\n  ]\n}",
            "override_json": null,
            "override_policy_documents": null,
            "policy_id": null,
            "source_json": null,
            "source_policy_documents": null,
            "statement": [
              {
                "actions": [
                  "sts:AssumeRole"
                ],
                "condition": [],
                "effect": "Allow",
                "not_actions": [],
                "not_principals": [],
                "not_resources": [],
                "principals": [
                  {
                    "identifiers": [
                      "ec2.amazonaws.com"
                    ],
                    "type": "Service"
                  }
                ],
                "resources": [],
                "sid": "EKSWorkerAssumeRole"
              }
            ],
            "version": "2012-10-17"
          },
          "sensitive_attributes": []
        }
      ]
    },
    {
      "module": "module.eks",
      "mode": "data",
      "type": "aws_partition",
      "name": "current",
      "provider": "provider[\"registry.terraform.io/hashicorp/aws\"]",
      "instances": [
        {
          "schema_version": 0,
          "attributes": {
            "dns_suffix": "amazonaws.com",
            "id": "aws",
            "partition": "aws",
            "reverse_dns_prefix": "com.amazonaws"
          },
          "sensitive_attributes": []
        }
      ]
    },
    {
      "module": "module.eks",
      "mode": "data",
      "type": "http",
      "name": "wait_for_cluster",
      "provider": "provider[\"registry.terraform.io/terraform-aws-modules/http\"]",
      "instances": [
        {
          "index_key": 0,
          "schema_version": 0,
          "attributes": {
            "body": "ok",
            "ca_certificate": "-----BEGIN CERTIFICATE-----\nMIIC/jCCAeagAwIBAgIBADANBgkqhkiG9w0BAQsFADAVMRMwEQYDVQQDEwprdWJl\ncm5ldGVzMB4XDTIzMDIyNDEyMDEzNloXDTMzMDIyMTEyMDEzNlowFTETMBEGA1UE\nAxMKa3ViZXJuZXRlczCCASIwDQYJKoZIhvcNAQEBBQADggEPADCCAQoCggEBAK2S\n8e8dtvyB2rkO/56AAV1Cub395xtwoRELjnubtvjipIArTFH4EDt9LYUX93Vt7yN4\nBvJwOlBdvFKikE+jhUIQLNtuL3Fh2mmQV80RyTxkq29EziMQmRoPELAIwbgDyVjx\nfbOuqRwG7VimbNBR69y7PpJnUFPYc3pN8cc7E+JQAdXgF82pV8WU3yMeXcstR3h4\nbfs7wVjCCYN3VwsQcJPTQXDDJww8hqGkhz7Ono/cqiqOgZBV1+wuJ1Vlj9sIYhXm\nlLIQDC3ljXDXCqd3XFMJM0S6QoInT5EfC+FHqwp1fVHPBP5ZlxSxBioMvABW7qbJ\nRuM3vNHfEm2RgZu9v+sCAwEAAaNZMFcwDgYDVR0PAQH/BAQDAgKkMA8GA1UdEwEB\n/wQFMAMBAf8wHQYDVR0OBBYEFIwhFLmUR7IcSwOsTyl0t2qNPE5FMBUGA1UdEQQO\nMAyCCmt1YmVybmV0ZXMwDQYJKoZIhvcNAQELBQADggEBAB37Ged4HQXu0IjX0JlT\n31WEZNr083Z1EE84Nx/lPLau98mNzedBQXmn66GSSSRkSqw5wMKOaVoX/3ZlVmyl\neBKz+2Rd1euA3PVk0ZCtriLjLDwbtlVpCZqyh9A4fluh3ZjU/f/A48odl786ClSH\nxiW99L/cri8rgdNdynO0yjrF3xShXTwmera+VQAYXKXHD+iPXgAtsFD75zRBXRFd\n/ZqxqqWvzYPYZEhOxdrfb6FKiCCIrLHg1yBZZP9tO3Fsk5UEam48RSZCYfcQ7421\nUt9fLC2/s3Fn2EsOOy6k11tpxdKaL6gUd6AeX+lJ5e3VUy87hICaD8z3/PQjZHc3\naWE=\n-----END CERTIFICATE-----\n",
            "id": "https://0FB5C00B0DAFD205878FE73D42C12CB3.gr7.us-east-2.eks.amazonaws.com/healthz",
            "insecure": false,
            "request_headers": null,
            "response_headers": {
              "Audit-Id": "4cae1925-3164-4ea7-84ae-95c114c28f0e",
              "Cache-Control": "no-cache, private",
              "Content-Length": "2",
              "Content-Type": "text/plain; charset=utf-8",
              "Date": "Fri, 24 Feb 2023 12:05:50 GMT",
              "X-Content-Type-Options": "nosniff",
              "X-Kubernetes-Pf-Flowschema-Uid": "0017a283-9870-41f4-b258-914b149d31c7",
              "X-Kubernetes-Pf-Prioritylevel-Uid": "1d2b1530-05c0-4b77-942d-492358d3cba1"
            },
            "timeout": 300,
            "url": "https://0FB5C00B0DAFD205878FE73D42C12CB3.gr7.us-east-2.eks.amazonaws.com/healthz"
          },
          "sensitive_attributes": []
        }
      ]
    },
    {
      "module": "module.eks",
      "mode": "managed",
      "type": "aws_autoscaling_group",
      "name": "workers",
      "provider": "provider[\"registry.terraform.io/hashicorp/aws\"]",
      "instances": [
        {
          "index_key": 0,
          "schema_version": 0,
          "attributes": {
            "arn": "arn:aws:autoscaling:us-east-2:865587657226:autoScalingGroup:8727e38c-c436-430a-b4e7-5a0885beadad:autoScalingGroupName/jasonb3-eks-NRUg9y2v-jaseb-group-120230224120601029600000013",
            "availability_zones": [
              "us-east-2a",
              "us-east-2b",
              "us-east-2c"
            ],
            "capacity_rebalance": false,
            "context": "",
            "default_cooldown": 300,
            "desired_capacity": 2,
            "enabled_metrics": null,
            "force_delete": false,
            "force_delete_warm_pool": false,
            "health_check_grace_period": 300,
            "health_check_type": "EC2",
            "id": "jasonb3-eks-NRUg9y2v-jaseb-group-120230224120601029600000013",
            "initial_lifecycle_hook": [],
            "instance_refresh": [],
            "launch_configuration": "jasonb3-eks-NRUg9y2v-jaseb-group-120230224120549844600000012",
            "launch_template": [],
            "load_balancers": null,
            "max_instance_lifetime": 0,
            "max_size": 3,
            "metrics_granularity": "1Minute",
            "min_elb_capacity": null,
            "min_size": 1,
            "mixed_instances_policy": [],
            "name": "jasonb3-eks-NRUg9y2v-jaseb-group-120230224120601029600000013",
            "name_prefix": "jasonb3-eks-NRUg9y2v-jaseb-group-1",
            "placement_group": "",
            "protect_from_scale_in": false,
            "service_linked_role_arn": "arn:aws:iam::865587657226:role/aws-service-role/autoscaling.amazonaws.com/AWSServiceRoleForAutoScaling",
            "suspended_processes": [
              "AZRebalance"
            ],
            "tag": [
              {
                "key": "Name",
                "propagate_at_launch": true,
                "value": "jasonb3-eks-NRUg9y2v-jaseb-group-1-eks_asg"
              },
              {
                "key": "k8s.io/cluster/jasonb3-eks-NRUg9y2v",
                "propagate_at_launch": true,
                "value": "owned"
              },
              {
                "key": "kubernetes.io/cluster/jasonb3-eks-NRUg9y2v",
                "propagate_at_launch": true,
                "value": "owned"
              }
            ],
            "tags": null,
            "target_group_arns": null,
            "termination_policies": [],
            "timeouts": null,
            "vpc_zone_identifier": [
              "subnet-0533174e0708a05bb",
              "subnet-0941fb936240f4291",
              "subnet-0b209720323343196"
            ],
            "wait_for_capacity_timeout": "10m",
            "wait_for_elb_capacity": null,
            "warm_pool": []
          },
          "sensitive_attributes": [],
          "private": "eyJlMmJmYjczMC1lY2FhLTExZTYtOGY4OC0zNDM2M2JjN2M0YzAiOnsiZGVsZXRlIjo2MDAwMDAwMDAwMDAsInVwZGF0ZSI6NjAwMDAwMDAwMDAwfX0=",
          "dependencies": [
            "aws_security_group.worker_group_mgmt_one",
            "aws_security_group.worker_group_mgmt_two",
            "data.aws_availability_zones.available",
            "module.eks.aws_cloudwatch_log_group.this",
            "module.eks.aws_eks_cluster.this",
            "module.eks.aws_iam_instance_profile.workers",
            "module.eks.aws_iam_role.cluster",
            "module.eks.aws_iam_role.workers",
            "module.eks.aws_iam_role_policy_attachment.cluster_AmazonEKSClusterPolicy",
            "module.eks.aws_iam_role_policy_attachment.cluster_AmazonEKSServicePolicy",
            "module.eks.aws_iam_role_policy_attachment.cluster_AmazonEKSVPCResourceControllerPolicy",
            "module.eks.aws_iam_role_policy_attachment.workers_AmazonEC2ContainerRegistryReadOnly",
            "module.eks.aws_iam_role_policy_attachment.workers_AmazonEKSWorkerNodePolicy",
            "module.eks.aws_iam_role_policy_attachment.workers_AmazonEKS_CNI_Policy",
            "module.eks.aws_iam_role_policy_attachment.workers_additional_policies",
            "module.eks.aws_launch_configuration.workers",
            "module.eks.aws_security_group.cluster",
            "module.eks.aws_security_group.workers",
            "module.eks.aws_security_group_rule.cluster_egress_internet",
            "module.eks.aws_security_group_rule.cluster_https_worker_ingress",
            "module.eks.aws_security_group_rule.cluster_primary_ingress_workers",
            "module.eks.aws_security_group_rule.workers_egress_internet",
            "module.eks.aws_security_group_rule.workers_ingress_cluster",
            "module.eks.aws_security_group_rule.workers_ingress_cluster_https",
            "module.eks.aws_security_group_rule.workers_ingress_cluster_kubelet",
            "module.eks.aws_security_group_rule.workers_ingress_cluster_primary",
            "module.eks.aws_security_group_rule.workers_ingress_self",
            "module.eks.data.aws_ami.eks_worker",
            "module.eks.data.aws_ami.eks_worker_windows",
            "module.eks.data.aws_iam_instance_profile.custom_worker_group_iam_instance_profile",
            "module.eks.data.aws_iam_policy_document.cluster_assume_role_policy",
            "module.eks.data.aws_iam_policy_document.workers_assume_role_policy",
            "module.eks.data.aws_iam_role.custom_cluster_iam_role",
            "module.eks.data.aws_partition.current",
            "module.vpc.aws_subnet.private",
            "module.vpc.aws_vpc.this",
            "module.vpc.aws_vpc_ipv4_cidr_block_association.this",
            "random_string.suffix"
          ],
          "create_before_destroy": true
        },
        {
          "index_key": 0,
          "deposed": "219130b0",
          "schema_version": 0,
          "attributes": {
            "arn": "arn:aws:autoscaling:us-east-2:865587657226:autoScalingGroup:20914d58-2ace-446f-ae41-06c1894abc61:autoScalingGroupName/jasonb2-eks-NRUg9y2v-jaseb-group-120230224104652526300000019",
            "availability_zones": [
              "us-east-2a",
              "us-east-2b",
              "us-east-2c"
            ],
            "capacity_rebalance": false,
            "context": "",
            "default_cooldown": 300,
            "desired_capacity": 2,
            "enabled_metrics": [],
            "force_delete": false,
            "force_delete_warm_pool": false,
            "health_check_grace_period": 300,
            "health_check_type": "EC2",
            "id": "jasonb2-eks-NRUg9y2v-jaseb-group-120230224104652526300000019",
            "initial_lifecycle_hook": [],
            "instance_refresh": [],
            "launch_configuration": "jasonb2-eks-NRUg9y2v-jaseb-group-120230224104640829100000017",
            "launch_template": [],
            "load_balancers": [],
            "max_instance_lifetime": 0,
            "max_size": 3,
            "metrics_granularity": "1Minute",
            "min_elb_capacity": null,
            "min_size": 1,
            "mixed_instances_policy": [],
            "name": "jasonb2-eks-NRUg9y2v-jaseb-group-120230224104652526300000019",
            "name_prefix": "jasonb2-eks-NRUg9y2v-jaseb-group-1",
            "placement_group": "",
            "protect_from_scale_in": false,
            "service_linked_role_arn": "arn:aws:iam::865587657226:role/aws-service-role/autoscaling.amazonaws.com/AWSServiceRoleForAutoScaling",
            "suspended_processes": [
              "AZRebalance"
            ],
            "tag": [
              {
                "key": "Name",
                "propagate_at_launch": true,
                "value": "jasonb2-eks-NRUg9y2v-jaseb-group-1-eks_asg"
              },
              {
                "key": "k8s.io/cluster/jasonb2-eks-NRUg9y2v",
                "propagate_at_launch": true,
                "value": "owned"
              },
              {
                "key": "kubernetes.io/cluster/jasonb2-eks-NRUg9y2v",
                "propagate_at_launch": true,
                "value": "owned"
              }
            ],
            "tags": null,
            "target_group_arns": [],
            "termination_policies": [],
            "timeouts": null,
            "vpc_zone_identifier": [
              "subnet-0533174e0708a05bb",
              "subnet-0941fb936240f4291",
              "subnet-0b209720323343196"
            ],
            "wait_for_capacity_timeout": "10m",
            "wait_for_elb_capacity": null,
            "warm_pool": []
          },
          "sensitive_attributes": [],
          "private": "eyJlMmJmYjczMC1lY2FhLTExZTYtOGY4OC0zNDM2M2JjN2M0YzAiOnsiZGVsZXRlIjo2MDAwMDAwMDAwMDAsInVwZGF0ZSI6NjAwMDAwMDAwMDAwfX0=",
          "dependencies": [
            "aws_security_group.worker_group_mgmt_one",
            "aws_security_group.worker_group_mgmt_two",
            "data.aws_availability_zones.available",
            "module.eks.aws_cloudwatch_log_group.this",
            "module.eks.aws_eks_cluster.this",
            "module.eks.aws_iam_instance_profile.workers",
            "module.eks.aws_iam_role.cluster",
            "module.eks.aws_iam_role.workers",
            "module.eks.aws_iam_role_policy_attachment.cluster_AmazonEKSClusterPolicy",
            "module.eks.aws_iam_role_policy_attachment.cluster_AmazonEKSServicePolicy",
            "module.eks.aws_iam_role_policy_attachment.cluster_AmazonEKSVPCResourceControllerPolicy",
            "module.eks.aws_iam_role_policy_attachment.workers_AmazonEC2ContainerRegistryReadOnly",
            "module.eks.aws_iam_role_policy_attachment.workers_AmazonEKSWorkerNodePolicy",
            "module.eks.aws_iam_role_policy_attachment.workers_AmazonEKS_CNI_Policy",
            "module.eks.aws_iam_role_policy_attachment.workers_additional_policies",
            "module.eks.aws_launch_configuration.workers",
            "module.eks.aws_security_group.cluster",
            "module.eks.aws_security_group.workers",
            "module.eks.aws_security_group_rule.cluster_egress_internet",
            "module.eks.aws_security_group_rule.cluster_https_worker_ingress",
            "module.eks.aws_security_group_rule.cluster_primary_ingress_workers",
            "module.eks.aws_security_group_rule.workers_egress_internet",
            "module.eks.aws_security_group_rule.workers_ingress_cluster",
            "module.eks.aws_security_group_rule.workers_ingress_cluster_https",
            "module.eks.aws_security_group_rule.workers_ingress_cluster_kubelet",
            "module.eks.aws_security_group_rule.workers_ingress_cluster_primary",
            "module.eks.aws_security_group_rule.workers_ingress_self",
            "module.eks.data.aws_ami.eks_worker",
            "module.eks.data.aws_ami.eks_worker_windows",
            "module.eks.data.aws_iam_instance_profile.custom_worker_group_iam_instance_profile",
            "module.eks.data.aws_iam_policy_document.cluster_assume_role_policy",
            "module.eks.data.aws_iam_policy_document.workers_assume_role_policy",
            "module.eks.data.aws_iam_role.custom_cluster_iam_role",
            "module.eks.data.aws_partition.current",
            "module.vpc.aws_subnet.private",
            "module.vpc.aws_vpc.this",
            "module.vpc.aws_vpc_ipv4_cidr_block_association.this",
            "random_string.suffix"
          ],
          "create_before_destroy": true
        },
        {
          "index_key": 1,
          "schema_version": 0,
          "attributes": {
            "arn": "arn:aws:autoscaling:us-east-2:865587657226:autoScalingGroup:4fc66f9d-a0a8-4a01-8641-d9e9f0fe7b6d:autoScalingGroupName/jasonb3-eks-NRUg9y2v-jaseb-group-220230224120601029600000014",
            "availability_zones": [
              "us-east-2a",
              "us-east-2b",
              "us-east-2c"
            ],
            "capacity_rebalance": false,
            "context": "",
            "default_cooldown": 300,
            "desired_capacity": 1,
            "enabled_metrics": null,
            "force_delete": false,
            "force_delete_warm_pool": false,
            "health_check_grace_period": 300,
            "health_check_type": "EC2",
            "id": "jasonb3-eks-NRUg9y2v-jaseb-group-220230224120601029600000014",
            "initial_lifecycle_hook": [],
            "instance_refresh": [],
            "launch_configuration": "jasonb3-eks-NRUg9y2v-jaseb-group-220230224120549844500000011",
            "launch_template": [],
            "load_balancers": null,
            "max_instance_lifetime": 0,
            "max_size": 3,
            "metrics_granularity": "1Minute",
            "min_elb_capacity": null,
            "min_size": 1,
            "mixed_instances_policy": [],
            "name": "jasonb3-eks-NRUg9y2v-jaseb-group-220230224120601029600000014",
            "name_prefix": "jasonb3-eks-NRUg9y2v-jaseb-group-2",
            "placement_group": "",
            "protect_from_scale_in": false,
            "service_linked_role_arn": "arn:aws:iam::865587657226:role/aws-service-role/autoscaling.amazonaws.com/AWSServiceRoleForAutoScaling",
            "suspended_processes": [
              "AZRebalance"
            ],
            "tag": [
              {
                "key": "Name",
                "propagate_at_launch": true,
                "value": "jasonb3-eks-NRUg9y2v-jaseb-group-2-eks_asg"
              },
              {
                "key": "k8s.io/cluster/jasonb3-eks-NRUg9y2v",
                "propagate_at_launch": true,
                "value": "owned"
              },
              {
                "key": "kubernetes.io/cluster/jasonb3-eks-NRUg9y2v",
                "propagate_at_launch": true,
                "value": "owned"
              }
            ],
            "tags": null,
            "target_group_arns": null,
            "termination_policies": [],
            "timeouts": null,
            "vpc_zone_identifier": [
              "subnet-0533174e0708a05bb",
              "subnet-0941fb936240f4291",
              "subnet-0b209720323343196"
            ],
            "wait_for_capacity_timeout": "10m",
            "wait_for_elb_capacity": null,
            "warm_pool": []
          },
          "sensitive_attributes": [],
          "private": "eyJlMmJmYjczMC1lY2FhLTExZTYtOGY4OC0zNDM2M2JjN2M0YzAiOnsiZGVsZXRlIjo2MDAwMDAwMDAwMDAsInVwZGF0ZSI6NjAwMDAwMDAwMDAwfX0=",
          "dependencies": [
            "aws_security_group.worker_group_mgmt_one",
            "aws_security_group.worker_group_mgmt_two",
            "data.aws_availability_zones.available",
            "module.eks.aws_cloudwatch_log_group.this",
            "module.eks.aws_eks_cluster.this",
            "module.eks.aws_iam_instance_profile.workers",
            "module.eks.aws_iam_role.cluster",
            "module.eks.aws_iam_role.workers",
            "module.eks.aws_iam_role_policy_attachment.cluster_AmazonEKSClusterPolicy",
            "module.eks.aws_iam_role_policy_attachment.cluster_AmazonEKSServicePolicy",
            "module.eks.aws_iam_role_policy_attachment.cluster_AmazonEKSVPCResourceControllerPolicy",
            "module.eks.aws_iam_role_policy_attachment.workers_AmazonEC2ContainerRegistryReadOnly",
            "module.eks.aws_iam_role_policy_attachment.workers_AmazonEKSWorkerNodePolicy",
            "module.eks.aws_iam_role_policy_attachment.workers_AmazonEKS_CNI_Policy",
            "module.eks.aws_iam_role_policy_attachment.workers_additional_policies",
            "module.eks.aws_launch_configuration.workers",
            "module.eks.aws_security_group.cluster",
            "module.eks.aws_security_group.workers",
            "module.eks.aws_security_group_rule.cluster_egress_internet",
            "module.eks.aws_security_group_rule.cluster_https_worker_ingress",
            "module.eks.aws_security_group_rule.cluster_primary_ingress_workers",
            "module.eks.aws_security_group_rule.workers_egress_internet",
            "module.eks.aws_security_group_rule.workers_ingress_cluster",
            "module.eks.aws_security_group_rule.workers_ingress_cluster_https",
            "module.eks.aws_security_group_rule.workers_ingress_cluster_kubelet",
            "module.eks.aws_security_group_rule.workers_ingress_cluster_primary",
            "module.eks.aws_security_group_rule.workers_ingress_self",
            "module.eks.data.aws_ami.eks_worker",
            "module.eks.data.aws_ami.eks_worker_windows",
            "module.eks.data.aws_iam_instance_profile.custom_worker_group_iam_instance_profile",
            "module.eks.data.aws_iam_policy_document.cluster_assume_role_policy",
            "module.eks.data.aws_iam_policy_document.workers_assume_role_policy",
            "module.eks.data.aws_iam_role.custom_cluster_iam_role",
            "module.eks.data.aws_partition.current",
            "module.vpc.aws_subnet.private",
            "module.vpc.aws_vpc.this",
            "module.vpc.aws_vpc_ipv4_cidr_block_association.this",
            "random_string.suffix"
          ],
          "create_before_destroy": true
        },
        {
          "index_key": 1,
          "deposed": "159e5121",
          "schema_version": 0,
          "attributes": {
            "arn": "arn:aws:autoscaling:us-east-2:865587657226:autoScalingGroup:c0907898-08ab-4b9f-999c-1b6c3181ef31:autoScalingGroupName/jasonb2-eks-NRUg9y2v-jaseb-group-220230224104652526300000018",
            "availability_zones": [
              "us-east-2a",
              "us-east-2b",
              "us-east-2c"
            ],
            "capacity_rebalance": false,
            "context": "",
            "default_cooldown": 300,
            "desired_capacity": 1,
            "enabled_metrics": [],
            "force_delete": false,
            "force_delete_warm_pool": false,
            "health_check_grace_period": 300,
            "health_check_type": "EC2",
            "id": "jasonb2-eks-NRUg9y2v-jaseb-group-220230224104652526300000018",
            "initial_lifecycle_hook": [],
            "instance_refresh": [],
            "launch_configuration": "jasonb2-eks-NRUg9y2v-jaseb-group-220230224104640829100000016",
            "launch_template": [],
            "load_balancers": [],
            "max_instance_lifetime": 0,
            "max_size": 3,
            "metrics_granularity": "1Minute",
            "min_elb_capacity": null,
            "min_size": 1,
            "mixed_instances_policy": [],
            "name": "jasonb2-eks-NRUg9y2v-jaseb-group-220230224104652526300000018",
            "name_prefix": "jasonb2-eks-NRUg9y2v-jaseb-group-2",
            "placement_group": "",
            "protect_from_scale_in": false,
            "service_linked_role_arn": "arn:aws:iam::865587657226:role/aws-service-role/autoscaling.amazonaws.com/AWSServiceRoleForAutoScaling",
            "suspended_processes": [
              "AZRebalance"
            ],
            "tag": [
              {
                "key": "Name",
                "propagate_at_launch": true,
                "value": "jasonb2-eks-NRUg9y2v-jaseb-group-2-eks_asg"
              },
              {
                "key": "k8s.io/cluster/jasonb2-eks-NRUg9y2v",
                "propagate_at_launch": true,
                "value": "owned"
              },
              {
                "key": "kubernetes.io/cluster/jasonb2-eks-NRUg9y2v",
                "propagate_at_launch": true,
                "value": "owned"
              }
            ],
            "tags": null,
            "target_group_arns": [],
            "termination_policies": [],
            "timeouts": null,
            "vpc_zone_identifier": [
              "subnet-0533174e0708a05bb",
              "subnet-0941fb936240f4291",
              "subnet-0b209720323343196"
            ],
            "wait_for_capacity_timeout": "10m",
            "wait_for_elb_capacity": null,
            "warm_pool": []
          },
          "sensitive_attributes": [],
          "private": "eyJlMmJmYjczMC1lY2FhLTExZTYtOGY4OC0zNDM2M2JjN2M0YzAiOnsiZGVsZXRlIjo2MDAwMDAwMDAwMDAsInVwZGF0ZSI6NjAwMDAwMDAwMDAwfX0=",
          "dependencies": [
            "aws_security_group.worker_group_mgmt_one",
            "aws_security_group.worker_group_mgmt_two",
            "data.aws_availability_zones.available",
            "module.eks.aws_cloudwatch_log_group.this",
            "module.eks.aws_eks_cluster.this",
            "module.eks.aws_iam_instance_profile.workers",
            "module.eks.aws_iam_role.cluster",
            "module.eks.aws_iam_role.workers",
            "module.eks.aws_iam_role_policy_attachment.cluster_AmazonEKSClusterPolicy",
            "module.eks.aws_iam_role_policy_attachment.cluster_AmazonEKSServicePolicy",
            "module.eks.aws_iam_role_policy_attachment.cluster_AmazonEKSVPCResourceControllerPolicy",
            "module.eks.aws_iam_role_policy_attachment.workers_AmazonEC2ContainerRegistryReadOnly",
            "module.eks.aws_iam_role_policy_attachment.workers_AmazonEKSWorkerNodePolicy",
            "module.eks.aws_iam_role_policy_attachment.workers_AmazonEKS_CNI_Policy",
            "module.eks.aws_iam_role_policy_attachment.workers_additional_policies",
            "module.eks.aws_launch_configuration.workers",
            "module.eks.aws_security_group.cluster",
            "module.eks.aws_security_group.workers",
            "module.eks.aws_security_group_rule.cluster_egress_internet",
            "module.eks.aws_security_group_rule.cluster_https_worker_ingress",
            "module.eks.aws_security_group_rule.cluster_primary_ingress_workers",
            "module.eks.aws_security_group_rule.workers_egress_internet",
            "module.eks.aws_security_group_rule.workers_ingress_cluster",
            "module.eks.aws_security_group_rule.workers_ingress_cluster_https",
            "module.eks.aws_security_group_rule.workers_ingress_cluster_kubelet",
            "module.eks.aws_security_group_rule.workers_ingress_cluster_primary",
            "module.eks.aws_security_group_rule.workers_ingress_self",
            "module.eks.data.aws_ami.eks_worker",
            "module.eks.data.aws_ami.eks_worker_windows",
            "module.eks.data.aws_iam_instance_profile.custom_worker_group_iam_instance_profile",
            "module.eks.data.aws_iam_policy_document.cluster_assume_role_policy",
            "module.eks.data.aws_iam_policy_document.workers_assume_role_policy",
            "module.eks.data.aws_iam_role.custom_cluster_iam_role",
            "module.eks.data.aws_partition.current",
            "module.vpc.aws_subnet.private",
            "module.vpc.aws_vpc.this",
            "module.vpc.aws_vpc_ipv4_cidr_block_association.this",
            "random_string.suffix"
          ],
          "create_before_destroy": true
        }
      ]
    },
    {
      "module": "module.eks",
      "mode": "managed",
      "type": "aws_eks_cluster",
      "name": "this",
      "provider": "provider[\"registry.terraform.io/hashicorp/aws\"]",
      "instances": [
        {
          "index_key": 0,
          "schema_version": 0,
          "attributes": {
            "arn": "arn:aws:eks:us-east-2:865587657226:cluster/jasonb3-eks-NRUg9y2v",
            "certificate_authority": [
              {
                "data": "LS0tLS1CRUdJTiBDRVJUSUZJQ0FURS0tLS0tCk1JSUMvakNDQWVhZ0F3SUJBZ0lCQURBTkJna3Foa2lHOXcwQkFRc0ZBREFWTVJNd0VRWURWUVFERXdwcmRXSmwKY201bGRHVnpNQjRYRFRJek1ESXlOREV5TURFek5sb1hEVE16TURJeU1URXlNREV6Tmxvd0ZURVRNQkVHQTFVRQpBeE1LYTNWaVpYSnVaWFJsY3pDQ0FTSXdEUVlKS29aSWh2Y05BUUVCQlFBRGdnRVBBRENDQVFvQ2dnRUJBSzJTCjhlOGR0dnlCMnJrTy81NkFBVjFDdWIzOTV4dHdvUkVMam51YnR2amlwSUFyVEZINEVEdDlMWVVYOTNWdDd5TjQKQnZKd09sQmR2Rktpa0UramhVSVFMTnR1TDNGaDJtbVFWODBSeVR4a3EyOUV6aU1RbVJvUEVMQUl3YmdEeVZqeApmYk91cVJ3RzdWaW1iTkJSNjl5N1BwSm5VRlBZYzNwTjhjYzdFK0pRQWRYZ0Y4MnBWOFdVM3lNZVhjc3RSM2g0CmJmczd3VmpDQ1lOM1Z3c1FjSlBUUVhEREp3dzhocUdraHo3T25vL2NxaXFPZ1pCVjErd3VKMVZsajlzSVloWG0KbExJUURDM2xqWERYQ3FkM1hGTUpNMFM2UW9JblQ1RWZDK0ZIcXdwMWZWSFBCUDVabHhTeEJpb012QUJXN3FiSgpSdU0zdk5IZkVtMlJnWnU5ditzQ0F3RUFBYU5aTUZjd0RnWURWUjBQQVFIL0JBUURBZ0trTUE4R0ExVWRFd0VCCi93UUZNQU1CQWY4d0hRWURWUjBPQkJZRUZJd2hGTG1VUjdJY1N3T3NUeWwwdDJxTlBFNUZNQlVHQTFVZEVRUU8KTUF5Q0NtdDFZbVZ5Ym1WMFpYTXdEUVlKS29aSWh2Y05BUUVMQlFBRGdnRUJBQjM3R2VkNEhRWHUwSWpYMEpsVAozMVdFWk5yMDgzWjFFRTg0TngvbFBMYXU5OG1OemVkQlFYbW42NkdTU1NSa1NxdzV3TUtPYVZvWC8zWmxWbXlsCmVCS3orMlJkMWV1QTNQVmswWkN0cmlMakxEd2J0bFZwQ1pxeWg5QTRmbHVoM1pqVS9mL0E0OG9kbDc4NkNsU0gKeGlXOTlML2NyaThyZ2ROZHluTzB5anJGM3hTaFhUd21lcmErVlFBWVhLWEhEK2lQWGdBdHNGRDc1elJCWFJGZAovWnF4cXFXdnpZUFlaRWhPeGRyZmI2RktpQ0NJckxIZzF5QlpaUDl0TzNGc2s1VUVhbTQ4UlNaQ1lmY1E3NDIxClV0OWZMQzIvczNGbjJFc09PeTZrMTF0cHhkS2FMNmdVZDZBZVgrbEo1ZTNWVXk4N2hJQ2FEOHozL1BRalpIYzMKYVdFPQotLS0tLUVORCBDRVJUSUZJQ0FURS0tLS0tCg=="
              }
            ],
            "created_at": "2023-02-24 11:55:43.854 +0000 UTC",
            "enabled_cluster_log_types": null,
            "encryption_config": [],
            "endpoint": "https://0FB5C00B0DAFD205878FE73D42C12CB3.gr7.us-east-2.eks.amazonaws.com",
            "id": "jasonb3-eks-NRUg9y2v",
            "identity": [
              {
                "oidc": [
                  {
                    "issuer": "https://oidc.eks.us-east-2.amazonaws.com/id/0FB5C00B0DAFD205878FE73D42C12CB3"
                  }
                ]
              }
            ],
            "kubernetes_network_config": [
              {
                "ip_family": "ipv4",
                "service_ipv4_cidr": "172.20.0.0/16"
              }
            ],
            "name": "jasonb3-eks-NRUg9y2v",
            "platform_version": "eks.10",
            "role_arn": "arn:aws:iam::865587657226:role/jasonb3-eks-NRUg9y2v20230224115535307600000001",
            "status": "ACTIVE",
            "tags": null,
            "tags_all": {},
            "timeouts": {
              "create": "30m",
              "delete": "15m",
              "update": "60m"
            },
            "version": "1.22",
            "vpc_config": [
              {
                "cluster_security_group_id": "sg-04dd0464e3654ab79",
                "endpoint_private_access": false,
                "endpoint_public_access": true,
                "public_access_cidrs": [
                  "0.0.0.0/0"
                ],
                "security_group_ids": [
                  "sg-0507e535914c1122b"
                ],
                "subnet_ids": [
                  "subnet-0533174e0708a05bb",
                  "subnet-0941fb936240f4291",
                  "subnet-0b209720323343196"
                ],
                "vpc_id": "vpc-060183df0c13be7e3"
              }
            ]
          },
          "sensitive_attributes": [],
          "private": "eyJlMmJmYjczMC1lY2FhLTExZTYtOGY4OC0zNDM2M2JjN2M0YzAiOnsiY3JlYXRlIjoxODAwMDAwMDAwMDAwLCJkZWxldGUiOjkwMDAwMDAwMDAwMCwidXBkYXRlIjozNjAwMDAwMDAwMDAwfX0=",
          "dependencies": [
            "data.aws_availability_zones.available",
            "module.eks.aws_cloudwatch_log_group.this",
            "module.eks.aws_iam_role.cluster",
            "module.eks.aws_iam_role_policy_attachment.cluster_AmazonEKSClusterPolicy",
            "module.eks.aws_iam_role_policy_attachment.cluster_AmazonEKSServicePolicy",
            "module.eks.aws_iam_role_policy_attachment.cluster_AmazonEKSVPCResourceControllerPolicy",
            "module.eks.aws_security_group.cluster",
            "module.eks.aws_security_group.workers",
            "module.eks.aws_security_group_rule.cluster_egress_internet",
            "module.eks.aws_security_group_rule.cluster_https_worker_ingress",
            "module.eks.data.aws_iam_policy_document.cluster_assume_role_policy",
            "module.eks.data.aws_iam_role.custom_cluster_iam_role",
            "module.eks.data.aws_partition.current",
            "module.vpc.aws_subnet.private",
            "module.vpc.aws_vpc.this",
            "module.vpc.aws_vpc_ipv4_cidr_block_association.this",
            "random_string.suffix"
          ],
          "create_before_destroy": true
        },
        {
          "index_key": 0,
          "deposed": "f18a552b",
          "schema_version": 0,
          "attributes": {
            "arn": "arn:aws:eks:us-east-2:865587657226:cluster/jasonb2-eks-NRUg9y2v",
            "certificate_authority": [
              {
                "data": "LS0tLS1CRUdJTiBDRVJUSUZJQ0FURS0tLS0tCk1JSUMvakNDQWVhZ0F3SUJBZ0lCQURBTkJna3Foa2lHOXcwQkFRc0ZBREFWTVJNd0VRWURWUVFERXdwcmRXSmwKY201bGRHVnpNQjRYRFRJek1ESXlOREV3TkRJeE5Wb1hEVE16TURJeU1URXdOREl4TlZvd0ZURVRNQkVHQTFVRQpBeE1LYTNWaVpYSnVaWFJsY3pDQ0FTSXdEUVlKS29aSWh2Y05BUUVCQlFBRGdnRVBBRENDQVFvQ2dnRUJBTk9NCmpLbzFiWE9iZ202UzQvak02R08wdWEvWHBpRG8rTlVnU1I2Sm1Wa3hoUFY1Yk5LWnJEd211ZWJ5cC9Ic3A3bVEKdTU5WWJVdG1VL21ITUtnbjRxZ24yNDdPNEcvVU9qMXdQSzRwcUdKQkRCVSt3d01ZTW5rcTkwaDhkUHFocjhKUQpYQVpiWVg2TVhNQXFwaWJhb1U0MHE4ZnNJUnJINkpkdGV2bkltajNnSDlXSDRJMFhHVHVqbWh1cjB0U1JNVUZFCjVyT0xpN1MwdEcwR3VpeWtTSjB0eklSSng0OEJqWU1GQUR2cjd4ZkQxT2R6S3ZuRVI3dVhvVlgyY2VqV3dTWjQKaHFpRDBLZFRJS3VjRGZnd08ySWVlaUlsanZaMjlGSFlRVDVHckNDVzRhVS9yR0ZjNEU1R1FYR0lMazJ5UzVCVgplcGxnejlmZlYxTFZZTTdTN0trQ0F3RUFBYU5aTUZjd0RnWURWUjBQQVFIL0JBUURBZ0trTUE4R0ExVWRFd0VCCi93UUZNQU1CQWY4d0hRWURWUjBPQkJZRUZFaFFXOWNvRDlNVWRDYVpUUnZpL1g2RWsrQ2ZNQlVHQTFVZEVRUU8KTUF5Q0NtdDFZbVZ5Ym1WMFpYTXdEUVlKS29aSWh2Y05BUUVMQlFBRGdnRUJBSmdMQU13SjFneUhCekxncythNwpJMjZlVi9hd0tBRjlUMlN4d1F6Qnl0ZWNZN0dQR3ZrWjFWN3JpYUxkK21ieDJvVE1ZT0hGTGx1bHRDSVZuYXlZClhuMm1JeEIrVzdZTXFqY2dibng3RkVFVnlBaEpuMm82ZUxGMlp6ZXpnYXhJZXVBaUplRDlaelNpMHJUWUtmcWcKS1VQMENrOU1zTWZpNFVqaDFXOFFNMEc2ZCs4d0VFR0JiV3U3RVdZSTRwQmNPdzZyck9McDVMczZhZjcyRGptYwp0dVI0TFFEdW9CeGI2WGgrV3p6RUkrNnFUdklSU29tUE51SHk5UEF4YXNhSk9iekRNWWVpMmdmaXRjRlFydks2Ck11WnlVKzBDVlN2ZnoweDVLcDFMWVpURk8vdkk2QXBuYTFLSytUVm8vcExtRlcycWpBMXpFMm5PR1BDOGlBQk0KalhzPQotLS0tLUVORCBDRVJUSUZJQ0FURS0tLS0tCg=="
              }
            ],
            "created_at": "2023-02-24 10:36:24.894 +0000 UTC",
            "enabled_cluster_log_types": [],
            "encryption_config": [],
            "endpoint": "https://6FA8E20A2D3D90DC7DFC6B39B761BE52.sk1.us-east-2.eks.amazonaws.com",
            "id": "jasonb2-eks-NRUg9y2v",
            "identity": [
              {
                "oidc": [
                  {
                    "issuer": "https://oidc.eks.us-east-2.amazonaws.com/id/6FA8E20A2D3D90DC7DFC6B39B761BE52"
                  }
                ]
              }
            ],
            "kubernetes_network_config": [
              {
                "ip_family": "ipv4",
                "service_ipv4_cidr": "172.20.0.0/16"
              }
            ],
            "name": "jasonb2-eks-NRUg9y2v",
            "platform_version": "eks.10",
            "role_arn": "arn:aws:iam::865587657226:role/jasonb2-eks-NRUg9y2v20230224103606374900000004",
            "status": "ACTIVE",
            "tags": {},
            "tags_all": {},
            "timeouts": {
              "create": "30m",
              "delete": "15m",
              "update": "60m"
            },
            "version": "1.22",
            "vpc_config": [
              {
                "cluster_security_group_id": "sg-0768db9b5fe799143",
                "endpoint_private_access": false,
                "endpoint_public_access": true,
                "public_access_cidrs": [
                  "0.0.0.0/0"
                ],
                "security_group_ids": [
                  "sg-09bdef28d6e75714c"
                ],
                "subnet_ids": [
                  "subnet-0533174e0708a05bb",
                  "subnet-0941fb936240f4291",
                  "subnet-0b209720323343196"
                ],
                "vpc_id": "vpc-060183df0c13be7e3"
              }
            ]
          },
          "sensitive_attributes": [],
          "private": "eyJlMmJmYjczMC1lY2FhLTExZTYtOGY4OC0zNDM2M2JjN2M0YzAiOnsiY3JlYXRlIjoxODAwMDAwMDAwMDAwLCJkZWxldGUiOjkwMDAwMDAwMDAwMCwidXBkYXRlIjozNjAwMDAwMDAwMDAwfX0=",
          "dependencies": [
            "data.aws_availability_zones.available",
            "module.eks.aws_cloudwatch_log_group.this",
            "module.eks.aws_iam_role.cluster",
            "module.eks.aws_iam_role_policy_attachment.cluster_AmazonEKSClusterPolicy",
            "module.eks.aws_iam_role_policy_attachment.cluster_AmazonEKSServicePolicy",
            "module.eks.aws_iam_role_policy_attachment.cluster_AmazonEKSVPCResourceControllerPolicy",
            "module.eks.aws_security_group.cluster",
            "module.eks.aws_security_group.workers",
            "module.eks.aws_security_group_rule.cluster_egress_internet",
            "module.eks.aws_security_group_rule.cluster_https_worker_ingress",
            "module.eks.data.aws_iam_policy_document.cluster_assume_role_policy",
            "module.eks.data.aws_iam_role.custom_cluster_iam_role",
            "module.eks.data.aws_partition.current",
            "module.vpc.aws_subnet.private",
            "module.vpc.aws_vpc.this",
            "module.vpc.aws_vpc_ipv4_cidr_block_association.this",
            "random_string.suffix"
          ],
          "create_before_destroy": true
        }
      ]
    },
    {
      "module": "module.eks",
      "mode": "managed",
      "type": "aws_iam_instance_profile",
      "name": "workers",
      "provider": "provider[\"registry.terraform.io/hashicorp/aws\"]",
      "instances": [
        {
          "index_key": 0,
          "schema_version": 0,
          "attributes": {
            "arn": "arn:aws:iam::865587657226:instance-profile/jasonb3-eks-NRUg9y2v2023022412054895270000000c",
            "create_date": "2023-02-24T12:05:51Z",
            "id": "jasonb3-eks-NRUg9y2v2023022412054895270000000c",
            "name": "jasonb3-eks-NRUg9y2v2023022412054895270000000c",
            "name_prefix": "jasonb3-eks-NRUg9y2v",
            "path": "/",
            "role": "jasonb3-eks-NRUg9y2v2023022412054761970000000b",
            "tags": null,
            "tags_all": {},
            "unique_id": "AIPA4TCILPIFHVITXXWCY"
          },
          "sensitive_attributes": [],
          "private": "bnVsbA==",
          "dependencies": [
            "aws_security_group.worker_group_mgmt_one",
            "aws_security_group.worker_group_mgmt_two",
            "data.aws_availability_zones.available",
            "module.eks.aws_cloudwatch_log_group.this",
            "module.eks.aws_eks_cluster.this",
            "module.eks.aws_iam_role.cluster",
            "module.eks.aws_iam_role.workers",
            "module.eks.aws_iam_role_policy_attachment.cluster_AmazonEKSClusterPolicy",
            "module.eks.aws_iam_role_policy_attachment.cluster_AmazonEKSServicePolicy",
            "module.eks.aws_iam_role_policy_attachment.cluster_AmazonEKSVPCResourceControllerPolicy",
            "module.eks.aws_security_group.cluster",
            "module.eks.aws_security_group.workers",
            "module.eks.aws_security_group_rule.cluster_egress_internet",
            "module.eks.aws_security_group_rule.cluster_https_worker_ingress",
            "module.eks.data.aws_iam_policy_document.cluster_assume_role_policy",
            "module.eks.data.aws_iam_policy_document.workers_assume_role_policy",
            "module.eks.data.aws_iam_role.custom_cluster_iam_role",
            "module.eks.data.aws_partition.current",
            "module.vpc.aws_subnet.private",
            "module.vpc.aws_vpc.this",
            "module.vpc.aws_vpc_ipv4_cidr_block_association.this",
            "random_string.suffix"
          ],
          "create_before_destroy": true
        },
        {
          "index_key": 0,
          "deposed": "01854d03",
          "schema_version": 0,
          "attributes": {
            "arn": "arn:aws:iam::865587657226:instance-profile/jasonb2-eks-NRUg9y2v20230224104640011400000011",
            "create_date": "2023-02-24T10:46:42Z",
            "id": "jasonb2-eks-NRUg9y2v20230224104640011400000011",
            "name": "jasonb2-eks-NRUg9y2v20230224104640011400000011",
            "name_prefix": "jasonb2-eks-NRUg9y2v",
            "path": "/",
            "role": "jasonb2-eks-NRUg9y2v20230224104638639700000010",
            "tags": {},
            "tags_all": {},
            "unique_id": "AIPA4TCILPIFIP3CWJX2P"
          },
          "sensitive_attributes": [],
          "private": "bnVsbA==",
          "dependencies": [
            "aws_security_group.worker_group_mgmt_one",
            "aws_security_group.worker_group_mgmt_two",
            "data.aws_availability_zones.available",
            "module.eks.aws_cloudwatch_log_group.this",
            "module.eks.aws_eks_cluster.this",
            "module.eks.aws_iam_role.cluster",
            "module.eks.aws_iam_role.workers",
            "module.eks.aws_iam_role_policy_attachment.cluster_AmazonEKSClusterPolicy",
            "module.eks.aws_iam_role_policy_attachment.cluster_AmazonEKSServicePolicy",
            "module.eks.aws_iam_role_policy_attachment.cluster_AmazonEKSVPCResourceControllerPolicy",
            "module.eks.aws_security_group.cluster",
            "module.eks.aws_security_group.workers",
            "module.eks.aws_security_group_rule.cluster_egress_internet",
            "module.eks.aws_security_group_rule.cluster_https_worker_ingress",
            "module.eks.data.aws_iam_policy_document.cluster_assume_role_policy",
            "module.eks.data.aws_iam_policy_document.workers_assume_role_policy",
            "module.eks.data.aws_iam_role.custom_cluster_iam_role",
            "module.eks.data.aws_partition.current",
            "module.vpc.aws_subnet.private",
            "module.vpc.aws_vpc.this",
            "module.vpc.aws_vpc_ipv4_cidr_block_association.this",
            "random_string.suffix"
          ],
          "create_before_destroy": true
        },
        {
          "index_key": 1,
          "schema_version": 0,
          "attributes": {
            "arn": "arn:aws:iam::865587657226:instance-profile/jasonb3-eks-NRUg9y2v2023022412054895270000000d",
            "create_date": "2023-02-24T12:05:51Z",
            "id": "jasonb3-eks-NRUg9y2v2023022412054895270000000d",
            "name": "jasonb3-eks-NRUg9y2v2023022412054895270000000d",
            "name_prefix": "jasonb3-eks-NRUg9y2v",
            "path": "/",
            "role": "jasonb3-eks-NRUg9y2v2023022412054761970000000b",
            "tags": null,
            "tags_all": {},
            "unique_id": "AIPA4TCILPIFHPQ34ROGE"
          },
          "sensitive_attributes": [],
          "private": "bnVsbA==",
          "dependencies": [
            "aws_security_group.worker_group_mgmt_one",
            "aws_security_group.worker_group_mgmt_two",
            "data.aws_availability_zones.available",
            "module.eks.aws_cloudwatch_log_group.this",
            "module.eks.aws_eks_cluster.this",
            "module.eks.aws_iam_role.cluster",
            "module.eks.aws_iam_role.workers",
            "module.eks.aws_iam_role_policy_attachment.cluster_AmazonEKSClusterPolicy",
            "module.eks.aws_iam_role_policy_attachment.cluster_AmazonEKSServicePolicy",
            "module.eks.aws_iam_role_policy_attachment.cluster_AmazonEKSVPCResourceControllerPolicy",
            "module.eks.aws_security_group.cluster",
            "module.eks.aws_security_group.workers",
            "module.eks.aws_security_group_rule.cluster_egress_internet",
            "module.eks.aws_security_group_rule.cluster_https_worker_ingress",
            "module.eks.data.aws_iam_policy_document.cluster_assume_role_policy",
            "module.eks.data.aws_iam_policy_document.workers_assume_role_policy",
            "module.eks.data.aws_iam_role.custom_cluster_iam_role",
            "module.eks.data.aws_partition.current",
            "module.vpc.aws_subnet.private",
            "module.vpc.aws_vpc.this",
            "module.vpc.aws_vpc_ipv4_cidr_block_association.this",
            "random_string.suffix"
          ],
          "create_before_destroy": true
        },
        {
          "index_key": 1,
          "deposed": "7220224b",
          "schema_version": 0,
          "attributes": {
            "arn": "arn:aws:iam::865587657226:instance-profile/jasonb2-eks-NRUg9y2v20230224104640011500000012",
            "create_date": "2023-02-24T10:46:42Z",
            "id": "jasonb2-eks-NRUg9y2v20230224104640011500000012",
            "name": "jasonb2-eks-NRUg9y2v20230224104640011500000012",
            "name_prefix": "jasonb2-eks-NRUg9y2v",
            "path": "/",
            "role": "jasonb2-eks-NRUg9y2v20230224104638639700000010",
            "tags": {},
            "tags_all": {},
            "unique_id": "AIPA4TCILPIFHFBWWVRZG"
          },
          "sensitive_attributes": [],
          "private": "bnVsbA==",
          "dependencies": [
            "aws_security_group.worker_group_mgmt_one",
            "aws_security_group.worker_group_mgmt_two",
            "data.aws_availability_zones.available",
            "module.eks.aws_cloudwatch_log_group.this",
            "module.eks.aws_eks_cluster.this",
            "module.eks.aws_iam_role.cluster",
            "module.eks.aws_iam_role.workers",
            "module.eks.aws_iam_role_policy_attachment.cluster_AmazonEKSClusterPolicy",
            "module.eks.aws_iam_role_policy_attachment.cluster_AmazonEKSServicePolicy",
            "module.eks.aws_iam_role_policy_attachment.cluster_AmazonEKSVPCResourceControllerPolicy",
            "module.eks.aws_security_group.cluster",
            "module.eks.aws_security_group.workers",
            "module.eks.aws_security_group_rule.cluster_egress_internet",
            "module.eks.aws_security_group_rule.cluster_https_worker_ingress",
            "module.eks.data.aws_iam_policy_document.cluster_assume_role_policy",
            "module.eks.data.aws_iam_policy_document.workers_assume_role_policy",
            "module.eks.data.aws_iam_role.custom_cluster_iam_role",
            "module.eks.data.aws_partition.current",
            "module.vpc.aws_subnet.private",
            "module.vpc.aws_vpc.this",
            "module.vpc.aws_vpc_ipv4_cidr_block_association.this",
            "random_string.suffix"
          ],
          "create_before_destroy": true
        }
      ]
    },
    {
      "module": "module.eks",
      "mode": "managed",
      "type": "aws_iam_policy",
      "name": "cluster_deny_log_group",
      "provider": "provider[\"registry.terraform.io/hashicorp/aws\"]",
      "instances": [
        {
          "index_key": 0,
          "schema_version": 0,
          "attributes": {
            "arn": "arn:aws:iam::865587657226:policy/jasonb3-eks-NRUg9y2v-deny-log-group20230224115535682000000002",
            "description": "Deny CreateLogGroup",
            "id": "arn:aws:iam::865587657226:policy/jasonb3-eks-NRUg9y2v-deny-log-group20230224115535682000000002",
            "name": "jasonb3-eks-NRUg9y2v-deny-log-group20230224115535682000000002",
            "name_prefix": "jasonb3-eks-NRUg9y2v-deny-log-group",
            "path": "/",
            "policy": "{\"Statement\":[{\"Action\":\"logs:CreateLogGroup\",\"Effect\":\"Deny\",\"Resource\":\"*\",\"Sid\":\"\"}],\"Version\":\"2012-10-17\"}",
            "policy_id": "ANPA4TCILPIFHMPYTB5EA",
            "tags": null,
            "tags_all": {}
          },
          "sensitive_attributes": [],
          "private": "bnVsbA==",
          "dependencies": [
            "module.eks.data.aws_iam_policy_document.cluster_deny_log_group",
            "random_string.suffix"
          ]
        }
      ]
    },
    {
      "module": "module.eks",
      "mode": "managed",
      "type": "aws_iam_policy",
      "name": "cluster_elb_sl_role_creation",
      "provider": "provider[\"registry.terraform.io/hashicorp/aws\"]",
      "instances": [
        {
          "index_key": 0,
          "schema_version": 0,
          "attributes": {
            "arn": "arn:aws:iam::865587657226:policy/jasonb3-eks-NRUg9y2v-elb-sl-role-creation20230224115535808900000003",
            "description": "Permissions for EKS to create AWSServiceRoleForElasticLoadBalancing service-linked role",
            "id": "arn:aws:iam::865587657226:policy/jasonb3-eks-NRUg9y2v-elb-sl-role-creation20230224115535808900000003",
            "name": "jasonb3-eks-NRUg9y2v-elb-sl-role-creation20230224115535808900000003",
            "name_prefix": "jasonb3-eks-NRUg9y2v-elb-sl-role-creation",
            "path": "/",
            "policy": "{\"Statement\":[{\"Action\":[\"ec2:DescribeInternetGateways\",\"ec2:DescribeAddresses\",\"ec2:DescribeAccountAttributes\"],\"Effect\":\"Allow\",\"Resource\":\"*\",\"Sid\":\"\"}],\"Version\":\"2012-10-17\"}",
            "policy_id": "ANPA4TCILPIFFPJDG6AVK",
            "tags": null,
            "tags_all": {}
          },
          "sensitive_attributes": [],
          "private": "bnVsbA==",
          "dependencies": [
            "module.eks.data.aws_iam_policy_document.cluster_elb_sl_role_creation",
            "random_string.suffix"
          ]
        }
      ]
    },
    {
      "module": "module.eks",
      "mode": "managed",
      "type": "aws_iam_role",
      "name": "cluster",
      "provider": "provider[\"registry.terraform.io/hashicorp/aws\"]",
      "instances": [
        {
          "index_key": 0,
          "schema_version": 0,
          "attributes": {
            "arn": "arn:aws:iam::865587657226:role/jasonb3-eks-NRUg9y2v20230224115535307600000001",
            "assume_role_policy": "{\"Version\":\"2012-10-17\",\"Statement\":[{\"Sid\":\"EKSClusterAssumeRole\",\"Effect\":\"Allow\",\"Principal\":{\"Service\":\"eks.amazonaws.com\"},\"Action\":\"sts:AssumeRole\"}]}",
            "create_date": "2023-02-24T11:55:37Z",
            "description": "",
            "force_detach_policies": true,
            "id": "jasonb3-eks-NRUg9y2v20230224115535307600000001",
            "inline_policy": [
              {
                "name": "",
                "policy": ""
              }
            ],
            "managed_policy_arns": [],
            "max_session_duration": 3600,
            "name": "jasonb3-eks-NRUg9y2v20230224115535307600000001",
            "name_prefix": "jasonb3-eks-NRUg9y2v",
            "path": "/",
            "permissions_boundary": null,
            "tags": null,
            "tags_all": {},
            "unique_id": "AROA4TCILPIFPZ343WIYI"
          },
          "sensitive_attributes": [],
          "private": "bnVsbA==",
          "dependencies": [
            "module.eks.data.aws_iam_policy_document.cluster_assume_role_policy",
            "random_string.suffix"
          ],
          "create_before_destroy": true
        },
        {
          "index_key": 0,
          "deposed": "2e0ad67e",
          "schema_version": 0,
          "attributes": {
            "arn": "arn:aws:iam::865587657226:role/jasonb2-eks-NRUg9y2v20230224103606374900000004",
            "assume_role_policy": "{\"Version\":\"2012-10-17\",\"Statement\":[{\"Sid\":\"EKSClusterAssumeRole\",\"Effect\":\"Allow\",\"Principal\":{\"Service\":\"eks.amazonaws.com\"},\"Action\":\"sts:AssumeRole\"}]}",
            "create_date": "2023-02-24T10:36:06Z",
            "description": "",
            "force_detach_policies": true,
            "id": "jasonb2-eks-NRUg9y2v20230224103606374900000004",
            "inline_policy": [
              {
                "name": "",
                "policy": ""
              }
            ],
            "managed_policy_arns": [
              "arn:aws:iam::865587657226:policy/jasonb2-eks-NRUg9y2v-deny-log-group20230224103606374000000003",
              "arn:aws:iam::865587657226:policy/jasonb2-eks-NRUg9y2v-elb-sl-role-creation20230224103606374000000001",
              "arn:aws:iam::aws:policy/AmazonEKSClusterPolicy",
              "arn:aws:iam::aws:policy/AmazonEKSServicePolicy",
              "arn:aws:iam::aws:policy/AmazonEKSVPCResourceController"
            ],
            "max_session_duration": 3600,
            "name": "jasonb2-eks-NRUg9y2v20230224103606374900000004",
            "name_prefix": "jasonb2-eks-NRUg9y2v",
            "path": "/",
            "permissions_boundary": null,
            "tags": {},
            "tags_all": {},
            "unique_id": "AROA4TCILPIFER2UVLRAU"
          },
          "sensitive_attributes": [],
          "private": "bnVsbA==",
          "dependencies": [
            "module.eks.data.aws_iam_policy_document.cluster_assume_role_policy",
            "random_string.suffix"
          ],
          "create_before_destroy": true
        }
      ]
    },
    {
      "module": "module.eks",
      "mode": "managed",
      "type": "aws_iam_role",
      "name": "workers",
      "provider": "provider[\"registry.terraform.io/hashicorp/aws\"]",
      "instances": [
        {
          "index_key": 0,
          "schema_version": 0,
          "attributes": {
            "arn": "arn:aws:iam::865587657226:role/jasonb3-eks-NRUg9y2v2023022412054761970000000b",
            "assume_role_policy": "{\"Version\":\"2012-10-17\",\"Statement\":[{\"Sid\":\"EKSWorkerAssumeRole\",\"Effect\":\"Allow\",\"Principal\":{\"Service\":\"ec2.amazonaws.com\"},\"Action\":\"sts:AssumeRole\"}]}",
            "create_date": "2023-02-24T12:05:50Z",
            "description": "",
            "force_detach_policies": true,
            "id": "jasonb3-eks-NRUg9y2v2023022412054761970000000b",
            "inline_policy": [
              {
                "name": "",
                "policy": ""
              }
            ],
            "managed_policy_arns": [],
            "max_session_duration": 3600,
            "name": "jasonb3-eks-NRUg9y2v2023022412054761970000000b",
            "name_prefix": "jasonb3-eks-NRUg9y2v",
            "path": "/",
            "permissions_boundary": null,
            "tags": null,
            "tags_all": {},
            "unique_id": "AROA4TCILPIFHKGAWSYOE"
          },
          "sensitive_attributes": [],
          "private": "bnVsbA==",
          "dependencies": [
            "data.aws_availability_zones.available",
            "module.eks.aws_cloudwatch_log_group.this",
            "module.eks.aws_eks_cluster.this",
            "module.eks.aws_iam_role.cluster",
            "module.eks.aws_iam_role_policy_attachment.cluster_AmazonEKSClusterPolicy",
            "module.eks.aws_iam_role_policy_attachment.cluster_AmazonEKSServicePolicy",
            "module.eks.aws_iam_role_policy_attachment.cluster_AmazonEKSVPCResourceControllerPolicy",
            "module.eks.aws_security_group.cluster",
            "module.eks.aws_security_group.workers",
            "module.eks.aws_security_group_rule.cluster_egress_internet",
            "module.eks.aws_security_group_rule.cluster_https_worker_ingress",
            "module.eks.data.aws_iam_policy_document.cluster_assume_role_policy",
            "module.eks.data.aws_iam_policy_document.workers_assume_role_policy",
            "module.eks.data.aws_iam_role.custom_cluster_iam_role",
            "module.eks.data.aws_partition.current",
            "module.vpc.aws_subnet.private",
            "module.vpc.aws_vpc.this",
            "module.vpc.aws_vpc_ipv4_cidr_block_association.this",
            "random_string.suffix"
          ],
          "create_before_destroy": true
        },
        {
          "index_key": 0,
          "deposed": "ee36ef37",
          "schema_version": 0,
          "attributes": {
            "arn": "arn:aws:iam::865587657226:role/jasonb2-eks-NRUg9y2v20230224104638639700000010",
            "assume_role_policy": "{\"Version\":\"2012-10-17\",\"Statement\":[{\"Sid\":\"EKSWorkerAssumeRole\",\"Effect\":\"Allow\",\"Principal\":{\"Service\":\"ec2.amazonaws.com\"},\"Action\":\"sts:AssumeRole\"}]}",
            "create_date": "2023-02-24T10:46:41Z",
            "description": "",
            "force_detach_policies": true,
            "id": "jasonb2-eks-NRUg9y2v20230224104638639700000010",
            "inline_policy": [
              {
                "name": "",
                "policy": ""
              }
            ],
            "managed_policy_arns": [
              "arn:aws:iam::aws:policy/AmazonEC2ContainerRegistryReadOnly",
              "arn:aws:iam::aws:policy/AmazonEKSWorkerNodePolicy",
              "arn:aws:iam::aws:policy/AmazonEKS_CNI_Policy"
            ],
            "max_session_duration": 3600,
            "name": "jasonb2-eks-NRUg9y2v20230224104638639700000010",
            "name_prefix": "jasonb2-eks-NRUg9y2v",
            "path": "/",
            "permissions_boundary": null,
            "tags": {},
            "tags_all": {},
            "unique_id": "AROA4TCILPIFFFBJSCXL7"
          },
          "sensitive_attributes": [],
          "private": "bnVsbA==",
          "dependencies": [
            "data.aws_availability_zones.available",
            "module.eks.aws_cloudwatch_log_group.this",
            "module.eks.aws_eks_cluster.this",
            "module.eks.aws_iam_role.cluster",
            "module.eks.aws_iam_role_policy_attachment.cluster_AmazonEKSClusterPolicy",
            "module.eks.aws_iam_role_policy_attachment.cluster_AmazonEKSServicePolicy",
            "module.eks.aws_iam_role_policy_attachment.cluster_AmazonEKSVPCResourceControllerPolicy",
            "module.eks.aws_security_group.cluster",
            "module.eks.aws_security_group.workers",
            "module.eks.aws_security_group_rule.cluster_egress_internet",
            "module.eks.aws_security_group_rule.cluster_https_worker_ingress",
            "module.eks.data.aws_iam_policy_document.cluster_assume_role_policy",
            "module.eks.data.aws_iam_policy_document.workers_assume_role_policy",
            "module.eks.data.aws_iam_role.custom_cluster_iam_role",
            "module.eks.data.aws_partition.current",
            "module.vpc.aws_subnet.private",
            "module.vpc.aws_vpc.this",
            "module.vpc.aws_vpc_ipv4_cidr_block_association.this",
            "random_string.suffix"
          ],
          "create_before_destroy": true
        }
      ]
    },
    {
      "module": "module.eks",
      "mode": "managed",
      "type": "aws_iam_role_policy_attachment",
      "name": "cluster_AmazonEKSClusterPolicy",
      "provider": "provider[\"registry.terraform.io/hashicorp/aws\"]",
      "instances": [
        {
          "index_key": 0,
          "schema_version": 0,
          "attributes": {
            "id": "jasonb3-eks-NRUg9y2v20230224115535307600000001-2023022411553750430000000a",
            "policy_arn": "arn:aws:iam::aws:policy/AmazonEKSClusterPolicy",
            "role": "jasonb3-eks-NRUg9y2v20230224115535307600000001"
          },
          "sensitive_attributes": [],
          "private": "bnVsbA==",
          "dependencies": [
            "module.eks.aws_iam_role.cluster",
            "module.eks.data.aws_iam_policy_document.cluster_assume_role_policy",
            "module.eks.data.aws_partition.current",
            "random_string.suffix"
          ],
          "create_before_destroy": true
        },
        {
          "index_key": 0,
          "deposed": "c145a6b3",
          "schema_version": 0,
          "attributes": {
            "id": "jasonb2-eks-NRUg9y2v20230224103606374900000004-20230224103607868500000007",
            "policy_arn": "arn:aws:iam::aws:policy/AmazonEKSClusterPolicy",
            "role": "jasonb2-eks-NRUg9y2v20230224103606374900000004"
          },
          "sensitive_attributes": [],
          "private": "bnVsbA==",
          "dependencies": [
            "module.eks.aws_iam_role.cluster",
            "module.eks.data.aws_iam_policy_document.cluster_assume_role_policy",
            "module.eks.data.aws_partition.current",
            "random_string.suffix"
          ],
          "create_before_destroy": true
        }
      ]
    },
    {
      "module": "module.eks",
      "mode": "managed",
      "type": "aws_iam_role_policy_attachment",
      "name": "cluster_AmazonEKSServicePolicy",
      "provider": "provider[\"registry.terraform.io/hashicorp/aws\"]",
      "instances": [
        {
          "index_key": 0,
          "schema_version": 0,
          "attributes": {
            "id": "jasonb3-eks-NRUg9y2v20230224115535307600000001-20230224115537429600000006",
            "policy_arn": "arn:aws:iam::aws:policy/AmazonEKSServicePolicy",
            "role": "jasonb3-eks-NRUg9y2v20230224115535307600000001"
          },
          "sensitive_attributes": [],
          "private": "bnVsbA==",
          "dependencies": [
            "module.eks.aws_iam_role.cluster",
            "module.eks.data.aws_iam_policy_document.cluster_assume_role_policy",
            "module.eks.data.aws_partition.current",
            "random_string.suffix"
          ],
          "create_before_destroy": true
        },
        {
          "index_key": 0,
          "deposed": "0585b2df",
          "schema_version": 0,
          "attributes": {
            "id": "jasonb2-eks-NRUg9y2v20230224103606374900000004-20230224103607864400000005",
            "policy_arn": "arn:aws:iam::aws:policy/AmazonEKSServicePolicy",
            "role": "jasonb2-eks-NRUg9y2v20230224103606374900000004"
          },
          "sensitive_attributes": [],
          "private": "bnVsbA==",
          "dependencies": [
            "module.eks.aws_iam_role.cluster",
            "module.eks.data.aws_iam_policy_document.cluster_assume_role_policy",
            "module.eks.data.aws_partition.current",
            "random_string.suffix"
          ],
          "create_before_destroy": true
        }
      ]
    },
    {
      "module": "module.eks",
      "mode": "managed",
      "type": "aws_iam_role_policy_attachment",
      "name": "cluster_AmazonEKSVPCResourceControllerPolicy",
      "provider": "provider[\"registry.terraform.io/hashicorp/aws\"]",
      "instances": [
        {
          "index_key": 0,
          "schema_version": 0,
          "attributes": {
            "id": "jasonb3-eks-NRUg9y2v20230224115535307600000001-20230224115537482000000007",
            "policy_arn": "arn:aws:iam::aws:policy/AmazonEKSVPCResourceController",
            "role": "jasonb3-eks-NRUg9y2v20230224115535307600000001"
          },
          "sensitive_attributes": [],
          "private": "bnVsbA==",
          "dependencies": [
            "module.eks.aws_iam_role.cluster",
            "module.eks.data.aws_iam_policy_document.cluster_assume_role_policy",
            "module.eks.data.aws_partition.current",
            "random_string.suffix"
          ],
          "create_before_destroy": true
        },
        {
          "index_key": 0,
          "deposed": "d6858f72",
          "schema_version": 0,
          "attributes": {
            "id": "jasonb2-eks-NRUg9y2v20230224103606374900000004-20230224103607868200000006",
            "policy_arn": "arn:aws:iam::aws:policy/AmazonEKSVPCResourceController",
            "role": "jasonb2-eks-NRUg9y2v20230224103606374900000004"
          },
          "sensitive_attributes": [],
          "private": "bnVsbA==",
          "dependencies": [
            "module.eks.aws_iam_role.cluster",
            "module.eks.data.aws_iam_policy_document.cluster_assume_role_policy",
            "module.eks.data.aws_partition.current",
            "random_string.suffix"
          ],
          "create_before_destroy": true
        }
      ]
    },
    {
      "module": "module.eks",
      "mode": "managed",
      "type": "aws_iam_role_policy_attachment",
      "name": "cluster_deny_log_group",
      "provider": "provider[\"registry.terraform.io/hashicorp/aws\"]",
      "instances": [
        {
          "index_key": 0,
          "schema_version": 0,
          "attributes": {
            "id": "jasonb3-eks-NRUg9y2v20230224115535307600000001-20230224115537482100000008",
            "policy_arn": "arn:aws:iam::865587657226:policy/jasonb3-eks-NRUg9y2v-deny-log-group20230224115535682000000002",
            "role": "jasonb3-eks-NRUg9y2v20230224115535307600000001"
          },
          "sensitive_attributes": [],
          "private": "bnVsbA==",
          "dependencies": [
            "module.eks.aws_iam_policy.cluster_deny_log_group",
            "module.eks.aws_iam_role.cluster",
            "module.eks.data.aws_iam_policy_document.cluster_assume_role_policy",
            "module.eks.data.aws_iam_policy_document.cluster_deny_log_group",
            "random_string.suffix"
          ]
        }
      ]
    },
    {
      "module": "module.eks",
      "mode": "managed",
      "type": "aws_iam_role_policy_attachment",
      "name": "cluster_elb_sl_role_creation",
      "provider": "provider[\"registry.terraform.io/hashicorp/aws\"]",
      "instances": [
        {
          "index_key": 0,
          "schema_version": 0,
          "attributes": {
            "id": "jasonb3-eks-NRUg9y2v20230224115535307600000001-20230224115537500000000009",
            "policy_arn": "arn:aws:iam::865587657226:policy/jasonb3-eks-NRUg9y2v-elb-sl-role-creation20230224115535808900000003",
            "role": "jasonb3-eks-NRUg9y2v20230224115535307600000001"
          },
          "sensitive_attributes": [],
          "private": "bnVsbA==",
          "dependencies": [
            "module.eks.aws_iam_policy.cluster_elb_sl_role_creation",
            "module.eks.aws_iam_role.cluster",
            "module.eks.data.aws_iam_policy_document.cluster_assume_role_policy",
            "module.eks.data.aws_iam_policy_document.cluster_elb_sl_role_creation",
            "random_string.suffix"
          ]
        }
      ]
    },
    {
      "module": "module.eks",
      "mode": "managed",
      "type": "aws_iam_role_policy_attachment",
      "name": "workers_AmazonEC2ContainerRegistryReadOnly",
      "provider": "provider[\"registry.terraform.io/hashicorp/aws\"]",
      "instances": [
        {
          "index_key": 0,
          "schema_version": 0,
          "attributes": {
            "id": "jasonb3-eks-NRUg9y2v2023022412054761970000000b-20230224120549448700000010",
            "policy_arn": "arn:aws:iam::aws:policy/AmazonEC2ContainerRegistryReadOnly",
            "role": "jasonb3-eks-NRUg9y2v2023022412054761970000000b"
          },
          "sensitive_attributes": [],
          "private": "bnVsbA==",
          "dependencies": [
            "data.aws_availability_zones.available",
            "module.eks.aws_cloudwatch_log_group.this",
            "module.eks.aws_eks_cluster.this",
            "module.eks.aws_iam_role.cluster",
            "module.eks.aws_iam_role.workers",
            "module.eks.aws_iam_role_policy_attachment.cluster_AmazonEKSClusterPolicy",
            "module.eks.aws_iam_role_policy_attachment.cluster_AmazonEKSServicePolicy",
            "module.eks.aws_iam_role_policy_attachment.cluster_AmazonEKSVPCResourceControllerPolicy",
            "module.eks.aws_security_group.cluster",
            "module.eks.aws_security_group.workers",
            "module.eks.aws_security_group_rule.cluster_egress_internet",
            "module.eks.aws_security_group_rule.cluster_https_worker_ingress",
            "module.eks.data.aws_iam_policy_document.cluster_assume_role_policy",
            "module.eks.data.aws_iam_policy_document.workers_assume_role_policy",
            "module.eks.data.aws_iam_role.custom_cluster_iam_role",
            "module.eks.data.aws_partition.current",
            "module.vpc.aws_subnet.private",
            "module.vpc.aws_vpc.this",
            "module.vpc.aws_vpc_ipv4_cidr_block_association.this",
            "random_string.suffix"
          ],
          "create_before_destroy": true
        },
        {
          "index_key": 0,
          "deposed": "46529340",
          "schema_version": 0,
          "attributes": {
            "id": "jasonb2-eks-NRUg9y2v20230224104638639700000010-20230224104640469800000015",
            "policy_arn": "arn:aws:iam::aws:policy/AmazonEC2ContainerRegistryReadOnly",
            "role": "jasonb2-eks-NRUg9y2v20230224104638639700000010"
          },
          "sensitive_attributes": [],
          "private": "bnVsbA==",
          "dependencies": [
            "data.aws_availability_zones.available",
            "module.eks.aws_cloudwatch_log_group.this",
            "module.eks.aws_eks_cluster.this",
            "module.eks.aws_iam_role.cluster",
            "module.eks.aws_iam_role.workers",
            "module.eks.aws_iam_role_policy_attachment.cluster_AmazonEKSClusterPolicy",
            "module.eks.aws_iam_role_policy_attachment.cluster_AmazonEKSServicePolicy",
            "module.eks.aws_iam_role_policy_attachment.cluster_AmazonEKSVPCResourceControllerPolicy",
            "module.eks.aws_security_group.cluster",
            "module.eks.aws_security_group.workers",
            "module.eks.aws_security_group_rule.cluster_egress_internet",
            "module.eks.aws_security_group_rule.cluster_https_worker_ingress",
            "module.eks.data.aws_iam_policy_document.cluster_assume_role_policy",
            "module.eks.data.aws_iam_policy_document.workers_assume_role_policy",
            "module.eks.data.aws_iam_role.custom_cluster_iam_role",
            "module.eks.data.aws_partition.current",
            "module.vpc.aws_subnet.private",
            "module.vpc.aws_vpc.this",
            "module.vpc.aws_vpc_ipv4_cidr_block_association.this",
            "random_string.suffix"
          ],
          "create_before_destroy": true
        }
      ]
    },
    {
      "module": "module.eks",
      "mode": "managed",
      "type": "aws_iam_role_policy_attachment",
      "name": "workers_AmazonEKSWorkerNodePolicy",
      "provider": "provider[\"registry.terraform.io/hashicorp/aws\"]",
      "instances": [
        {
          "index_key": 0,
          "schema_version": 0,
          "attributes": {
            "id": "jasonb3-eks-NRUg9y2v2023022412054761970000000b-2023022412054914990000000e",
            "policy_arn": "arn:aws:iam::aws:policy/AmazonEKSWorkerNodePolicy",
            "role": "jasonb3-eks-NRUg9y2v2023022412054761970000000b"
          },
          "sensitive_attributes": [],
          "private": "bnVsbA==",
          "dependencies": [
            "data.aws_availability_zones.available",
            "module.eks.aws_cloudwatch_log_group.this",
            "module.eks.aws_eks_cluster.this",
            "module.eks.aws_iam_role.cluster",
            "module.eks.aws_iam_role.workers",
            "module.eks.aws_iam_role_policy_attachment.cluster_AmazonEKSClusterPolicy",
            "module.eks.aws_iam_role_policy_attachment.cluster_AmazonEKSServicePolicy",
            "module.eks.aws_iam_role_policy_attachment.cluster_AmazonEKSVPCResourceControllerPolicy",
            "module.eks.aws_security_group.cluster",
            "module.eks.aws_security_group.workers",
            "module.eks.aws_security_group_rule.cluster_egress_internet",
            "module.eks.aws_security_group_rule.cluster_https_worker_ingress",
            "module.eks.data.aws_iam_policy_document.cluster_assume_role_policy",
            "module.eks.data.aws_iam_policy_document.workers_assume_role_policy",
            "module.eks.data.aws_iam_role.custom_cluster_iam_role",
            "module.eks.data.aws_partition.current",
            "module.vpc.aws_subnet.private",
            "module.vpc.aws_vpc.this",
            "module.vpc.aws_vpc_ipv4_cidr_block_association.this",
            "random_string.suffix"
          ],
          "create_before_destroy": true
        },
        {
          "index_key": 0,
          "deposed": "90fea063",
          "schema_version": 0,
          "attributes": {
            "id": "jasonb2-eks-NRUg9y2v20230224104638639700000010-20230224104640314000000014",
            "policy_arn": "arn:aws:iam::aws:policy/AmazonEKSWorkerNodePolicy",
            "role": "jasonb2-eks-NRUg9y2v20230224104638639700000010"
          },
          "sensitive_attributes": [],
          "private": "bnVsbA==",
          "dependencies": [
            "data.aws_availability_zones.available",
            "module.eks.aws_cloudwatch_log_group.this",
            "module.eks.aws_eks_cluster.this",
            "module.eks.aws_iam_role.cluster",
            "module.eks.aws_iam_role.workers",
            "module.eks.aws_iam_role_policy_attachment.cluster_AmazonEKSClusterPolicy",
            "module.eks.aws_iam_role_policy_attachment.cluster_AmazonEKSServicePolicy",
            "module.eks.aws_iam_role_policy_attachment.cluster_AmazonEKSVPCResourceControllerPolicy",
            "module.eks.aws_security_group.cluster",
            "module.eks.aws_security_group.workers",
            "module.eks.aws_security_group_rule.cluster_egress_internet",
            "module.eks.aws_security_group_rule.cluster_https_worker_ingress",
            "module.eks.data.aws_iam_policy_document.cluster_assume_role_policy",
            "module.eks.data.aws_iam_policy_document.workers_assume_role_policy",
            "module.eks.data.aws_iam_role.custom_cluster_iam_role",
            "module.eks.data.aws_partition.current",
            "module.vpc.aws_subnet.private",
            "module.vpc.aws_vpc.this",
            "module.vpc.aws_vpc_ipv4_cidr_block_association.this",
            "random_string.suffix"
          ],
          "create_before_destroy": true
        }
      ]
    },
    {
      "module": "module.eks",
      "mode": "managed",
      "type": "aws_iam_role_policy_attachment",
      "name": "workers_AmazonEKS_CNI_Policy",
      "provider": "provider[\"registry.terraform.io/hashicorp/aws\"]",
      "instances": [
        {
          "index_key": 0,
          "schema_version": 0,
          "attributes": {
            "id": "jasonb3-eks-NRUg9y2v2023022412054761970000000b-2023022412054931250000000f",
            "policy_arn": "arn:aws:iam::aws:policy/AmazonEKS_CNI_Policy",
            "role": "jasonb3-eks-NRUg9y2v2023022412054761970000000b"
          },
          "sensitive_attributes": [],
          "private": "bnVsbA==",
          "dependencies": [
            "data.aws_availability_zones.available",
            "module.eks.aws_cloudwatch_log_group.this",
            "module.eks.aws_eks_cluster.this",
            "module.eks.aws_iam_role.cluster",
            "module.eks.aws_iam_role.workers",
            "module.eks.aws_iam_role_policy_attachment.cluster_AmazonEKSClusterPolicy",
            "module.eks.aws_iam_role_policy_attachment.cluster_AmazonEKSServicePolicy",
            "module.eks.aws_iam_role_policy_attachment.cluster_AmazonEKSVPCResourceControllerPolicy",
            "module.eks.aws_security_group.cluster",
            "module.eks.aws_security_group.workers",
            "module.eks.aws_security_group_rule.cluster_egress_internet",
            "module.eks.aws_security_group_rule.cluster_https_worker_ingress",
            "module.eks.data.aws_iam_policy_document.cluster_assume_role_policy",
            "module.eks.data.aws_iam_policy_document.workers_assume_role_policy",
            "module.eks.data.aws_iam_role.custom_cluster_iam_role",
            "module.eks.data.aws_partition.current",
            "module.vpc.aws_subnet.private",
            "module.vpc.aws_vpc.this",
            "module.vpc.aws_vpc_ipv4_cidr_block_association.this",
            "random_string.suffix"
          ],
          "create_before_destroy": true
        },
        {
          "index_key": 0,
          "deposed": "ce1147c5",
          "schema_version": 0,
          "attributes": {
            "id": "jasonb2-eks-NRUg9y2v20230224104638639700000010-20230224104640161500000013",
            "policy_arn": "arn:aws:iam::aws:policy/AmazonEKS_CNI_Policy",
            "role": "jasonb2-eks-NRUg9y2v20230224104638639700000010"
          },
          "sensitive_attributes": [],
          "private": "bnVsbA==",
          "dependencies": [
            "data.aws_availability_zones.available",
            "module.eks.aws_cloudwatch_log_group.this",
            "module.eks.aws_eks_cluster.this",
            "module.eks.aws_iam_role.cluster",
            "module.eks.aws_iam_role.workers",
            "module.eks.aws_iam_role_policy_attachment.cluster_AmazonEKSClusterPolicy",
            "module.eks.aws_iam_role_policy_attachment.cluster_AmazonEKSServicePolicy",
            "module.eks.aws_iam_role_policy_attachment.cluster_AmazonEKSVPCResourceControllerPolicy",
            "module.eks.aws_security_group.cluster",
            "module.eks.aws_security_group.workers",
            "module.eks.aws_security_group_rule.cluster_egress_internet",
            "module.eks.aws_security_group_rule.cluster_https_worker_ingress",
            "module.eks.data.aws_iam_policy_document.cluster_assume_role_policy",
            "module.eks.data.aws_iam_policy_document.workers_assume_role_policy",
            "module.eks.data.aws_iam_role.custom_cluster_iam_role",
            "module.eks.data.aws_partition.current",
            "module.vpc.aws_subnet.private",
            "module.vpc.aws_vpc.this",
            "module.vpc.aws_vpc_ipv4_cidr_block_association.this",
            "random_string.suffix"
          ],
          "create_before_destroy": true
        }
      ]
    },
    {
      "module": "module.eks",
      "mode": "managed",
      "type": "aws_launch_configuration",
      "name": "workers",
      "provider": "provider[\"registry.terraform.io/hashicorp/aws\"]",
      "instances": [
        {
          "index_key": 0,
          "schema_version": 0,
          "attributes": {
            "arn": "arn:aws:autoscaling:us-east-2:865587657226:launchConfiguration:803d5051-a19a-4998-9f9e-6d386d963ccf:launchConfigurationName/jasonb3-eks-NRUg9y2v-jaseb-group-120230224120549844600000012",
            "associate_public_ip_address": false,
            "ebs_block_device": [],
            "ebs_optimized": false,
            "enable_monitoring": true,
            "ephemeral_block_device": [],
            "iam_instance_profile": "jasonb3-eks-NRUg9y2v2023022412054895270000000c",
            "id": "jasonb3-eks-NRUg9y2v-jaseb-group-120230224120549844600000012",
            "image_id": "ami-0a3ff7ea25e73f7de",
            "instance_type": "t2.small",
            "key_name": "",
            "metadata_options": [
              {
                "http_endpoint": "enabled",
                "http_put_response_hop_limit": 1,
                "http_tokens": "optional"
              }
            ],
            "name": "jasonb3-eks-NRUg9y2v-jaseb-group-120230224120549844600000012",
            "name_prefix": "jasonb3-eks-NRUg9y2v-jaseb-group-1",
            "placement_tenancy": "",
            "root_block_device": [
              {
                "delete_on_termination": true,
                "encrypted": false,
                "iops": 0,
                "throughput": 0,
                "volume_size": 100,
                "volume_type": "gp2"
              }
            ],
            "security_groups": [
              "sg-07696ad7f5f38c6d0",
              "sg-0c29932dd7407e38b"
            ],
            "spot_price": "",
            "user_data": null,
            "user_data_base64": "IyEvYmluL2Jhc2ggLWUKCiMgQWxsb3cgdXNlciBzdXBwbGllZCBwcmUgdXNlcmRhdGEgY29kZQoKCiMgQm9vdHN0cmFwIGFuZCBqb2luIHRoZSBjbHVzdGVyCi9ldGMvZWtzL2Jvb3RzdHJhcC5zaCAtLWI2NC1jbHVzdGVyLWNhICdMUzB0TFMxQ1JVZEpUaUJEUlZKVVNVWkpRMEZVUlMwdExTMHRDazFKU1VNdmFrTkRRV1ZoWjBGM1NVSkJaMGxDUVVSQlRrSm5hM0ZvYTJsSE9YY3dRa0ZSYzBaQlJFRldUVkpOZDBWUldVUldVVkZFUlhkd2NtUlhTbXdLWTIwMWJHUkhWbnBOUWpSWVJGUkplazFFU1hsT1JFVjVUVVJGZWs1c2IxaEVWRTE2VFVSSmVVMVVSWGxOUkVWNlRteHZkMFpVUlZSTlFrVkhRVEZWUlFwQmVFMUxZVE5XYVZwWVNuVmFXRkpzWTNwRFEwRlRTWGRFVVZsS1MyOWFTV2gyWTA1QlVVVkNRbEZCUkdkblJWQkJSRU5EUVZGdlEyZG5SVUpCU3pKVENqaGxPR1IwZG5sQ01uSnJUeTgxTmtGQlZqRkRkV0l6T1RWNGRIZHZVa1ZNYW01MVluUjJhbWx3U1VGeVZFWklORVZFZERsTVdWVllPVE5XZERkNVRqUUtRblpLZDA5c1FtUjJSa3RwYTBVcmFtaFZTVkZNVG5SMVRETkdhREp0YlZGV09EQlNlVlI0YTNFeU9VVjZhVTFSYlZKdlVFVk1RVWwzWW1kRWVWWnFlQXBtWWs5MWNWSjNSemRXYVcxaVRrSlNOamw1TjFCd1NtNVZSbEJaWXpOd1RqaGpZemRGSzBwUlFXUllaMFk0TW5CV09GZFZNM2xOWlZoamMzUlNNMmcwQ21KbWN6ZDNWbXBEUTFsT00xWjNjMUZqU2xCVVVWaEVSRXAzZHpob2NVZHJhSG8zVDI1dkwyTnhhWEZQWjFwQ1ZqRXJkM1ZLTVZac2FqbHpTVmxvV0cwS2JFeEpVVVJETTJ4cVdFUllRM0ZrTTFoR1RVcE5NRk0yVVc5SmJsUTFSV1pESzBaSWNYZHdNV1pXU0ZCQ1VEVmFiSGhUZUVKcGIwMTJRVUpYTjNGaVNncFNkVTB6ZGs1SVprVnRNbEpuV25VNWRpdHpRMEYzUlVGQllVNWFUVVpqZDBSbldVUldVakJRUVZGSUwwSkJVVVJCWjB0clRVRTRSMEV4VldSRmQwVkNDaTkzVVVaTlFVMUNRV1k0ZDBoUldVUldVakJQUWtKWlJVWkpkMmhHVEcxVlVqZEpZMU4zVDNOVWVXd3dkREp4VGxCRk5VWk5RbFZIUVRGVlpFVlJVVThLVFVGNVEwTnRkREZaYlZaNVltMVdNRnBZVFhkRVVWbEtTMjlhU1doMlkwNUJVVVZNUWxGQlJHZG5SVUpCUWpNM1IyVmtORWhSV0hVd1NXcFlNRXBzVkFvek1WZEZXazV5TURneldqRkZSVGcwVG5ndmJGQk1ZWFU1T0cxT2VtVmtRbEZZYlc0Mk5rZFRVMU5TYTFOeGR6VjNUVXRQWVZadldDOHpXbXhXYlhsc0NtVkNTM29yTWxKa01XVjFRVE5RVm1zd1drTjBjbWxNYWt4RWQySjBiRlp3UTFweGVXZzVRVFJtYkhWb00xcHFWUzltTDBFME9HOWtiRGM0TmtOc1UwZ0tlR2xYT1RsTUwyTnlhVGh5WjJST1pIbHVUekI1YW5KR00zaFRhRmhVZDIxbGNtRXJWbEZCV1ZoTFdFaEVLMmxRV0dkQmRITkdSRGMxZWxKQ1dGSkdaQW92V25GNGNYRlhkbnBaVUZsYVJXaFBlR1J5Wm1JMlJrdHBRME5KY2t4SVp6RjVRbHBhVURsMFR6TkdjMnMxVlVWaGJUUTRVbE5hUTFsbVkxRTNOREl4Q2xWME9XWk1Rekl2Y3pOR2JqSkZjMDlQZVRack1URjBjSGhrUzJGTU5tZFZaRFpCWlZncmJFbzFaVE5XVlhrNE4yaEpRMkZFT0hvekwxQlJhbHBJWXpNS1lWZEZQUW90TFMwdExVVk9SQ0JEUlZKVVNVWkpRMEZVUlMwdExTMHRDZz09JyAtLWFwaXNlcnZlci1lbmRwb2ludCAnaHR0cHM6Ly8wRkI1QzAwQjBEQUZEMjA1ODc4RkU3M0Q0MkMxMkNCMy5ncjcudXMtZWFzdC0yLmVrcy5hbWF6b25hd3MuY29tJyAgLS1rdWJlbGV0LWV4dHJhLWFyZ3MgIiIgJ2phc29uYjMtZWtzLU5SVWc5eTJ2JwoKIyBBbGxvdyB1c2VyIHN1cHBsaWVkIHVzZXJkYXRhIGNvZGUKZWNobyBmb28gYmFyCg==",
            "vpc_classic_link_id": "",
            "vpc_classic_link_security_groups": null
          },
          "sensitive_attributes": [],
          "private": "bnVsbA==",
          "dependencies": [
            "aws_security_group.worker_group_mgmt_one",
            "aws_security_group.worker_group_mgmt_two",
            "data.aws_availability_zones.available",
            "module.eks.aws_cloudwatch_log_group.this",
            "module.eks.aws_eks_cluster.this",
            "module.eks.aws_iam_instance_profile.workers",
            "module.eks.aws_iam_role.cluster",
            "module.eks.aws_iam_role.workers",
            "module.eks.aws_iam_role_policy_attachment.cluster_AmazonEKSClusterPolicy",
            "module.eks.aws_iam_role_policy_attachment.cluster_AmazonEKSServicePolicy",
            "module.eks.aws_iam_role_policy_attachment.cluster_AmazonEKSVPCResourceControllerPolicy",
            "module.eks.aws_iam_role_policy_attachment.workers_AmazonEC2ContainerRegistryReadOnly",
            "module.eks.aws_iam_role_policy_attachment.workers_AmazonEKSWorkerNodePolicy",
            "module.eks.aws_iam_role_policy_attachment.workers_AmazonEKS_CNI_Policy",
            "module.eks.aws_iam_role_policy_attachment.workers_additional_policies",
            "module.eks.aws_security_group.cluster",
            "module.eks.aws_security_group.workers",
            "module.eks.aws_security_group_rule.cluster_egress_internet",
            "module.eks.aws_security_group_rule.cluster_https_worker_ingress",
            "module.eks.aws_security_group_rule.cluster_primary_ingress_workers",
            "module.eks.aws_security_group_rule.workers_egress_internet",
            "module.eks.aws_security_group_rule.workers_ingress_cluster",
            "module.eks.aws_security_group_rule.workers_ingress_cluster_https",
            "module.eks.aws_security_group_rule.workers_ingress_cluster_kubelet",
            "module.eks.aws_security_group_rule.workers_ingress_cluster_primary",
            "module.eks.aws_security_group_rule.workers_ingress_self",
            "module.eks.data.aws_ami.eks_worker",
            "module.eks.data.aws_ami.eks_worker_windows",
            "module.eks.data.aws_iam_instance_profile.custom_worker_group_iam_instance_profile",
            "module.eks.data.aws_iam_policy_document.cluster_assume_role_policy",
            "module.eks.data.aws_iam_policy_document.workers_assume_role_policy",
            "module.eks.data.aws_iam_role.custom_cluster_iam_role",
            "module.eks.data.aws_partition.current",
            "module.vpc.aws_subnet.private",
            "module.vpc.aws_vpc.this",
            "module.vpc.aws_vpc_ipv4_cidr_block_association.this",
            "random_string.suffix"
          ],
          "create_before_destroy": true
        },
        {
          "index_key": 0,
          "deposed": "baa09a20",
          "schema_version": 0,
          "attributes": {
            "arn": "arn:aws:autoscaling:us-east-2:865587657226:launchConfiguration:e18fbe98-88a5-4a62-b6a4-6eaf2c3384a5:launchConfigurationName/jasonb2-eks-NRUg9y2v-jaseb-group-120230224104640829100000017",
            "associate_public_ip_address": false,
            "ebs_block_device": [],
            "ebs_optimized": false,
            "enable_monitoring": true,
            "ephemeral_block_device": [],
            "iam_instance_profile": "jasonb2-eks-NRUg9y2v20230224104640011400000011",
            "id": "jasonb2-eks-NRUg9y2v-jaseb-group-120230224104640829100000017",
            "image_id": "ami-0a3ff7ea25e73f7de",
            "instance_type": "t2.small",
            "key_name": "",
            "metadata_options": [
              {
                "http_endpoint": "enabled",
                "http_put_response_hop_limit": 1,
                "http_tokens": "optional"
              }
            ],
            "name": "jasonb2-eks-NRUg9y2v-jaseb-group-120230224104640829100000017",
            "name_prefix": "jasonb2-eks-NRUg9y2v-jaseb-group-1",
            "placement_tenancy": "",
            "root_block_device": [
              {
                "delete_on_termination": true,
                "encrypted": false,
                "iops": 0,
                "throughput": 0,
                "volume_size": 100,
                "volume_type": "gp2"
              }
            ],
            "security_groups": [
              "sg-058c6357f4458f5fa",
              "sg-07696ad7f5f38c6d0"
            ],
            "spot_price": "",
            "user_data": null,
            "user_data_base64": "IyEvYmluL2Jhc2ggLWUKCiMgQWxsb3cgdXNlciBzdXBwbGllZCBwcmUgdXNlcmRhdGEgY29kZQoKCiMgQm9vdHN0cmFwIGFuZCBqb2luIHRoZSBjbHVzdGVyCi9ldGMvZWtzL2Jvb3RzdHJhcC5zaCAtLWI2NC1jbHVzdGVyLWNhICdMUzB0TFMxQ1JVZEpUaUJEUlZKVVNVWkpRMEZVUlMwdExTMHRDazFKU1VNdmFrTkRRV1ZoWjBGM1NVSkJaMGxDUVVSQlRrSm5hM0ZvYTJsSE9YY3dRa0ZSYzBaQlJFRldUVkpOZDBWUldVUldVVkZFUlhkd2NtUlhTbXdLWTIwMWJHUkhWbnBOUWpSWVJGUkplazFFU1hsT1JFVjNUa1JKZUU1V2IxaEVWRTE2VFVSSmVVMVVSWGRPUkVsNFRsWnZkMFpVUlZSTlFrVkhRVEZWUlFwQmVFMUxZVE5XYVZwWVNuVmFXRkpzWTNwRFEwRlRTWGRFVVZsS1MyOWFTV2gyWTA1QlVVVkNRbEZCUkdkblJWQkJSRU5EUVZGdlEyZG5SVUpCVGs5TkNtcExiekZpV0U5aVoyMDJVelF2YWswMlIwOHdkV0V2V0hCcFJHOHJUbFZuVTFJMlNtMVdhM2hvVUZZMVlrNUxXbkpFZDIxMVpXSjVjQzlJYzNBM2JWRUtkVFU1V1dKVmRHMVZMMjFJVFV0bmJqUnhaMjR5TkRkUE5FY3ZWVTlxTVhkUVN6UndjVWRLUWtSQ1ZTdDNkMDFaVFc1cmNUa3dhRGhrVUhGb2NqaEtVUXBZUVZwaVdWZzJUVmhOUVhGd2FXSmhiMVUwTUhFNFpuTkpVbkpJTmtwa2RHVjJia2x0YWpOblNEbFhTRFJKTUZoSFZIVnFiV2gxY2pCMFUxSk5WVVpGQ2pWeVQweHBOMU13ZEVjd1IzVnBlV3RUU2pCMGVrbFNTbmcwT0VKcVdVMUdRVVIyY2pkNFprUXhUMlI2UzNadVJWSTNkVmh2VmxneVkyVnFWM2RUV2pRS2FIRnBSREJMWkZSSlMzVmpSR1puZDA4eVNXVmxhVWxzYW5aYU1qbEdTRmxSVkRWSGNrTkRWelJoVlM5eVIwWmpORVUxUjFGWVIwbE1heko1VXpWQ1ZncGxjR3huZWpsbVpsWXhURlpaVFRkVE4wdHJRMEYzUlVGQllVNWFUVVpqZDBSbldVUldVakJRUVZGSUwwSkJVVVJCWjB0clRVRTRSMEV4VldSRmQwVkNDaTkzVVVaTlFVMUNRV1k0ZDBoUldVUldVakJQUWtKWlJVWkZhRkZYT1dOdlJEbE5WV1JEWVZwVVVuWnBMMWcyUldzclEyWk5RbFZIUVRGVlpFVlJVVThLVFVGNVEwTnRkREZaYlZaNVltMVdNRnBZVFhkRVVWbEtTMjlhU1doMlkwNUJVVVZNUWxGQlJHZG5SVUpCU21kTVFVMTNTakZuZVVoQ2VreG5jeXRoTndwSk1qWmxWaTloZDB0QlJqbFVNbE40ZDFGNlFubDBaV05aTjBkUVIzWnJXakZXTjNKcFlVeGtLMjFpZURKdlZFMVpUMGhHVEd4MWJIUkRTVlp1WVhsWkNsaHVNbTFKZUVJclZ6ZFpUWEZxWTJkaWJuZzNSa1ZGVm5sQmFFcHVNbTgyWlV4R01scDZaWHBuWVhoSlpYVkJhVXBsUkRsYWVsTnBNSEpVV1V0bWNXY0tTMVZRTUVOck9VMXpUV1pwTkZWcWFERlhPRkZOTUVjMlpDczRkMFZGUjBKaVYzVTNSVmRaU1RSd1FtTlBkelp5Y2s5TWNEVk1jelpoWmpjeVJHcHRZd3AwZFZJMFRGRkVkVzlDZUdJMldHZ3JWM3A2UlVrck5uRlVka2xTVTI5dFVFNTFTSGs1VUVGNFlYTmhTazlpZWtSTldXVnBNbWRtYVhSalJsRnlka3MyQ2sxMVdubFZLekJEVmxOMlpub3dlRFZMY0RGTVdWcFVSazh2ZGtrMlFYQnVZVEZMU3l0VVZtOHZjRXh0UmxjeWNXcEJNWHBGTW01UFIxQkRPR2xCUWswS2FsaHpQUW90TFMwdExVVk9SQ0JEUlZKVVNVWkpRMEZVUlMwdExTMHRDZz09JyAtLWFwaXNlcnZlci1lbmRwb2ludCAnaHR0cHM6Ly82RkE4RTIwQTJEM0Q5MERDN0RGQzZCMzlCNzYxQkU1Mi5zazEudXMtZWFzdC0yLmVrcy5hbWF6b25hd3MuY29tJyAgLS1rdWJlbGV0LWV4dHJhLWFyZ3MgIiIgJ2phc29uYjItZWtzLU5SVWc5eTJ2JwoKIyBBbGxvdyB1c2VyIHN1cHBsaWVkIHVzZXJkYXRhIGNvZGUKZWNobyBmb28gYmFyCg==",
            "vpc_classic_link_id": "",
            "vpc_classic_link_security_groups": []
          },
          "sensitive_attributes": [],
          "private": "bnVsbA==",
          "dependencies": [
            "aws_security_group.worker_group_mgmt_one",
            "aws_security_group.worker_group_mgmt_two",
            "data.aws_availability_zones.available",
            "module.eks.aws_cloudwatch_log_group.this",
            "module.eks.aws_eks_cluster.this",
            "module.eks.aws_iam_instance_profile.workers",
            "module.eks.aws_iam_role.cluster",
            "module.eks.aws_iam_role.workers",
            "module.eks.aws_iam_role_policy_attachment.cluster_AmazonEKSClusterPolicy",
            "module.eks.aws_iam_role_policy_attachment.cluster_AmazonEKSServicePolicy",
            "module.eks.aws_iam_role_policy_attachment.cluster_AmazonEKSVPCResourceControllerPolicy",
            "module.eks.aws_iam_role_policy_attachment.workers_AmazonEC2ContainerRegistryReadOnly",
            "module.eks.aws_iam_role_policy_attachment.workers_AmazonEKSWorkerNodePolicy",
            "module.eks.aws_iam_role_policy_attachment.workers_AmazonEKS_CNI_Policy",
            "module.eks.aws_iam_role_policy_attachment.workers_additional_policies",
            "module.eks.aws_security_group.cluster",
            "module.eks.aws_security_group.workers",
            "module.eks.aws_security_group_rule.cluster_egress_internet",
            "module.eks.aws_security_group_rule.cluster_https_worker_ingress",
            "module.eks.aws_security_group_rule.cluster_primary_ingress_workers",
            "module.eks.aws_security_group_rule.workers_egress_internet",
            "module.eks.aws_security_group_rule.workers_ingress_cluster",
            "module.eks.aws_security_group_rule.workers_ingress_cluster_https",
            "module.eks.aws_security_group_rule.workers_ingress_cluster_kubelet",
            "module.eks.aws_security_group_rule.workers_ingress_cluster_primary",
            "module.eks.aws_security_group_rule.workers_ingress_self",
            "module.eks.data.aws_ami.eks_worker",
            "module.eks.data.aws_ami.eks_worker_windows",
            "module.eks.data.aws_iam_instance_profile.custom_worker_group_iam_instance_profile",
            "module.eks.data.aws_iam_policy_document.cluster_assume_role_policy",
            "module.eks.data.aws_iam_policy_document.workers_assume_role_policy",
            "module.eks.data.aws_iam_role.custom_cluster_iam_role",
            "module.eks.data.aws_partition.current",
            "module.vpc.aws_subnet.private",
            "module.vpc.aws_vpc.this",
            "module.vpc.aws_vpc_ipv4_cidr_block_association.this",
            "random_string.suffix"
          ],
          "create_before_destroy": true
        },
        {
          "index_key": 1,
          "schema_version": 0,
          "attributes": {
            "arn": "arn:aws:autoscaling:us-east-2:865587657226:launchConfiguration:804ddadc-7420-459b-905f-d35a5011eb31:launchConfigurationName/jasonb3-eks-NRUg9y2v-jaseb-group-220230224120549844500000011",
            "associate_public_ip_address": false,
            "ebs_block_device": [],
            "ebs_optimized": false,
            "enable_monitoring": true,
            "ephemeral_block_device": [],
            "iam_instance_profile": "jasonb3-eks-NRUg9y2v2023022412054895270000000d",
            "id": "jasonb3-eks-NRUg9y2v-jaseb-group-220230224120549844500000011",
            "image_id": "ami-0a3ff7ea25e73f7de",
            "instance_type": "t2.medium",
            "key_name": "",
            "metadata_options": [
              {
                "http_endpoint": "enabled",
                "http_put_response_hop_limit": 1,
                "http_tokens": "optional"
              }
            ],
            "name": "jasonb3-eks-NRUg9y2v-jaseb-group-220230224120549844500000011",
            "name_prefix": "jasonb3-eks-NRUg9y2v-jaseb-group-2",
            "placement_tenancy": "",
            "root_block_device": [
              {
                "delete_on_termination": true,
                "encrypted": false,
                "iops": 0,
                "throughput": 0,
                "volume_size": 100,
                "volume_type": "gp2"
              }
            ],
            "security_groups": [
              "sg-0234f7ddaa9d09029",
              "sg-0c29932dd7407e38b"
            ],
            "spot_price": "",
            "user_data": null,
            "user_data_base64": "IyEvYmluL2Jhc2ggLWUKCiMgQWxsb3cgdXNlciBzdXBwbGllZCBwcmUgdXNlcmRhdGEgY29kZQoKCiMgQm9vdHN0cmFwIGFuZCBqb2luIHRoZSBjbHVzdGVyCi9ldGMvZWtzL2Jvb3RzdHJhcC5zaCAtLWI2NC1jbHVzdGVyLWNhICdMUzB0TFMxQ1JVZEpUaUJEUlZKVVNVWkpRMEZVUlMwdExTMHRDazFKU1VNdmFrTkRRV1ZoWjBGM1NVSkJaMGxDUVVSQlRrSm5hM0ZvYTJsSE9YY3dRa0ZSYzBaQlJFRldUVkpOZDBWUldVUldVVkZFUlhkd2NtUlhTbXdLWTIwMWJHUkhWbnBOUWpSWVJGUkplazFFU1hsT1JFVjVUVVJGZWs1c2IxaEVWRTE2VFVSSmVVMVVSWGxOUkVWNlRteHZkMFpVUlZSTlFrVkhRVEZWUlFwQmVFMUxZVE5XYVZwWVNuVmFXRkpzWTNwRFEwRlRTWGRFVVZsS1MyOWFTV2gyWTA1QlVVVkNRbEZCUkdkblJWQkJSRU5EUVZGdlEyZG5SVUpCU3pKVENqaGxPR1IwZG5sQ01uSnJUeTgxTmtGQlZqRkRkV0l6T1RWNGRIZHZVa1ZNYW01MVluUjJhbWx3U1VGeVZFWklORVZFZERsTVdWVllPVE5XZERkNVRqUUtRblpLZDA5c1FtUjJSa3RwYTBVcmFtaFZTVkZNVG5SMVRETkdhREp0YlZGV09EQlNlVlI0YTNFeU9VVjZhVTFSYlZKdlVFVk1RVWwzWW1kRWVWWnFlQXBtWWs5MWNWSjNSemRXYVcxaVRrSlNOamw1TjFCd1NtNVZSbEJaWXpOd1RqaGpZemRGSzBwUlFXUllaMFk0TW5CV09GZFZNM2xOWlZoamMzUlNNMmcwQ21KbWN6ZDNWbXBEUTFsT00xWjNjMUZqU2xCVVVWaEVSRXAzZHpob2NVZHJhSG8zVDI1dkwyTnhhWEZQWjFwQ1ZqRXJkM1ZLTVZac2FqbHpTVmxvV0cwS2JFeEpVVVJETTJ4cVdFUllRM0ZrTTFoR1RVcE5NRk0yVVc5SmJsUTFSV1pESzBaSWNYZHdNV1pXU0ZCQ1VEVmFiSGhUZUVKcGIwMTJRVUpYTjNGaVNncFNkVTB6ZGs1SVprVnRNbEpuV25VNWRpdHpRMEYzUlVGQllVNWFUVVpqZDBSbldVUldVakJRUVZGSUwwSkJVVVJCWjB0clRVRTRSMEV4VldSRmQwVkNDaTkzVVVaTlFVMUNRV1k0ZDBoUldVUldVakJQUWtKWlJVWkpkMmhHVEcxVlVqZEpZMU4zVDNOVWVXd3dkREp4VGxCRk5VWk5RbFZIUVRGVlpFVlJVVThLVFVGNVEwTnRkREZaYlZaNVltMVdNRnBZVFhkRVVWbEtTMjlhU1doMlkwNUJVVVZNUWxGQlJHZG5SVUpCUWpNM1IyVmtORWhSV0hVd1NXcFlNRXBzVkFvek1WZEZXazV5TURneldqRkZSVGcwVG5ndmJGQk1ZWFU1T0cxT2VtVmtRbEZZYlc0Mk5rZFRVMU5TYTFOeGR6VjNUVXRQWVZadldDOHpXbXhXYlhsc0NtVkNTM29yTWxKa01XVjFRVE5RVm1zd1drTjBjbWxNYWt4RWQySjBiRlp3UTFweGVXZzVRVFJtYkhWb00xcHFWUzltTDBFME9HOWtiRGM0TmtOc1UwZ0tlR2xYT1RsTUwyTnlhVGh5WjJST1pIbHVUekI1YW5KR00zaFRhRmhVZDIxbGNtRXJWbEZCV1ZoTFdFaEVLMmxRV0dkQmRITkdSRGMxZWxKQ1dGSkdaQW92V25GNGNYRlhkbnBaVUZsYVJXaFBlR1J5Wm1JMlJrdHBRME5KY2t4SVp6RjVRbHBhVURsMFR6TkdjMnMxVlVWaGJUUTRVbE5hUTFsbVkxRTNOREl4Q2xWME9XWk1Rekl2Y3pOR2JqSkZjMDlQZVRack1URjBjSGhrUzJGTU5tZFZaRFpCWlZncmJFbzFaVE5XVlhrNE4yaEpRMkZFT0hvekwxQlJhbHBJWXpNS1lWZEZQUW90TFMwdExVVk9SQ0JEUlZKVVNVWkpRMEZVUlMwdExTMHRDZz09JyAtLWFwaXNlcnZlci1lbmRwb2ludCAnaHR0cHM6Ly8wRkI1QzAwQjBEQUZEMjA1ODc4RkU3M0Q0MkMxMkNCMy5ncjcudXMtZWFzdC0yLmVrcy5hbWF6b25hd3MuY29tJyAgLS1rdWJlbGV0LWV4dHJhLWFyZ3MgIiIgJ2phc29uYjMtZWtzLU5SVWc5eTJ2JwoKIyBBbGxvdyB1c2VyIHN1cHBsaWVkIHVzZXJkYXRhIGNvZGUKZWNobyBmb28gYmFyCg==",
            "vpc_classic_link_id": "",
            "vpc_classic_link_security_groups": null
          },
          "sensitive_attributes": [],
          "private": "bnVsbA==",
          "dependencies": [
            "aws_security_group.worker_group_mgmt_one",
            "aws_security_group.worker_group_mgmt_two",
            "data.aws_availability_zones.available",
            "module.eks.aws_cloudwatch_log_group.this",
            "module.eks.aws_eks_cluster.this",
            "module.eks.aws_iam_instance_profile.workers",
            "module.eks.aws_iam_role.cluster",
            "module.eks.aws_iam_role.workers",
            "module.eks.aws_iam_role_policy_attachment.cluster_AmazonEKSClusterPolicy",
            "module.eks.aws_iam_role_policy_attachment.cluster_AmazonEKSServicePolicy",
            "module.eks.aws_iam_role_policy_attachment.cluster_AmazonEKSVPCResourceControllerPolicy",
            "module.eks.aws_iam_role_policy_attachment.workers_AmazonEC2ContainerRegistryReadOnly",
            "module.eks.aws_iam_role_policy_attachment.workers_AmazonEKSWorkerNodePolicy",
            "module.eks.aws_iam_role_policy_attachment.workers_AmazonEKS_CNI_Policy",
            "module.eks.aws_iam_role_policy_attachment.workers_additional_policies",
            "module.eks.aws_security_group.cluster",
            "module.eks.aws_security_group.workers",
            "module.eks.aws_security_group_rule.cluster_egress_internet",
            "module.eks.aws_security_group_rule.cluster_https_worker_ingress",
            "module.eks.aws_security_group_rule.cluster_primary_ingress_workers",
            "module.eks.aws_security_group_rule.workers_egress_internet",
            "module.eks.aws_security_group_rule.workers_ingress_cluster",
            "module.eks.aws_security_group_rule.workers_ingress_cluster_https",
            "module.eks.aws_security_group_rule.workers_ingress_cluster_kubelet",
            "module.eks.aws_security_group_rule.workers_ingress_cluster_primary",
            "module.eks.aws_security_group_rule.workers_ingress_self",
            "module.eks.data.aws_ami.eks_worker",
            "module.eks.data.aws_ami.eks_worker_windows",
            "module.eks.data.aws_iam_instance_profile.custom_worker_group_iam_instance_profile",
            "module.eks.data.aws_iam_policy_document.cluster_assume_role_policy",
            "module.eks.data.aws_iam_policy_document.workers_assume_role_policy",
            "module.eks.data.aws_iam_role.custom_cluster_iam_role",
            "module.eks.data.aws_partition.current",
            "module.vpc.aws_subnet.private",
            "module.vpc.aws_vpc.this",
            "module.vpc.aws_vpc_ipv4_cidr_block_association.this",
            "random_string.suffix"
          ],
          "create_before_destroy": true
        },
        {
          "index_key": 1,
          "deposed": "eace7dd6",
          "schema_version": 0,
          "attributes": {
            "arn": "arn:aws:autoscaling:us-east-2:865587657226:launchConfiguration:73c46ee4-3db2-43da-9d29-9ed90f0ff57b:launchConfigurationName/jasonb2-eks-NRUg9y2v-jaseb-group-220230224104640829100000016",
            "associate_public_ip_address": false,
            "ebs_block_device": [],
            "ebs_optimized": false,
            "enable_monitoring": true,
            "ephemeral_block_device": [],
            "iam_instance_profile": "jasonb2-eks-NRUg9y2v20230224104640011500000012",
            "id": "jasonb2-eks-NRUg9y2v-jaseb-group-220230224104640829100000016",
            "image_id": "ami-0a3ff7ea25e73f7de",
            "instance_type": "t2.medium",
            "key_name": "",
            "metadata_options": [
              {
                "http_endpoint": "enabled",
                "http_put_response_hop_limit": 1,
                "http_tokens": "optional"
              }
            ],
            "name": "jasonb2-eks-NRUg9y2v-jaseb-group-220230224104640829100000016",
            "name_prefix": "jasonb2-eks-NRUg9y2v-jaseb-group-2",
            "placement_tenancy": "",
            "root_block_device": [
              {
                "delete_on_termination": true,
                "encrypted": false,
                "iops": 0,
                "throughput": 0,
                "volume_size": 100,
                "volume_type": "gp2"
              }
            ],
            "security_groups": [
              "sg-0234f7ddaa9d09029",
              "sg-058c6357f4458f5fa"
            ],
            "spot_price": "",
            "user_data": null,
            "user_data_base64": "IyEvYmluL2Jhc2ggLWUKCiMgQWxsb3cgdXNlciBzdXBwbGllZCBwcmUgdXNlcmRhdGEgY29kZQoKCiMgQm9vdHN0cmFwIGFuZCBqb2luIHRoZSBjbHVzdGVyCi9ldGMvZWtzL2Jvb3RzdHJhcC5zaCAtLWI2NC1jbHVzdGVyLWNhICdMUzB0TFMxQ1JVZEpUaUJEUlZKVVNVWkpRMEZVUlMwdExTMHRDazFKU1VNdmFrTkRRV1ZoWjBGM1NVSkJaMGxDUVVSQlRrSm5hM0ZvYTJsSE9YY3dRa0ZSYzBaQlJFRldUVkpOZDBWUldVUldVVkZFUlhkd2NtUlhTbXdLWTIwMWJHUkhWbnBOUWpSWVJGUkplazFFU1hsT1JFVjNUa1JKZUU1V2IxaEVWRTE2VFVSSmVVMVVSWGRPUkVsNFRsWnZkMFpVUlZSTlFrVkhRVEZWUlFwQmVFMUxZVE5XYVZwWVNuVmFXRkpzWTNwRFEwRlRTWGRFVVZsS1MyOWFTV2gyWTA1QlVVVkNRbEZCUkdkblJWQkJSRU5EUVZGdlEyZG5SVUpCVGs5TkNtcExiekZpV0U5aVoyMDJVelF2YWswMlIwOHdkV0V2V0hCcFJHOHJUbFZuVTFJMlNtMVdhM2hvVUZZMVlrNUxXbkpFZDIxMVpXSjVjQzlJYzNBM2JWRUtkVFU1V1dKVmRHMVZMMjFJVFV0bmJqUnhaMjR5TkRkUE5FY3ZWVTlxTVhkUVN6UndjVWRLUWtSQ1ZTdDNkMDFaVFc1cmNUa3dhRGhrVUhGb2NqaEtVUXBZUVZwaVdWZzJUVmhOUVhGd2FXSmhiMVUwTUhFNFpuTkpVbkpJTmtwa2RHVjJia2x0YWpOblNEbFhTRFJKTUZoSFZIVnFiV2gxY2pCMFUxSk5WVVpGQ2pWeVQweHBOMU13ZEVjd1IzVnBlV3RUU2pCMGVrbFNTbmcwT0VKcVdVMUdRVVIyY2pkNFprUXhUMlI2UzNadVJWSTNkVmh2VmxneVkyVnFWM2RUV2pRS2FIRnBSREJMWkZSSlMzVmpSR1puZDA4eVNXVmxhVWxzYW5aYU1qbEdTRmxSVkRWSGNrTkRWelJoVlM5eVIwWmpORVUxUjFGWVIwbE1heko1VXpWQ1ZncGxjR3huZWpsbVpsWXhURlpaVFRkVE4wdHJRMEYzUlVGQllVNWFUVVpqZDBSbldVUldVakJRUVZGSUwwSkJVVVJCWjB0clRVRTRSMEV4VldSRmQwVkNDaTkzVVVaTlFVMUNRV1k0ZDBoUldVUldVakJQUWtKWlJVWkZhRkZYT1dOdlJEbE5WV1JEWVZwVVVuWnBMMWcyUldzclEyWk5RbFZIUVRGVlpFVlJVVThLVFVGNVEwTnRkREZaYlZaNVltMVdNRnBZVFhkRVVWbEtTMjlhU1doMlkwNUJVVVZNUWxGQlJHZG5SVUpCU21kTVFVMTNTakZuZVVoQ2VreG5jeXRoTndwSk1qWmxWaTloZDB0QlJqbFVNbE40ZDFGNlFubDBaV05aTjBkUVIzWnJXakZXTjNKcFlVeGtLMjFpZURKdlZFMVpUMGhHVEd4MWJIUkRTVlp1WVhsWkNsaHVNbTFKZUVJclZ6ZFpUWEZxWTJkaWJuZzNSa1ZGVm5sQmFFcHVNbTgyWlV4R01scDZaWHBuWVhoSlpYVkJhVXBsUkRsYWVsTnBNSEpVV1V0bWNXY0tTMVZRTUVOck9VMXpUV1pwTkZWcWFERlhPRkZOTUVjMlpDczRkMFZGUjBKaVYzVTNSVmRaU1RSd1FtTlBkelp5Y2s5TWNEVk1jelpoWmpjeVJHcHRZd3AwZFZJMFRGRkVkVzlDZUdJMldHZ3JWM3A2UlVrck5uRlVka2xTVTI5dFVFNTFTSGs1VUVGNFlYTmhTazlpZWtSTldXVnBNbWRtYVhSalJsRnlka3MyQ2sxMVdubFZLekJEVmxOMlpub3dlRFZMY0RGTVdWcFVSazh2ZGtrMlFYQnVZVEZMU3l0VVZtOHZjRXh0UmxjeWNXcEJNWHBGTW01UFIxQkRPR2xCUWswS2FsaHpQUW90TFMwdExVVk9SQ0JEUlZKVVNVWkpRMEZVUlMwdExTMHRDZz09JyAtLWFwaXNlcnZlci1lbmRwb2ludCAnaHR0cHM6Ly82RkE4RTIwQTJEM0Q5MERDN0RGQzZCMzlCNzYxQkU1Mi5zazEudXMtZWFzdC0yLmVrcy5hbWF6b25hd3MuY29tJyAgLS1rdWJlbGV0LWV4dHJhLWFyZ3MgIiIgJ2phc29uYjItZWtzLU5SVWc5eTJ2JwoKIyBBbGxvdyB1c2VyIHN1cHBsaWVkIHVzZXJkYXRhIGNvZGUKZWNobyBmb28gYmFyCg==",
            "vpc_classic_link_id": "",
            "vpc_classic_link_security_groups": []
          },
          "sensitive_attributes": [],
          "private": "bnVsbA==",
          "dependencies": [
            "aws_security_group.worker_group_mgmt_one",
            "aws_security_group.worker_group_mgmt_two",
            "data.aws_availability_zones.available",
            "module.eks.aws_cloudwatch_log_group.this",
            "module.eks.aws_eks_cluster.this",
            "module.eks.aws_iam_instance_profile.workers",
            "module.eks.aws_iam_role.cluster",
            "module.eks.aws_iam_role.workers",
            "module.eks.aws_iam_role_policy_attachment.cluster_AmazonEKSClusterPolicy",
            "module.eks.aws_iam_role_policy_attachment.cluster_AmazonEKSServicePolicy",
            "module.eks.aws_iam_role_policy_attachment.cluster_AmazonEKSVPCResourceControllerPolicy",
            "module.eks.aws_iam_role_policy_attachment.workers_AmazonEC2ContainerRegistryReadOnly",
            "module.eks.aws_iam_role_policy_attachment.workers_AmazonEKSWorkerNodePolicy",
            "module.eks.aws_iam_role_policy_attachment.workers_AmazonEKS_CNI_Policy",
            "module.eks.aws_iam_role_policy_attachment.workers_additional_policies",
            "module.eks.aws_security_group.cluster",
            "module.eks.aws_security_group.workers",
            "module.eks.aws_security_group_rule.cluster_egress_internet",
            "module.eks.aws_security_group_rule.cluster_https_worker_ingress",
            "module.eks.aws_security_group_rule.cluster_primary_ingress_workers",
            "module.eks.aws_security_group_rule.workers_egress_internet",
            "module.eks.aws_security_group_rule.workers_ingress_cluster",
            "module.eks.aws_security_group_rule.workers_ingress_cluster_https",
            "module.eks.aws_security_group_rule.workers_ingress_cluster_kubelet",
            "module.eks.aws_security_group_rule.workers_ingress_cluster_primary",
            "module.eks.aws_security_group_rule.workers_ingress_self",
            "module.eks.data.aws_ami.eks_worker",
            "module.eks.data.aws_ami.eks_worker_windows",
            "module.eks.data.aws_iam_instance_profile.custom_worker_group_iam_instance_profile",
            "module.eks.data.aws_iam_policy_document.cluster_assume_role_policy",
            "module.eks.data.aws_iam_policy_document.workers_assume_role_policy",
            "module.eks.data.aws_iam_role.custom_cluster_iam_role",
            "module.eks.data.aws_partition.current",
            "module.vpc.aws_subnet.private",
            "module.vpc.aws_vpc.this",
            "module.vpc.aws_vpc_ipv4_cidr_block_association.this",
            "random_string.suffix"
          ],
          "create_before_destroy": true
        }
      ]
    },
    {
      "module": "module.eks",
      "mode": "managed",
      "type": "aws_security_group",
      "name": "cluster",
      "provider": "provider[\"registry.terraform.io/hashicorp/aws\"]",
      "instances": [
        {
          "index_key": 0,
          "schema_version": 1,
          "attributes": {
            "arn": "arn:aws:ec2:us-east-2:865587657226:security-group/sg-0507e535914c1122b",
            "description": "EKS cluster security group.",
            "egress": [],
            "id": "sg-0507e535914c1122b",
            "ingress": [],
            "name": "jasonb3-eks-NRUg9y2v20230224115537156600000005",
            "name_prefix": "jasonb3-eks-NRUg9y2v",
            "owner_id": "865587657226",
            "revoke_rules_on_delete": false,
            "tags": {
              "Name": "jasonb3-eks-NRUg9y2v-eks_cluster_sg"
            },
            "tags_all": {
              "Name": "jasonb3-eks-NRUg9y2v-eks_cluster_sg"
            },
            "timeouts": null,
            "vpc_id": "vpc-060183df0c13be7e3"
          },
          "sensitive_attributes": [],
          "private": "eyJlMmJmYjczMC1lY2FhLTExZTYtOGY4OC0zNDM2M2JjN2M0YzAiOnsiY3JlYXRlIjo2MDAwMDAwMDAwMDAsImRlbGV0ZSI6OTAwMDAwMDAwMDAwfSwic2NoZW1hX3ZlcnNpb24iOiIxIn0=",
          "dependencies": [
            "module.vpc.aws_vpc.this",
            "random_string.suffix"
          ],
          "create_before_destroy": true
        },
        {
          "index_key": 0,
          "deposed": "3863f171",
          "schema_version": 1,
          "attributes": {
            "arn": "arn:aws:ec2:us-east-2:865587657226:security-group/sg-09bdef28d6e75714c",
            "description": "EKS cluster security group.",
            "egress": [
              {
                "cidr_blocks": [
                  "0.0.0.0/0"
                ],
                "description": "Allow cluster egress access to the Internet.",
                "from_port": 0,
                "ipv6_cidr_blocks": [],
                "prefix_list_ids": [],
                "protocol": "-1",
                "security_groups": [],
                "self": false,
                "to_port": 0
              }
            ],
            "id": "sg-09bdef28d6e75714c",
            "ingress": [
              {
                "cidr_blocks": [],
                "description": "Allow pods to communicate with the EKS cluster API.",
                "from_port": 443,
                "ipv6_cidr_blocks": [],
                "prefix_list_ids": [],
                "protocol": "tcp",
                "security_groups": [
                  "sg-058c6357f4458f5fa"
                ],
                "self": false,
                "to_port": 443
              }
            ],
            "name": "jasonb2-eks-NRUg9y2v2023022410361999540000000e",
            "name_prefix": "jasonb2-eks-NRUg9y2v",
            "owner_id": "865587657226",
            "revoke_rules_on_delete": false,
            "tags": {
              "Name": "jasonb2-eks-NRUg9y2v-eks_cluster_sg"
            },
            "tags_all": {
              "Name": "jasonb2-eks-NRUg9y2v-eks_cluster_sg"
            },
            "timeouts": null,
            "vpc_id": "vpc-060183df0c13be7e3"
          },
          "sensitive_attributes": [],
          "private": "eyJlMmJmYjczMC1lY2FhLTExZTYtOGY4OC0zNDM2M2JjN2M0YzAiOnsiY3JlYXRlIjo2MDAwMDAwMDAwMDAsImRlbGV0ZSI6OTAwMDAwMDAwMDAwfSwic2NoZW1hX3ZlcnNpb24iOiIxIn0=",
          "dependencies": [
            "module.vpc.aws_vpc.this",
            "random_string.suffix"
          ],
          "create_before_destroy": true
        }
      ]
    },
    {
      "module": "module.eks",
      "mode": "managed",
      "type": "aws_security_group",
      "name": "workers",
      "provider": "provider[\"registry.terraform.io/hashicorp/aws\"]",
      "instances": [
        {
          "index_key": 0,
          "schema_version": 1,
          "attributes": {
            "arn": "arn:aws:ec2:us-east-2:865587657226:security-group/sg-0c29932dd7407e38b",
            "description": "Security group for all nodes in the cluster.",
            "egress": [],
            "id": "sg-0c29932dd7407e38b",
            "ingress": [],
            "name": "jasonb3-eks-NRUg9y2v20230224115536465200000004",
            "name_prefix": "jasonb3-eks-NRUg9y2v",
            "owner_id": "865587657226",
            "revoke_rules_on_delete": false,
            "tags": {
              "Name": "jasonb3-eks-NRUg9y2v-eks_worker_sg",
              "kubernetes.io/cluster/jasonb3-eks-NRUg9y2v": "owned"
            },
            "tags_all": {
              "Name": "jasonb3-eks-NRUg9y2v-eks_worker_sg",
              "kubernetes.io/cluster/jasonb3-eks-NRUg9y2v": "owned"
            },
            "timeouts": null,
            "vpc_id": "vpc-060183df0c13be7e3"
          },
          "sensitive_attributes": [],
          "private": "eyJlMmJmYjczMC1lY2FhLTExZTYtOGY4OC0zNDM2M2JjN2M0YzAiOnsiY3JlYXRlIjo2MDAwMDAwMDAwMDAsImRlbGV0ZSI6OTAwMDAwMDAwMDAwfSwic2NoZW1hX3ZlcnNpb24iOiIxIn0=",
          "dependencies": [
            "module.vpc.aws_vpc.this",
            "random_string.suffix"
          ],
          "create_before_destroy": true
        },
        {
          "index_key": 0,
          "deposed": "e36e3a1a",
          "schema_version": 1,
          "attributes": {
            "arn": "arn:aws:ec2:us-east-2:865587657226:security-group/sg-058c6357f4458f5fa",
            "description": "Security group for all nodes in the cluster.",
            "egress": [
              {
                "cidr_blocks": [
                  "0.0.0.0/0"
                ],
                "description": "Allow nodes all egress to the Internet.",
                "from_port": 0,
                "ipv6_cidr_blocks": [],
                "prefix_list_ids": [],
                "protocol": "-1",
                "security_groups": [],
                "self": false,
                "to_port": 0
              }
            ],
            "id": "sg-058c6357f4458f5fa",
            "ingress": [
              {
                "cidr_blocks": [],
                "description": "Allow node to communicate with each other.",
                "from_port": 0,
                "ipv6_cidr_blocks": [],
                "prefix_list_ids": [],
                "protocol": "-1",
                "security_groups": [],
                "self": true,
                "to_port": 0
              },
              {
                "cidr_blocks": [],
                "description": "Allow pods running extension API servers on port 443 to receive communication from cluster control plane.",
                "from_port": 443,
                "ipv6_cidr_blocks": [],
                "prefix_list_ids": [],
                "protocol": "tcp",
                "security_groups": [
                  "sg-09bdef28d6e75714c"
                ],
                "self": false,
                "to_port": 443
              },
              {
                "cidr_blocks": [],
                "description": "Allow workers pods to receive communication from the cluster control plane.",
                "from_port": 1025,
                "ipv6_cidr_blocks": [],
                "prefix_list_ids": [],
                "protocol": "tcp",
                "security_groups": [
                  "sg-09bdef28d6e75714c"
                ],
                "self": false,
                "to_port": 65535
              }
            ],
            "name": "jasonb2-eks-NRUg9y2v2023022410362053590000000f",
            "name_prefix": "jasonb2-eks-NRUg9y2v",
            "owner_id": "865587657226",
            "revoke_rules_on_delete": false,
            "tags": {
              "Name": "jasonb2-eks-NRUg9y2v-eks_worker_sg",
              "kubernetes.io/cluster/jasonb2-eks-NRUg9y2v": "owned"
            },
            "tags_all": {
              "Name": "jasonb2-eks-NRUg9y2v-eks_worker_sg",
              "kubernetes.io/cluster/jasonb2-eks-NRUg9y2v": "owned"
            },
            "timeouts": null,
            "vpc_id": "vpc-060183df0c13be7e3"
          },
          "sensitive_attributes": [],
          "private": "eyJlMmJmYjczMC1lY2FhLTExZTYtOGY4OC0zNDM2M2JjN2M0YzAiOnsiY3JlYXRlIjo2MDAwMDAwMDAwMDAsImRlbGV0ZSI6OTAwMDAwMDAwMDAwfSwic2NoZW1hX3ZlcnNpb24iOiIxIn0=",
          "dependencies": [
            "module.vpc.aws_vpc.this",
            "random_string.suffix"
          ],
          "create_before_destroy": true
        }
      ]
    },
    {
      "module": "module.eks",
      "mode": "managed",
      "type": "aws_security_group_rule",
      "name": "cluster_egress_internet",
      "provider": "provider[\"registry.terraform.io/hashicorp/aws\"]",
      "instances": [
        {
          "index_key": 0,
          "schema_version": 2,
          "attributes": {
            "cidr_blocks": [
              "0.0.0.0/0"
            ],
            "description": "Allow cluster egress access to the Internet.",
            "from_port": 0,
            "id": "sgrule-2159031914",
            "ipv6_cidr_blocks": null,
            "prefix_list_ids": null,
            "protocol": "-1",
            "security_group_id": "sg-0507e535914c1122b",
            "self": false,
            "source_security_group_id": null,
            "to_port": 0,
            "type": "egress"
          },
          "sensitive_attributes": [],
          "private": "eyJzY2hlbWFfdmVyc2lvbiI6IjIifQ==",
          "dependencies": [
            "module.eks.aws_security_group.cluster",
            "module.vpc.aws_vpc.this",
            "random_string.suffix"
          ],
          "create_before_destroy": true
        },
        {
          "index_key": 0,
          "deposed": "d2804e86",
          "schema_version": 2,
          "attributes": {
            "cidr_blocks": [
              "0.0.0.0/0"
            ],
            "description": "Allow cluster egress access to the Internet.",
            "from_port": 0,
            "id": "sgrule-3072567222",
            "ipv6_cidr_blocks": [],
            "prefix_list_ids": [],
            "protocol": "-1",
            "security_group_id": "sg-09bdef28d6e75714c",
            "self": false,
            "source_security_group_id": null,
            "to_port": 0,
            "type": "egress"
          },
          "sensitive_attributes": [],
          "private": "eyJzY2hlbWFfdmVyc2lvbiI6IjIifQ==",
          "dependencies": [
            "module.eks.aws_security_group.cluster",
            "module.vpc.aws_vpc.this",
            "random_string.suffix"
          ],
          "create_before_destroy": true
        }
      ]
    },
    {
      "module": "module.eks",
      "mode": "managed",
      "type": "aws_security_group_rule",
      "name": "cluster_https_worker_ingress",
      "provider": "provider[\"registry.terraform.io/hashicorp/aws\"]",
      "instances": [
        {
          "index_key": 0,
          "schema_version": 2,
          "attributes": {
            "cidr_blocks": null,
            "description": "Allow pods to communicate with the EKS cluster API.",
            "from_port": 443,
            "id": "sgrule-3009709597",
            "ipv6_cidr_blocks": null,
            "prefix_list_ids": null,
            "protocol": "tcp",
            "security_group_id": "sg-0507e535914c1122b",
            "self": false,
            "source_security_group_id": "sg-0c29932dd7407e38b",
            "to_port": 443,
            "type": "ingress"
          },
          "sensitive_attributes": [],
          "private": "eyJzY2hlbWFfdmVyc2lvbiI6IjIifQ==",
          "dependencies": [
            "module.eks.aws_security_group.cluster",
            "module.eks.aws_security_group.workers",
            "module.vpc.aws_vpc.this",
            "random_string.suffix"
          ],
          "create_before_destroy": true
        },
        {
          "index_key": 0,
          "deposed": "0e77fba1",
          "schema_version": 2,
          "attributes": {
            "cidr_blocks": [],
            "description": "Allow pods to communicate with the EKS cluster API.",
            "from_port": 443,
            "id": "sgrule-469776975",
            "ipv6_cidr_blocks": [],
            "prefix_list_ids": [],
            "protocol": "tcp",
            "security_group_id": "sg-09bdef28d6e75714c",
            "self": false,
            "source_security_group_id": "sg-058c6357f4458f5fa",
            "to_port": 443,
            "type": "ingress"
          },
          "sensitive_attributes": [],
          "private": "eyJzY2hlbWFfdmVyc2lvbiI6IjIifQ==",
          "dependencies": [
            "module.eks.aws_security_group.cluster",
            "module.eks.aws_security_group.workers",
            "module.vpc.aws_vpc.this",
            "random_string.suffix"
          ],
          "create_before_destroy": true
        }
      ]
    },
    {
      "module": "module.eks",
      "mode": "managed",
      "type": "aws_security_group_rule",
      "name": "workers_egress_internet",
      "provider": "provider[\"registry.terraform.io/hashicorp/aws\"]",
      "instances": [
        {
          "index_key": 0,
          "schema_version": 2,
          "attributes": {
            "cidr_blocks": [
              "0.0.0.0/0"
            ],
            "description": "Allow nodes all egress to the Internet.",
            "from_port": 0,
            "id": "sgrule-2356478583",
            "ipv6_cidr_blocks": null,
            "prefix_list_ids": null,
            "protocol": "-1",
            "security_group_id": "sg-0c29932dd7407e38b",
            "self": false,
            "source_security_group_id": null,
            "to_port": 0,
            "type": "egress"
          },
          "sensitive_attributes": [],
          "private": "eyJzY2hlbWFfdmVyc2lvbiI6IjIifQ==",
          "dependencies": [
            "module.eks.aws_security_group.workers",
            "module.vpc.aws_vpc.this",
            "random_string.suffix"
          ],
          "create_before_destroy": true
        },
        {
          "index_key": 0,
          "deposed": "efeaed25",
          "schema_version": 2,
          "attributes": {
            "cidr_blocks": [
              "0.0.0.0/0"
            ],
            "description": "Allow nodes all egress to the Internet.",
            "from_port": 0,
            "id": "sgrule-3991624654",
            "ipv6_cidr_blocks": [],
            "prefix_list_ids": [],
            "protocol": "-1",
            "security_group_id": "sg-058c6357f4458f5fa",
            "self": false,
            "source_security_group_id": null,
            "to_port": 0,
            "type": "egress"
          },
          "sensitive_attributes": [],
          "private": "eyJzY2hlbWFfdmVyc2lvbiI6IjIifQ==",
          "dependencies": [
            "module.eks.aws_security_group.workers",
            "module.vpc.aws_vpc.this",
            "random_string.suffix"
          ],
          "create_before_destroy": true
        }
      ]
    },
    {
      "module": "module.eks",
      "mode": "managed",
      "type": "aws_security_group_rule",
      "name": "workers_ingress_cluster",
      "provider": "provider[\"registry.terraform.io/hashicorp/aws\"]",
      "instances": [
        {
          "index_key": 0,
          "schema_version": 2,
          "attributes": {
            "cidr_blocks": null,
            "description": "Allow workers pods to receive communication from the cluster control plane.",
            "from_port": 1025,
            "id": "sgrule-3998431101",
            "ipv6_cidr_blocks": null,
            "prefix_list_ids": null,
            "protocol": "tcp",
            "security_group_id": "sg-0c29932dd7407e38b",
            "self": false,
            "source_security_group_id": "sg-0507e535914c1122b",
            "to_port": 65535,
            "type": "ingress"
          },
          "sensitive_attributes": [],
          "private": "eyJzY2hlbWFfdmVyc2lvbiI6IjIifQ==",
          "dependencies": [
            "module.eks.aws_security_group.cluster",
            "module.eks.aws_security_group.workers",
            "module.vpc.aws_vpc.this",
            "random_string.suffix"
          ],
          "create_before_destroy": true
        },
        {
          "index_key": 0,
          "deposed": "4db79083",
          "schema_version": 2,
          "attributes": {
            "cidr_blocks": [],
            "description": "Allow workers pods to receive communication from the cluster control plane.",
            "from_port": 1025,
            "id": "sgrule-1167004921",
            "ipv6_cidr_blocks": [],
            "prefix_list_ids": [],
            "protocol": "tcp",
            "security_group_id": "sg-058c6357f4458f5fa",
            "self": false,
            "source_security_group_id": "sg-09bdef28d6e75714c",
            "to_port": 65535,
            "type": "ingress"
          },
          "sensitive_attributes": [],
          "private": "eyJzY2hlbWFfdmVyc2lvbiI6IjIifQ==",
          "dependencies": [
            "module.eks.aws_security_group.cluster",
            "module.eks.aws_security_group.workers",
            "module.vpc.aws_vpc.this",
            "random_string.suffix"
          ],
          "create_before_destroy": true
        }
      ]
    },
    {
      "module": "module.eks",
      "mode": "managed",
      "type": "aws_security_group_rule",
      "name": "workers_ingress_cluster_https",
      "provider": "provider[\"registry.terraform.io/hashicorp/aws\"]",
      "instances": [
        {
          "index_key": 0,
          "schema_version": 2,
          "attributes": {
            "cidr_blocks": null,
            "description": "Allow pods running extension API servers on port 443 to receive communication from cluster control plane.",
            "from_port": 443,
            "id": "sgrule-1464046344",
            "ipv6_cidr_blocks": null,
            "prefix_list_ids": null,
            "protocol": "tcp",
            "security_group_id": "sg-0c29932dd7407e38b",
            "self": false,
            "source_security_group_id": "sg-0507e535914c1122b",
            "to_port": 443,
            "type": "ingress"
          },
          "sensitive_attributes": [],
          "private": "eyJzY2hlbWFfdmVyc2lvbiI6IjIifQ==",
          "dependencies": [
            "module.eks.aws_security_group.cluster",
            "module.eks.aws_security_group.workers",
            "module.vpc.aws_vpc.this",
            "random_string.suffix"
          ],
          "create_before_destroy": true
        },
        {
          "index_key": 0,
          "deposed": "a1e827db",
          "schema_version": 2,
          "attributes": {
            "cidr_blocks": [],
            "description": "Allow pods running extension API servers on port 443 to receive communication from cluster control plane.",
            "from_port": 443,
            "id": "sgrule-1671287779",
            "ipv6_cidr_blocks": [],
            "prefix_list_ids": [],
            "protocol": "tcp",
            "security_group_id": "sg-058c6357f4458f5fa",
            "self": false,
            "source_security_group_id": "sg-09bdef28d6e75714c",
            "to_port": 443,
            "type": "ingress"
          },
          "sensitive_attributes": [],
          "private": "eyJzY2hlbWFfdmVyc2lvbiI6IjIifQ==",
          "dependencies": [
            "module.eks.aws_security_group.cluster",
            "module.eks.aws_security_group.workers",
            "module.vpc.aws_vpc.this",
            "random_string.suffix"
          ],
          "create_before_destroy": true
        }
      ]
    },
    {
      "module": "module.eks",
      "mode": "managed",
      "type": "aws_security_group_rule",
      "name": "workers_ingress_self",
      "provider": "provider[\"registry.terraform.io/hashicorp/aws\"]",
      "instances": [
        {
          "index_key": 0,
          "schema_version": 2,
          "attributes": {
            "cidr_blocks": null,
            "description": "Allow node to communicate with each other.",
            "from_port": 0,
            "id": "sgrule-4094720126",
            "ipv6_cidr_blocks": null,
            "prefix_list_ids": null,
            "protocol": "-1",
            "security_group_id": "sg-0c29932dd7407e38b",
            "self": false,
            "source_security_group_id": "sg-0c29932dd7407e38b",
            "to_port": 65535,
            "type": "ingress"
          },
          "sensitive_attributes": [],
          "private": "eyJzY2hlbWFfdmVyc2lvbiI6IjIifQ==",
          "dependencies": [
            "module.eks.aws_security_group.workers",
            "module.vpc.aws_vpc.this",
            "random_string.suffix"
          ],
          "create_before_destroy": true
        },
        {
          "index_key": 0,
          "deposed": "41557206",
          "schema_version": 2,
          "attributes": {
            "cidr_blocks": [],
            "description": "Allow node to communicate with each other.",
            "from_port": 0,
            "id": "sgrule-456729203",
            "ipv6_cidr_blocks": [],
            "prefix_list_ids": [],
            "protocol": "-1",
            "security_group_id": "sg-058c6357f4458f5fa",
            "self": false,
            "source_security_group_id": "sg-058c6357f4458f5fa",
            "to_port": 0,
            "type": "ingress"
          },
          "sensitive_attributes": [],
          "private": "eyJzY2hlbWFfdmVyc2lvbiI6IjIifQ==",
          "dependencies": [
            "module.eks.aws_security_group.workers",
            "module.vpc.aws_vpc.this",
            "random_string.suffix"
          ],
          "create_before_destroy": true
        }
      ]
    },
    {
      "module": "module.eks",
      "mode": "managed",
      "type": "kubernetes_config_map",
      "name": "aws_auth",
      "provider": "provider[\"registry.terraform.io/hashicorp/kubernetes\"]",
      "instances": [
        {
          "index_key": 0,
          "schema_version": 0,
          "attributes": {
            "binary_data": null,
            "data": {
              "mapAccounts": "[]\n",
              "mapRoles": "- \"groups\":\n  - \"system:bootstrappers\"\n  - \"system:nodes\"\n  \"rolearn\": \"arn:aws:iam::865587657226:role/jasonb3-eks-NRUg9y2v2023022412054761970000000b\"\n  \"username\": \"system:node:{{EC2PrivateDNSName}}\"\n",
              "mapUsers": "[]\n"
            },
            "id": "kube-system/aws-auth",
            "metadata": [
              {
                "annotations": null,
                "generate_name": "",
                "generation": 0,
                "labels": {
                  "app.kubernetes.io/managed-by": "Terraform",
                  "terraform.io/module": "terraform-aws-modules.eks.aws"
                },
                "name": "aws-auth",
                "namespace": "kube-system",
                "resource_version": "1072",
                "uid": "2f390770-9154-43ff-9e99-d84a684132ec"
              }
            ]
          },
          "sensitive_attributes": [],
          "private": "bnVsbA==",
          "dependencies": [
            "aws_security_group.worker_group_mgmt_one",
            "aws_security_group.worker_group_mgmt_two",
            "data.aws_availability_zones.available",
            "data.aws_eks_cluster.cluster",
            "data.aws_eks_cluster_auth.cluster",
            "module.eks.aws_cloudwatch_log_group.this",
            "module.eks.aws_eks_cluster.this",
            "module.eks.aws_iam_instance_profile.workers",
            "module.eks.aws_iam_instance_profile.workers_launch_template",
            "module.eks.aws_iam_role.cluster",
            "module.eks.aws_iam_role.workers",
            "module.eks.aws_iam_role_policy_attachment.cluster_AmazonEKSClusterPolicy",
            "module.eks.aws_iam_role_policy_attachment.cluster_AmazonEKSServicePolicy",
            "module.eks.aws_iam_role_policy_attachment.cluster_AmazonEKSVPCResourceControllerPolicy",
            "module.eks.aws_iam_role_policy_attachment.workers_AmazonEC2ContainerRegistryReadOnly",
            "module.eks.aws_iam_role_policy_attachment.workers_AmazonEKSWorkerNodePolicy",
            "module.eks.aws_iam_role_policy_attachment.workers_AmazonEKS_CNI_Policy",
            "module.eks.aws_security_group.cluster",
            "module.eks.aws_security_group.workers",
            "module.eks.aws_security_group_rule.cluster_egress_internet",
            "module.eks.aws_security_group_rule.cluster_https_worker_ingress",
            "module.eks.aws_security_group_rule.cluster_private_access_cidrs_source",
            "module.eks.aws_security_group_rule.cluster_private_access_sg_source",
            "module.eks.data.aws_ami.eks_worker",
            "module.eks.data.aws_ami.eks_worker_windows",
            "module.eks.data.aws_caller_identity.current",
            "module.eks.data.aws_iam_instance_profile.custom_worker_group_iam_instance_profile",
            "module.eks.data.aws_iam_instance_profile.custom_worker_group_launch_template_iam_instance_profile",
            "module.eks.data.aws_iam_policy_document.cluster_assume_role_policy",
            "module.eks.data.aws_iam_policy_document.workers_assume_role_policy",
            "module.eks.data.aws_iam_role.custom_cluster_iam_role",
            "module.eks.data.aws_partition.current",
            "module.eks.data.http.wait_for_cluster",
            "module.eks.module.fargate.aws_iam_role.eks_fargate_pod",
            "module.eks.module.fargate.data.aws_iam_role.custom_fargate_iam_role",
            "module.vpc.aws_subnet.private",
            "module.vpc.aws_vpc.this",
            "module.vpc.aws_vpc_ipv4_cidr_block_association.this",
            "random_string.suffix"
          ]
        }
      ]
    },
    {
      "module": "module.eks",
      "mode": "managed",
      "type": "local_file",
      "name": "kubeconfig",
      "provider": "provider[\"registry.terraform.io/hashicorp/local\"]",
      "instances": [
        {
          "index_key": 0,
          "schema_version": 0,
          "attributes": {
            "content": "apiVersion: v1\npreferences: {}\nkind: Config\n\nclusters:\n- cluster:\n    server: https://0FB5C00B0DAFD205878FE73D42C12CB3.gr7.us-east-2.eks.amazonaws.com\n    certificate-authority-data: LS0tLS1CRUdJTiBDRVJUSUZJQ0FURS0tLS0tCk1JSUMvakNDQWVhZ0F3SUJBZ0lCQURBTkJna3Foa2lHOXcwQkFRc0ZBREFWTVJNd0VRWURWUVFERXdwcmRXSmwKY201bGRHVnpNQjRYRFRJek1ESXlOREV5TURFek5sb1hEVE16TURJeU1URXlNREV6Tmxvd0ZURVRNQkVHQTFVRQpBeE1LYTNWaVpYSnVaWFJsY3pDQ0FTSXdEUVlKS29aSWh2Y05BUUVCQlFBRGdnRVBBRENDQVFvQ2dnRUJBSzJTCjhlOGR0dnlCMnJrTy81NkFBVjFDdWIzOTV4dHdvUkVMam51YnR2amlwSUFyVEZINEVEdDlMWVVYOTNWdDd5TjQKQnZKd09sQmR2Rktpa0UramhVSVFMTnR1TDNGaDJtbVFWODBSeVR4a3EyOUV6aU1RbVJvUEVMQUl3YmdEeVZqeApmYk91cVJ3RzdWaW1iTkJSNjl5N1BwSm5VRlBZYzNwTjhjYzdFK0pRQWRYZ0Y4MnBWOFdVM3lNZVhjc3RSM2g0CmJmczd3VmpDQ1lOM1Z3c1FjSlBUUVhEREp3dzhocUdraHo3T25vL2NxaXFPZ1pCVjErd3VKMVZsajlzSVloWG0KbExJUURDM2xqWERYQ3FkM1hGTUpNMFM2UW9JblQ1RWZDK0ZIcXdwMWZWSFBCUDVabHhTeEJpb012QUJXN3FiSgpSdU0zdk5IZkVtMlJnWnU5ditzQ0F3RUFBYU5aTUZjd0RnWURWUjBQQVFIL0JBUURBZ0trTUE4R0ExVWRFd0VCCi93UUZNQU1CQWY4d0hRWURWUjBPQkJZRUZJd2hGTG1VUjdJY1N3T3NUeWwwdDJxTlBFNUZNQlVHQTFVZEVRUU8KTUF5Q0NtdDFZbVZ5Ym1WMFpYTXdEUVlKS29aSWh2Y05BUUVMQlFBRGdnRUJBQjM3R2VkNEhRWHUwSWpYMEpsVAozMVdFWk5yMDgzWjFFRTg0TngvbFBMYXU5OG1OemVkQlFYbW42NkdTU1NSa1NxdzV3TUtPYVZvWC8zWmxWbXlsCmVCS3orMlJkMWV1QTNQVmswWkN0cmlMakxEd2J0bFZwQ1pxeWg5QTRmbHVoM1pqVS9mL0E0OG9kbDc4NkNsU0gKeGlXOTlML2NyaThyZ2ROZHluTzB5anJGM3hTaFhUd21lcmErVlFBWVhLWEhEK2lQWGdBdHNGRDc1elJCWFJGZAovWnF4cXFXdnpZUFlaRWhPeGRyZmI2RktpQ0NJckxIZzF5QlpaUDl0TzNGc2s1VUVhbTQ4UlNaQ1lmY1E3NDIxClV0OWZMQzIvczNGbjJFc09PeTZrMTF0cHhkS2FMNmdVZDZBZVgrbEo1ZTNWVXk4N2hJQ2FEOHozL1BRalpIYzMKYVdFPQotLS0tLUVORCBDRVJUSUZJQ0FURS0tLS0tCg==\n  name: eks_jasonb3-eks-NRUg9y2v\n\ncontexts:\n- context:\n    cluster: eks_jasonb3-eks-NRUg9y2v\n    user: eks_jasonb3-eks-NRUg9y2v\n  name: eks_jasonb3-eks-NRUg9y2v\n\ncurrent-context: eks_jasonb3-eks-NRUg9y2v\n\nusers:\n- name: eks_jasonb3-eks-NRUg9y2v\n  user:\n    exec:\n      apiVersion: client.authentication.k8s.io/v1alpha1\n      command: aws-iam-authenticator\n      args:\n        - \"token\"\n        - \"-i\"\n        - \"jasonb3-eks-NRUg9y2v\"\n",
            "content_base64": null,
            "directory_permission": "0755",
            "file_permission": "0600",
            "filename": "./kubeconfig_jasonb3-eks-NRUg9y2v",
            "id": "9498cea0730837f5d68658cf18e5dcb552982501",
            "sensitive_content": null,
            "source": null
          },
          "sensitive_attributes": [],
          "private": "bnVsbA==",
          "dependencies": [
            "data.aws_availability_zones.available",
            "module.eks.aws_cloudwatch_log_group.this",
            "module.eks.aws_eks_cluster.this",
            "module.eks.aws_iam_role.cluster",
            "module.eks.aws_iam_role_policy_attachment.cluster_AmazonEKSClusterPolicy",
            "module.eks.aws_iam_role_policy_attachment.cluster_AmazonEKSServicePolicy",
            "module.eks.aws_iam_role_policy_attachment.cluster_AmazonEKSVPCResourceControllerPolicy",
            "module.eks.aws_security_group.cluster",
            "module.eks.aws_security_group.workers",
            "module.eks.aws_security_group_rule.cluster_egress_internet",
            "module.eks.aws_security_group_rule.cluster_https_worker_ingress",
            "module.eks.data.aws_iam_policy_document.cluster_assume_role_policy",
            "module.eks.data.aws_iam_role.custom_cluster_iam_role",
            "module.eks.data.aws_partition.current",
            "module.vpc.aws_subnet.private",
            "module.vpc.aws_vpc.this",
            "module.vpc.aws_vpc_ipv4_cidr_block_association.this",
            "random_string.suffix"
          ]
        }
      ]
    },
    {
      "module": "module.eks.module.fargate",
      "mode": "data",
      "type": "aws_partition",
      "name": "current",
      "provider": "provider[\"registry.terraform.io/hashicorp/aws\"]",
      "instances": [
        {
          "schema_version": 0,
          "attributes": {
            "dns_suffix": "amazonaws.com",
            "id": "aws",
            "partition": "aws",
            "reverse_dns_prefix": "com.amazonaws"
          },
          "sensitive_attributes": []
        }
      ]
    },
    {
      "module": "module.vpc",
      "mode": "managed",
      "type": "aws_eip",
      "name": "nat",
      "provider": "provider[\"registry.terraform.io/hashicorp/aws\"]",
      "instances": [
        {
          "index_key": 0,
          "schema_version": 0,
          "attributes": {
            "address": null,
            "allocation_id": "eipalloc-018054e3c74c2afc0",
            "associate_with_private_ip": null,
            "association_id": "eipassoc-0ead2124d98919432",
            "carrier_ip": "",
            "customer_owned_ip": "",
            "customer_owned_ipv4_pool": "",
            "domain": "vpc",
            "id": "eipalloc-018054e3c74c2afc0",
            "instance": "",
            "network_border_group": "us-east-2",
            "network_interface": "eni-076d80da46d60170c",
            "private_dns": "ip-10-0-4-188.us-east-2.compute.internal",
            "private_ip": "10.0.4.188",
            "public_dns": "ec2-3-140-53-245.us-east-2.compute.amazonaws.com",
            "public_ip": "3.140.53.245",
            "public_ipv4_pool": "amazon",
            "tags": {
              "Name": "jasonb-vpc-us-east-2a",
              "kubernetes.io/cluster/jasonb3-eks-NRUg9y2v": "shared"
            },
            "tags_all": {
              "Name": "jasonb-vpc-us-east-2a",
              "kubernetes.io/cluster/jasonb3-eks-NRUg9y2v": "shared"
            },
            "timeouts": null,
            "vpc": true
          },
          "sensitive_attributes": [],
          "private": "eyJlMmJmYjczMC1lY2FhLTExZTYtOGY4OC0zNDM2M2JjN2M0YzAiOnsiZGVsZXRlIjoxODAwMDAwMDAwMDAsInJlYWQiOjkwMDAwMDAwMDAwMCwidXBkYXRlIjozMDAwMDAwMDAwMDB9fQ==",
          "dependencies": [
            "data.aws_availability_zones.available",
            "random_string.suffix"
          ]
        }
      ]
    },
    {
      "module": "module.vpc",
      "mode": "managed",
      "type": "aws_internet_gateway",
      "name": "this",
      "provider": "provider[\"registry.terraform.io/hashicorp/aws\"]",
      "instances": [
        {
          "index_key": 0,
          "schema_version": 0,
          "attributes": {
            "arn": "arn:aws:ec2:us-east-2:865587657226:internet-gateway/igw-02d038e4424d8c401",
            "id": "igw-02d038e4424d8c401",
            "owner_id": "865587657226",
            "tags": {
              "Name": "jasonb-vpc",
              "kubernetes.io/cluster/jasonb3-eks-NRUg9y2v": "shared"
            },
            "tags_all": {
              "Name": "jasonb-vpc",
              "kubernetes.io/cluster/jasonb3-eks-NRUg9y2v": "shared"
            },
            "vpc_id": "vpc-060183df0c13be7e3"
          },
          "sensitive_attributes": [],
          "private": "bnVsbA==",
          "dependencies": [
            "module.vpc.aws_vpc.this",
            "module.vpc.aws_vpc_ipv4_cidr_block_association.this",
            "random_string.suffix"
          ]
        }
      ]
    },
    {
      "module": "module.vpc",
      "mode": "managed",
      "type": "aws_nat_gateway",
      "name": "this",
      "provider": "provider[\"registry.terraform.io/hashicorp/aws\"]",
      "instances": [
        {
          "index_key": 0,
          "schema_version": 0,
          "attributes": {
            "allocation_id": "eipalloc-018054e3c74c2afc0",
            "connectivity_type": "public",
            "id": "nat-0e1ce41e930f680e5",
            "network_interface_id": "eni-076d80da46d60170c",
            "private_ip": "10.0.4.188",
            "public_ip": "3.140.53.245",
            "subnet_id": "subnet-0bacb39bedfc6c8ae",
            "tags": {
              "Name": "jasonb-vpc-us-east-2a",
              "kubernetes.io/cluster/jasonb3-eks-NRUg9y2v": "shared"
            },
            "tags_all": {
              "Name": "jasonb-vpc-us-east-2a",
              "kubernetes.io/cluster/jasonb3-eks-NRUg9y2v": "shared"
            }
          },
          "sensitive_attributes": [],
          "private": "bnVsbA==",
          "dependencies": [
            "data.aws_availability_zones.available",
            "module.vpc.aws_eip.nat",
            "module.vpc.aws_internet_gateway.this",
            "module.vpc.aws_subnet.public",
            "module.vpc.aws_vpc.this",
            "module.vpc.aws_vpc_ipv4_cidr_block_association.this",
            "random_string.suffix"
          ]
        }
      ]
    },
    {
      "module": "module.vpc",
      "mode": "managed",
      "type": "aws_route",
      "name": "private_nat_gateway",
      "provider": "provider[\"registry.terraform.io/hashicorp/aws\"]",
      "instances": [
        {
          "index_key": 0,
          "schema_version": 0,
          "attributes": {
            "carrier_gateway_id": "",
            "core_network_arn": "",
            "destination_cidr_block": "0.0.0.0/0",
            "destination_ipv6_cidr_block": "",
            "destination_prefix_list_id": "",
            "egress_only_gateway_id": "",
            "gateway_id": "",
            "id": "r-rtb-03be205651bd7b97d1080289494",
            "instance_id": "",
            "instance_owner_id": "",
            "local_gateway_id": "",
            "nat_gateway_id": "nat-0e1ce41e930f680e5",
            "network_interface_id": "",
            "origin": "CreateRoute",
            "route_table_id": "rtb-03be205651bd7b97d",
            "state": "active",
            "timeouts": {
              "create": "5m",
              "delete": null,
              "update": null
            },
            "transit_gateway_id": "",
            "vpc_endpoint_id": "",
            "vpc_peering_connection_id": ""
          },
          "sensitive_attributes": [],
          "private": "eyJlMmJmYjczMC1lY2FhLTExZTYtOGY4OC0zNDM2M2JjN2M0YzAiOnsiY3JlYXRlIjozMDAwMDAwMDAwMDAsImRlbGV0ZSI6MzAwMDAwMDAwMDAwLCJ1cGRhdGUiOjEyMDAwMDAwMDAwMH19",
          "dependencies": [
            "data.aws_availability_zones.available",
            "module.vpc.aws_eip.nat",
            "module.vpc.aws_internet_gateway.this",
            "module.vpc.aws_nat_gateway.this",
            "module.vpc.aws_route_table.private",
            "module.vpc.aws_subnet.public",
            "module.vpc.aws_vpc.this",
            "module.vpc.aws_vpc_ipv4_cidr_block_association.this",
            "random_string.suffix"
          ]
        }
      ]
    },
    {
      "module": "module.vpc",
      "mode": "managed",
      "type": "aws_route",
      "name": "public_internet_gateway",
      "provider": "provider[\"registry.terraform.io/hashicorp/aws\"]",
      "instances": [
        {
          "index_key": 0,
          "schema_version": 0,
          "attributes": {
            "carrier_gateway_id": "",
            "core_network_arn": "",
            "destination_cidr_block": "0.0.0.0/0",
            "destination_ipv6_cidr_block": "",
            "destination_prefix_list_id": "",
            "egress_only_gateway_id": "",
            "gateway_id": "igw-02d038e4424d8c401",
            "id": "r-rtb-0f7dad895aceb67b21080289494",
            "instance_id": "",
            "instance_owner_id": "",
            "local_gateway_id": "",
            "nat_gateway_id": "",
            "network_interface_id": "",
            "origin": "CreateRoute",
            "route_table_id": "rtb-0f7dad895aceb67b2",
            "state": "active",
            "timeouts": {
              "create": "5m",
              "delete": null,
              "update": null
            },
            "transit_gateway_id": "",
            "vpc_endpoint_id": "",
            "vpc_peering_connection_id": ""
          },
          "sensitive_attributes": [],
          "private": "eyJlMmJmYjczMC1lY2FhLTExZTYtOGY4OC0zNDM2M2JjN2M0YzAiOnsiY3JlYXRlIjozMDAwMDAwMDAwMDAsImRlbGV0ZSI6MzAwMDAwMDAwMDAwLCJ1cGRhdGUiOjEyMDAwMDAwMDAwMH19",
          "dependencies": [
            "module.vpc.aws_internet_gateway.this",
            "module.vpc.aws_route_table.public",
            "module.vpc.aws_vpc.this",
            "module.vpc.aws_vpc_ipv4_cidr_block_association.this",
            "random_string.suffix"
          ]
        }
      ]
    },
    {
      "module": "module.vpc",
      "mode": "managed",
      "type": "aws_route_table",
      "name": "private",
      "provider": "provider[\"registry.terraform.io/hashicorp/aws\"]",
      "instances": [
        {
          "index_key": 0,
          "schema_version": 0,
          "attributes": {
            "arn": "arn:aws:ec2:us-east-2:865587657226:route-table/rtb-03be205651bd7b97d",
            "id": "rtb-03be205651bd7b97d",
            "owner_id": "865587657226",
            "propagating_vgws": [],
            "route": [
              {
                "carrier_gateway_id": "",
                "cidr_block": "0.0.0.0/0",
                "core_network_arn": "",
                "destination_prefix_list_id": "",
                "egress_only_gateway_id": "",
                "gateway_id": "",
                "instance_id": "",
                "ipv6_cidr_block": "",
                "local_gateway_id": "",
                "nat_gateway_id": "nat-0e1ce41e930f680e5",
                "network_interface_id": "",
                "transit_gateway_id": "",
                "vpc_endpoint_id": "",
                "vpc_peering_connection_id": ""
              }
            ],
            "tags": {
              "Name": "jasonb-vpc-private",
              "kubernetes.io/cluster/jasonb3-eks-NRUg9y2v": "shared"
            },
            "tags_all": {
              "Name": "jasonb-vpc-private",
              "kubernetes.io/cluster/jasonb3-eks-NRUg9y2v": "shared"
            },
            "timeouts": null,
            "vpc_id": "vpc-060183df0c13be7e3"
          },
          "sensitive_attributes": [],
          "private": "eyJlMmJmYjczMC1lY2FhLTExZTYtOGY4OC0zNDM2M2JjN2M0YzAiOnsiY3JlYXRlIjozMDAwMDAwMDAwMDAsImRlbGV0ZSI6MzAwMDAwMDAwMDAwLCJ1cGRhdGUiOjEyMDAwMDAwMDAwMH19",
          "dependencies": [
            "data.aws_availability_zones.available",
            "module.vpc.aws_vpc.this",
            "module.vpc.aws_vpc_ipv4_cidr_block_association.this",
            "random_string.suffix"
          ]
        }
      ]
    },
    {
      "module": "module.vpc",
      "mode": "managed",
      "type": "aws_route_table",
      "name": "public",
      "provider": "provider[\"registry.terraform.io/hashicorp/aws\"]",
      "instances": [
        {
          "index_key": 0,
          "schema_version": 0,
          "attributes": {
            "arn": "arn:aws:ec2:us-east-2:865587657226:route-table/rtb-0f7dad895aceb67b2",
            "id": "rtb-0f7dad895aceb67b2",
            "owner_id": "865587657226",
            "propagating_vgws": [],
            "route": [
              {
                "carrier_gateway_id": "",
                "cidr_block": "0.0.0.0/0",
                "core_network_arn": "",
                "destination_prefix_list_id": "",
                "egress_only_gateway_id": "",
                "gateway_id": "igw-02d038e4424d8c401",
                "instance_id": "",
                "ipv6_cidr_block": "",
                "local_gateway_id": "",
                "nat_gateway_id": "",
                "network_interface_id": "",
                "transit_gateway_id": "",
                "vpc_endpoint_id": "",
                "vpc_peering_connection_id": ""
              }
            ],
            "tags": {
              "Name": "jasonb-vpc-public",
              "kubernetes.io/cluster/jasonb3-eks-NRUg9y2v": "shared"
            },
            "tags_all": {
              "Name": "jasonb-vpc-public",
              "kubernetes.io/cluster/jasonb3-eks-NRUg9y2v": "shared"
            },
            "timeouts": null,
            "vpc_id": "vpc-060183df0c13be7e3"
          },
          "sensitive_attributes": [],
          "private": "eyJlMmJmYjczMC1lY2FhLTExZTYtOGY4OC0zNDM2M2JjN2M0YzAiOnsiY3JlYXRlIjozMDAwMDAwMDAwMDAsImRlbGV0ZSI6MzAwMDAwMDAwMDAwLCJ1cGRhdGUiOjEyMDAwMDAwMDAwMH19",
          "dependencies": [
            "module.vpc.aws_vpc.this",
            "module.vpc.aws_vpc_ipv4_cidr_block_association.this",
            "random_string.suffix"
          ]
        }
      ]
    },
    {
      "module": "module.vpc",
      "mode": "managed",
      "type": "aws_route_table_association",
      "name": "private",
      "provider": "provider[\"registry.terraform.io/hashicorp/aws\"]",
      "instances": [
        {
          "index_key": 0,
          "schema_version": 0,
          "attributes": {
            "gateway_id": "",
            "id": "rtbassoc-0b5ab8a0c39d64362",
            "route_table_id": "rtb-03be205651bd7b97d",
            "subnet_id": "subnet-0b209720323343196"
          },
          "sensitive_attributes": [],
          "private": "bnVsbA==",
          "dependencies": [
            "data.aws_availability_zones.available",
            "module.vpc.aws_route_table.private",
            "module.vpc.aws_subnet.private",
            "module.vpc.aws_vpc.this",
            "module.vpc.aws_vpc_ipv4_cidr_block_association.this",
            "random_string.suffix"
          ]
        },
        {
          "index_key": 1,
          "schema_version": 0,
          "attributes": {
            "gateway_id": "",
            "id": "rtbassoc-0e6761f15d5389325",
            "route_table_id": "rtb-03be205651bd7b97d",
            "subnet_id": "subnet-0533174e0708a05bb"
          },
          "sensitive_attributes": [],
          "private": "bnVsbA==",
          "dependencies": [
            "data.aws_availability_zones.available",
            "module.vpc.aws_route_table.private",
            "module.vpc.aws_subnet.private",
            "module.vpc.aws_vpc.this",
            "module.vpc.aws_vpc_ipv4_cidr_block_association.this",
            "random_string.suffix"
          ]
        },
        {
          "index_key": 2,
          "schema_version": 0,
          "attributes": {
            "gateway_id": "",
            "id": "rtbassoc-0bb6abffe151260d5",
            "route_table_id": "rtb-03be205651bd7b97d",
            "subnet_id": "subnet-0941fb936240f4291"
          },
          "sensitive_attributes": [],
          "private": "bnVsbA==",
          "dependencies": [
            "data.aws_availability_zones.available",
            "module.vpc.aws_route_table.private",
            "module.vpc.aws_subnet.private",
            "module.vpc.aws_vpc.this",
            "module.vpc.aws_vpc_ipv4_cidr_block_association.this",
            "random_string.suffix"
          ]
        }
      ]
    },
    {
      "module": "module.vpc",
      "mode": "managed",
      "type": "aws_route_table_association",
      "name": "public",
      "provider": "provider[\"registry.terraform.io/hashicorp/aws\"]",
      "instances": [
        {
          "index_key": 0,
          "schema_version": 0,
          "attributes": {
            "gateway_id": "",
            "id": "rtbassoc-02f3e367161d0f703",
            "route_table_id": "rtb-0f7dad895aceb67b2",
            "subnet_id": "subnet-0bacb39bedfc6c8ae"
          },
          "sensitive_attributes": [],
          "private": "bnVsbA==",
          "dependencies": [
            "data.aws_availability_zones.available",
            "module.vpc.aws_route_table.public",
            "module.vpc.aws_subnet.public",
            "module.vpc.aws_vpc.this",
            "module.vpc.aws_vpc_ipv4_cidr_block_association.this",
            "random_string.suffix"
          ]
        },
        {
          "index_key": 1,
          "schema_version": 0,
          "attributes": {
            "gateway_id": "",
            "id": "rtbassoc-053a30b6e165d322c",
            "route_table_id": "rtb-0f7dad895aceb67b2",
            "subnet_id": "subnet-09e7799cd25f2cadb"
          },
          "sensitive_attributes": [],
          "private": "bnVsbA==",
          "dependencies": [
            "data.aws_availability_zones.available",
            "module.vpc.aws_route_table.public",
            "module.vpc.aws_subnet.public",
            "module.vpc.aws_vpc.this",
            "module.vpc.aws_vpc_ipv4_cidr_block_association.this",
            "random_string.suffix"
          ]
        },
        {
          "index_key": 2,
          "schema_version": 0,
          "attributes": {
            "gateway_id": "",
            "id": "rtbassoc-06d6e0d96925884ab",
            "route_table_id": "rtb-0f7dad895aceb67b2",
            "subnet_id": "subnet-0607d8b0ba6f5a608"
          },
          "sensitive_attributes": [],
          "private": "bnVsbA==",
          "dependencies": [
            "data.aws_availability_zones.available",
            "module.vpc.aws_route_table.public",
            "module.vpc.aws_subnet.public",
            "module.vpc.aws_vpc.this",
            "module.vpc.aws_vpc_ipv4_cidr_block_association.this",
            "random_string.suffix"
          ]
        }
      ]
    },
    {
      "module": "module.vpc",
      "mode": "managed",
      "type": "aws_subnet",
      "name": "private",
      "provider": "provider[\"registry.terraform.io/hashicorp/aws\"]",
      "instances": [
        {
          "index_key": 0,
          "schema_version": 1,
          "attributes": {
            "arn": "arn:aws:ec2:us-east-2:865587657226:subnet/subnet-0b209720323343196",
            "assign_ipv6_address_on_creation": false,
            "availability_zone": "us-east-2a",
            "availability_zone_id": "use2-az1",
            "cidr_block": "10.0.1.0/24",
            "customer_owned_ipv4_pool": "",
            "enable_dns64": false,
            "enable_resource_name_dns_a_record_on_launch": false,
            "enable_resource_name_dns_aaaa_record_on_launch": false,
            "id": "subnet-0b209720323343196",
            "ipv6_cidr_block": "",
            "ipv6_cidr_block_association_id": "",
            "ipv6_native": false,
            "map_customer_owned_ip_on_launch": false,
            "map_public_ip_on_launch": false,
            "outpost_arn": "",
            "owner_id": "865587657226",
            "private_dns_hostname_type_on_launch": "ip-name",
            "tags": {
              "Name": "jasonb-vpc-private-us-east-2a",
              "kubernetes.io/cluster/jasonb3-eks-NRUg9y2v": "shared",
              "kubernetes.io/role/internal-elb": "1"
            },
            "tags_all": {
              "Name": "jasonb-vpc-private-us-east-2a",
              "kubernetes.io/cluster/jasonb3-eks-NRUg9y2v": "shared",
              "kubernetes.io/role/internal-elb": "1"
            },
            "timeouts": null,
            "vpc_id": "vpc-060183df0c13be7e3"
          },
          "sensitive_attributes": [],
          "private": "eyJlMmJmYjczMC1lY2FhLTExZTYtOGY4OC0zNDM2M2JjN2M0YzAiOnsiY3JlYXRlIjo2MDAwMDAwMDAwMDAsImRlbGV0ZSI6MTIwMDAwMDAwMDAwMH0sInNjaGVtYV92ZXJzaW9uIjoiMSJ9",
          "dependencies": [
            "data.aws_availability_zones.available",
            "module.vpc.aws_vpc.this",
            "module.vpc.aws_vpc_ipv4_cidr_block_association.this",
            "random_string.suffix"
          ],
          "create_before_destroy": true
        },
        {
          "index_key": 1,
          "schema_version": 1,
          "attributes": {
            "arn": "arn:aws:ec2:us-east-2:865587657226:subnet/subnet-0533174e0708a05bb",
            "assign_ipv6_address_on_creation": false,
            "availability_zone": "us-east-2b",
            "availability_zone_id": "use2-az2",
            "cidr_block": "10.0.2.0/24",
            "customer_owned_ipv4_pool": "",
            "enable_dns64": false,
            "enable_resource_name_dns_a_record_on_launch": false,
            "enable_resource_name_dns_aaaa_record_on_launch": false,
            "id": "subnet-0533174e0708a05bb",
            "ipv6_cidr_block": "",
            "ipv6_cidr_block_association_id": "",
            "ipv6_native": false,
            "map_customer_owned_ip_on_launch": false,
            "map_public_ip_on_launch": false,
            "outpost_arn": "",
            "owner_id": "865587657226",
            "private_dns_hostname_type_on_launch": "ip-name",
            "tags": {
              "Name": "jasonb-vpc-private-us-east-2b",
              "kubernetes.io/cluster/jasonb3-eks-NRUg9y2v": "shared",
              "kubernetes.io/role/internal-elb": "1"
            },
            "tags_all": {
              "Name": "jasonb-vpc-private-us-east-2b",
              "kubernetes.io/cluster/jasonb3-eks-NRUg9y2v": "shared",
              "kubernetes.io/role/internal-elb": "1"
            },
            "timeouts": null,
            "vpc_id": "vpc-060183df0c13be7e3"
          },
          "sensitive_attributes": [],
          "private": "eyJlMmJmYjczMC1lY2FhLTExZTYtOGY4OC0zNDM2M2JjN2M0YzAiOnsiY3JlYXRlIjo2MDAwMDAwMDAwMDAsImRlbGV0ZSI6MTIwMDAwMDAwMDAwMH0sInNjaGVtYV92ZXJzaW9uIjoiMSJ9",
          "dependencies": [
            "data.aws_availability_zones.available",
            "module.vpc.aws_vpc.this",
            "module.vpc.aws_vpc_ipv4_cidr_block_association.this",
            "random_string.suffix"
          ],
          "create_before_destroy": true
        },
        {
          "index_key": 2,
          "schema_version": 1,
          "attributes": {
            "arn": "arn:aws:ec2:us-east-2:865587657226:subnet/subnet-0941fb936240f4291",
            "assign_ipv6_address_on_creation": false,
            "availability_zone": "us-east-2c",
            "availability_zone_id": "use2-az3",
            "cidr_block": "10.0.3.0/24",
            "customer_owned_ipv4_pool": "",
            "enable_dns64": false,
            "enable_resource_name_dns_a_record_on_launch": false,
            "enable_resource_name_dns_aaaa_record_on_launch": false,
            "id": "subnet-0941fb936240f4291",
            "ipv6_cidr_block": "",
            "ipv6_cidr_block_association_id": "",
            "ipv6_native": false,
            "map_customer_owned_ip_on_launch": false,
            "map_public_ip_on_launch": false,
            "outpost_arn": "",
            "owner_id": "865587657226",
            "private_dns_hostname_type_on_launch": "ip-name",
            "tags": {
              "Name": "jasonb-vpc-private-us-east-2c",
              "kubernetes.io/cluster/jasonb3-eks-NRUg9y2v": "shared",
              "kubernetes.io/role/internal-elb": "1"
            },
            "tags_all": {
              "Name": "jasonb-vpc-private-us-east-2c",
              "kubernetes.io/cluster/jasonb3-eks-NRUg9y2v": "shared",
              "kubernetes.io/role/internal-elb": "1"
            },
            "timeouts": null,
            "vpc_id": "vpc-060183df0c13be7e3"
          },
          "sensitive_attributes": [],
          "private": "eyJlMmJmYjczMC1lY2FhLTExZTYtOGY4OC0zNDM2M2JjN2M0YzAiOnsiY3JlYXRlIjo2MDAwMDAwMDAwMDAsImRlbGV0ZSI6MTIwMDAwMDAwMDAwMH0sInNjaGVtYV92ZXJzaW9uIjoiMSJ9",
          "dependencies": [
            "data.aws_availability_zones.available",
            "module.vpc.aws_vpc.this",
            "module.vpc.aws_vpc_ipv4_cidr_block_association.this",
            "random_string.suffix"
          ],
          "create_before_destroy": true
        }
      ]
    },
    {
      "module": "module.vpc",
      "mode": "managed",
      "type": "aws_subnet",
      "name": "public",
      "provider": "provider[\"registry.terraform.io/hashicorp/aws\"]",
      "instances": [
        {
          "index_key": 0,
          "schema_version": 1,
          "attributes": {
            "arn": "arn:aws:ec2:us-east-2:865587657226:subnet/subnet-0bacb39bedfc6c8ae",
            "assign_ipv6_address_on_creation": false,
            "availability_zone": "us-east-2a",
            "availability_zone_id": "use2-az1",
            "cidr_block": "10.0.4.0/24",
            "customer_owned_ipv4_pool": "",
            "enable_dns64": false,
            "enable_resource_name_dns_a_record_on_launch": false,
            "enable_resource_name_dns_aaaa_record_on_launch": false,
            "id": "subnet-0bacb39bedfc6c8ae",
            "ipv6_cidr_block": "",
            "ipv6_cidr_block_association_id": "",
            "ipv6_native": false,
            "map_customer_owned_ip_on_launch": false,
            "map_public_ip_on_launch": true,
            "outpost_arn": "",
            "owner_id": "865587657226",
            "private_dns_hostname_type_on_launch": "ip-name",
            "tags": {
              "Name": "jasonb-vpc-public-us-east-2a",
              "kubernetes.io/cluster/jasonb3-eks-NRUg9y2v": "shared",
              "kubernetes.io/role/elb": "1"
            },
            "tags_all": {
              "Name": "jasonb-vpc-public-us-east-2a",
              "kubernetes.io/cluster/jasonb3-eks-NRUg9y2v": "shared",
              "kubernetes.io/role/elb": "1"
            },
            "timeouts": null,
            "vpc_id": "vpc-060183df0c13be7e3"
          },
          "sensitive_attributes": [],
          "private": "eyJlMmJmYjczMC1lY2FhLTExZTYtOGY4OC0zNDM2M2JjN2M0YzAiOnsiY3JlYXRlIjo2MDAwMDAwMDAwMDAsImRlbGV0ZSI6MTIwMDAwMDAwMDAwMH0sInNjaGVtYV92ZXJzaW9uIjoiMSJ9",
          "dependencies": [
            "data.aws_availability_zones.available",
            "module.vpc.aws_vpc.this",
            "module.vpc.aws_vpc_ipv4_cidr_block_association.this",
            "random_string.suffix"
          ]
        },
        {
          "index_key": 1,
          "schema_version": 1,
          "attributes": {
            "arn": "arn:aws:ec2:us-east-2:865587657226:subnet/subnet-09e7799cd25f2cadb",
            "assign_ipv6_address_on_creation": false,
            "availability_zone": "us-east-2b",
            "availability_zone_id": "use2-az2",
            "cidr_block": "10.0.5.0/24",
            "customer_owned_ipv4_pool": "",
            "enable_dns64": false,
            "enable_resource_name_dns_a_record_on_launch": false,
            "enable_resource_name_dns_aaaa_record_on_launch": false,
            "id": "subnet-09e7799cd25f2cadb",
            "ipv6_cidr_block": "",
            "ipv6_cidr_block_association_id": "",
            "ipv6_native": false,
            "map_customer_owned_ip_on_launch": false,
            "map_public_ip_on_launch": true,
            "outpost_arn": "",
            "owner_id": "865587657226",
            "private_dns_hostname_type_on_launch": "ip-name",
            "tags": {
              "Name": "jasonb-vpc-public-us-east-2b",
              "kubernetes.io/cluster/jasonb3-eks-NRUg9y2v": "shared",
              "kubernetes.io/role/elb": "1"
            },
            "tags_all": {
              "Name": "jasonb-vpc-public-us-east-2b",
              "kubernetes.io/cluster/jasonb3-eks-NRUg9y2v": "shared",
              "kubernetes.io/role/elb": "1"
            },
            "timeouts": null,
            "vpc_id": "vpc-060183df0c13be7e3"
          },
          "sensitive_attributes": [],
          "private": "eyJlMmJmYjczMC1lY2FhLTExZTYtOGY4OC0zNDM2M2JjN2M0YzAiOnsiY3JlYXRlIjo2MDAwMDAwMDAwMDAsImRlbGV0ZSI6MTIwMDAwMDAwMDAwMH0sInNjaGVtYV92ZXJzaW9uIjoiMSJ9",
          "dependencies": [
            "data.aws_availability_zones.available",
            "module.vpc.aws_vpc.this",
            "module.vpc.aws_vpc_ipv4_cidr_block_association.this",
            "random_string.suffix"
          ]
        },
        {
          "index_key": 2,
          "schema_version": 1,
          "attributes": {
            "arn": "arn:aws:ec2:us-east-2:865587657226:subnet/subnet-0607d8b0ba6f5a608",
            "assign_ipv6_address_on_creation": false,
            "availability_zone": "us-east-2c",
            "availability_zone_id": "use2-az3",
            "cidr_block": "10.0.6.0/24",
            "customer_owned_ipv4_pool": "",
            "enable_dns64": false,
            "enable_resource_name_dns_a_record_on_launch": false,
            "enable_resource_name_dns_aaaa_record_on_launch": false,
            "id": "subnet-0607d8b0ba6f5a608",
            "ipv6_cidr_block": "",
            "ipv6_cidr_block_association_id": "",
            "ipv6_native": false,
            "map_customer_owned_ip_on_launch": false,
            "map_public_ip_on_launch": true,
            "outpost_arn": "",
            "owner_id": "865587657226",
            "private_dns_hostname_type_on_launch": "ip-name",
            "tags": {
              "Name": "jasonb-vpc-public-us-east-2c",
              "kubernetes.io/cluster/jasonb3-eks-NRUg9y2v": "shared",
              "kubernetes.io/role/elb": "1"
            },
            "tags_all": {
              "Name": "jasonb-vpc-public-us-east-2c",
              "kubernetes.io/cluster/jasonb3-eks-NRUg9y2v": "shared",
              "kubernetes.io/role/elb": "1"
            },
            "timeouts": null,
            "vpc_id": "vpc-060183df0c13be7e3"
          },
          "sensitive_attributes": [],
          "private": "eyJlMmJmYjczMC1lY2FhLTExZTYtOGY4OC0zNDM2M2JjN2M0YzAiOnsiY3JlYXRlIjo2MDAwMDAwMDAwMDAsImRlbGV0ZSI6MTIwMDAwMDAwMDAwMH0sInNjaGVtYV92ZXJzaW9uIjoiMSJ9",
          "dependencies": [
            "data.aws_availability_zones.available",
            "module.vpc.aws_vpc.this",
            "module.vpc.aws_vpc_ipv4_cidr_block_association.this",
            "random_string.suffix"
          ]
        }
      ]
    },
    {
      "module": "module.vpc",
      "mode": "managed",
      "type": "aws_vpc",
      "name": "this",
      "provider": "provider[\"registry.terraform.io/hashicorp/aws\"]",
      "instances": [
        {
          "index_key": 0,
          "schema_version": 1,
          "attributes": {
            "arn": "arn:aws:ec2:us-east-2:865587657226:vpc/vpc-060183df0c13be7e3",
            "assign_generated_ipv6_cidr_block": false,
            "cidr_block": "10.0.0.0/16",
            "default_network_acl_id": "acl-0efee999fd4f14184",
            "default_route_table_id": "rtb-0b10f814941e24ee4",
            "default_security_group_id": "sg-027ce450dc85d26fe",
            "dhcp_options_id": "dopt-032f7f6fc12215a94",
            "enable_classiclink": false,
            "enable_classiclink_dns_support": false,
            "enable_dns_hostnames": true,
            "enable_dns_support": true,
            "id": "vpc-060183df0c13be7e3",
            "instance_tenancy": "default",
            "ipv4_ipam_pool_id": null,
            "ipv4_netmask_length": null,
            "ipv6_association_id": "",
            "ipv6_cidr_block": "",
            "ipv6_cidr_block_network_border_group": "",
            "ipv6_ipam_pool_id": "",
            "ipv6_netmask_length": 0,
            "main_route_table_id": "rtb-0b10f814941e24ee4",
            "owner_id": "865587657226",
            "tags": {
              "Name": "jasonb-vpc",
              "kubernetes.io/cluster/jasonb3-eks-NRUg9y2v": "shared"
            },
            "tags_all": {
              "Name": "jasonb-vpc",
              "kubernetes.io/cluster/jasonb3-eks-NRUg9y2v": "shared"
            }
          },
          "sensitive_attributes": [],
          "private": "eyJzY2hlbWFfdmVyc2lvbiI6IjEifQ==",
          "dependencies": [
            "random_string.suffix"
          ],
          "create_before_destroy": true
        }
      ]
    }
  ],
  "check_results": null
}
