{
  "version": 4,
  "terraform_version": "1.3.7",
  "serial": 8,
  "lineage": "40f4799a-b276-f839-adf6-5fc322047068",
  "outputs": {
    "ca_certificate": {
      "value": [
        "-----BEGIN CERTIFICATE-----\nMIIELDCCApSgAwIBAgIQKjCd5qwUveLkkENjoe7dtTANBgkqhkiG9w0BAQsFADAv\nMS0wKwYDVQQDEyRmMmM5Yjg3NC05MmUyLTRkZmYtYWU3NS1mMGY4ZmE1OTEyOTIw\nIBcNMjMwNDEyMTI1MTEzWhgPMjA1MzA0MDQxMzUxMTNaMC8xLTArBgNVBAMTJGYy\nYzliODc0LTkyZTItNGRmZi1hZTc1LWYwZjhmYTU5MTI5MjCCAaIwDQYJKoZIhvcN\nAQEBBQADggGPADCCAYoCggGBAK6095dmdVSEzW52T0qd0Kg8YQu02Xa60eZFjm2r\n7EJ6oLICQoIepNr3Ti9oBSxygPt8PxGHpsz/U9qMF5NX0dGrkZfPZq8xpcw11nYD\n+DNwR9DQ9bsXJobtUqf6cKojLgeXcD9ZNvOoycCG0cj2vdIhts5P/moT/XTasEMS\nH8OvGS181Lpn33ExSvrOr8L88s2xSJW0s50kD4HVieSdC0sguYNev2GDW7ESxl6e\n1CaAwU75t9YuwSHdmpSEvOgtsXlbpa/RRziI+kOJq6g8/kp68RodS4rz1iRM5FdT\n2T/prpOvPYEywhks/LPBypyjz/pOrcVIupxZxwi9ebvLXZ2iTYCmqCEBJT8Upkcm\nZIqibU9QpMLQLOGE0U9k/N07GNG7q/7iBoCAMH0v/mlD+vNcMud5090VTxhgcL2R\nDkzmCPyhJ+fSXPf0FyZ/t3gIuh8ZtHxa7cTol2Edgv4L2WcZy+tT6WL4dsgVwsdd\nxCjOHyVQKI++ZiFdNjqhErDa9wIDAQABo0IwQDAOBgNVHQ8BAf8EBAMCAgQwDwYD\nVR0TAQH/BAUwAwEB/zAdBgNVHQ4EFgQUbmOUKeCohy+vrzGOPpkXoyQu2oowDQYJ\nKoZIhvcNAQELBQADggGBAKqWH0hRhGAjmCtm4lEzul3YikwfgQN3mf1Y9QjqzoiZ\nUaaYfs6pFU8BtVBibNptJjqm2vH2YBAZ3eA8RcIyHjA7z7Gbf+ELuUQQuyqguEq0\nRB2CFks6Ej3RK2tRDT31ZZOjHl+ujNzyBtMNs9j2ZZ8O+wkHosV1HAGwjIwMIvur\nC45JqPc4bB/meG9ceYAkMpjCv95Xkp3ordmmXRknUkrrIWGG4gBXRtzpSK6Dvn5F\nl7H53s3vITzilSWNxVOdERbiPw+ZG6Lu4QdGfDzJjsXIF7ryvHwISCIrHc8gTOv7\nDoJFjoOtn8EwJvX1CnG6J3bgfNS0UsNf1hjpT5PmY+mQVqsIFwabDyO0ydAAoUnJ\nrWd3Zi8ttvmyPL1uCy5y7MhKgJrGqTCNf/iOBTiKTuan0mUnCz58kzsAUVwwZg3g\nj5gJziyaHwSg4xYTGZ6MYDNNZFmVGGiBcy/ngEScKzGfQsnrogTZnkxk0aDWU/+0\nxjRZkI4cPODkp1dz/aQNmg==\n-----END CERTIFICATE-----\n",
        "-----BEGIN CERTIFICATE-----\nMIIELTCCApWgAwIBAgIRAMWALcOOow87xNcFwY8oBTQwDQYJKoZIhvcNAQELBQAw\nLzEtMCsGA1UEAxMkM2U5ZTg2ZjgtZDhkNy00ZGNhLTkzZGQtMjM1MThhMGYzMjNk\nMCAXDTIzMDQxMjEyNTExNVoYDzIwNTMwNDA0MTM1MTE1WjAvMS0wKwYDVQQDEyQz\nZTllODZmOC1kOGQ3LTRkY2EtOTNkZC0yMzUxOGEwZjMyM2QwggGiMA0GCSqGSIb3\nDQEBAQUAA4IBjwAwggGKAoIBgQDeGdtcomWnei1su0NFRJXOKREYSY6k9aAT/z1D\njBITBmaQlI0heqkXQnKDt+5CC4HEPy9pbHgoqzc+ncV106Mto5oRDLciaeTi8jAl\npuxW7J6BpqALhXsUSaj0WNMxHXdwEf3lgFfgoKSEBR8AmtYbc9+JropzsAm8xGUp\nLtuT4COwZIc2dQBUocQCFLzykAL0X2k6mr3d+nQklz/LgT5BDkvvmie1dKMS/BMO\n/QenjWRTuFsgXX+EjDtZWuNXnGRmfaZSFtgMt4KvUnhG6kIulJtgKwNZyB6y1GB8\n+Ih0f2NEY1ypbC19LXYjYsuZ1n+qQxdwGoWR5xvuz6+s6qEH3bjt2xP8kIEFlWOf\nmJ2p+GFNAuruwnV6u9X2gLOwdeY73MuuCQrlERnNKgdEvMEjjv+iCFLMQscfOE1B\nXDp0CfdqNnJWsCMXaPPmAbw5Fq5xlxK3ybtffeFCuQQxNrw5xlOuqDZgejDL/+s6\nvfayG91KPzMX9qKeLPq1qsvJPWMCAwEAAaNCMEAwDgYDVR0PAQH/BAQDAgIEMA8G\nA1UdEwEB/wQFMAMBAf8wHQYDVR0OBBYEFCteH2oNwkj7UN2dVsHuxIqSeQ9aMA0G\nCSqGSIb3DQEBCwUAA4IBgQC0kcX7gTSEkT1tk5LiHZDD2C0VNBcVVMEBsTnMjUCv\nRDZvg2X1SF0iskjKM/SSELZkMugZeOcv4Dk7j/VR6zcK/7H74yCHKb3RDY5DnRK1\nUkFsd87AXkN1vQsMABpZOU7jyAK+1pGghw6tHPA840FON1Z/QlI+WGfyZh5tvI+E\nIe5/l233NplsOjeI7nGRt0zQEnOSlyJbu4HoRMzCW64+VPf4kCtvltd+kX+U9YkM\nhPmvIFSz2e3lE7ebyQDnVAuvND4DMtqfOisijeOaSFKZD3fFL/5ROvSFq2QY/0uV\nzrUHPBMhXWYhJjk89QiPzHoS1ga7rN1P1nZu/S075H9O0XzZ1LSqKGw6xYzMUp0f\nJ3Y1TD3nCtgURvtl29keXkhp24Jqy93A9BHzZ+gyDp3//sY5S0yIqv4JyYwkIrar\nG2kWoaEo1o/bx3ZBWzXpzN/Bc6F+0me5pGyJ+hqix57ZsjEk8NjDUMlzx4dh6oTB\n0BoESTjL1eTvZQEiOHlG+HA=\n-----END CERTIFICATE-----\n"
      ],
      "type": [
        "tuple",
        [
          "string",
          "string"
        ]
      ]
    },
    "cluster_endpoint": {
      "value": [
        "35.233.67.200",
        "34.76.70.37"
      ],
      "type": [
        "tuple",
        [
          "string",
          "string"
        ]
      ]
    },
    "cluster_name": {
      "value": [
        "jaseb-test-0",
        "jaseb-test-1"
      ],
      "type": [
        "tuple",
        [
          "string",
          "string"
        ]
      ]
    },
    "gcloud_command": {
      "value": [
        "gcloud container clusters get-credentials jaseb-test-0 --zone europe-west1-c",
        "gcloud container clusters get-credentials jaseb-test-1 --zone europe-west1-b"
      ],
      "type": [
        "tuple",
        [
          "string",
          "string"
        ]
      ]
    },
    "gcp_zone": {
      "value": [
        "europe-west1-c",
        "europe-west1-b"
      ],
      "type": [
        "tuple",
        [
          "string",
          "string"
        ]
      ]
    },
    "kubeconfig": {
      "value": [
        "apiVersion: v1\nkind: Config\npreferences:\n  colors: true\ncurrent-context: jaseb-test-0-context\ncontexts:\n- context:\n    cluster: jaseb-test-0\n    namespace: default\n    user: admin\n  name: jaseb-test-0-context\nclusters:\n- cluster:\n    server: https://35.233.67.200\n    certificate-authority-data: LS0tLS1CRUdJTiBDRVJUSUZJQ0FURS0tLS0tCk1JSUVMRENDQXBTZ0F3SUJBZ0lRS2pDZDVxd1V2ZUxra0VOam9lN2R0VEFOQmdrcWhraUc5dzBCQVFzRkFEQXYKTVMwd0t3WURWUVFERXlSbU1tTTVZamczTkMwNU1tVXlMVFJrWm1ZdFlXVTNOUzFtTUdZNFptRTFPVEV5T1RJdwpJQmNOTWpNd05ERXlNVEkxTVRFeldoZ1BNakExTXpBME1EUXhNelV4TVROYU1DOHhMVEFyQmdOVkJBTVRKR1l5Cll6bGlPRGMwTFRreVpUSXROR1JtWmkxaFpUYzFMV1l3WmpobVlUVTVNVEk1TWpDQ0FhSXdEUVlKS29aSWh2Y04KQVFFQkJRQURnZ0dQQURDQ0FZb0NnZ0dCQUs2MDk1ZG1kVlNFelc1MlQwcWQwS2c4WVF1MDJYYTYwZVpGam0ycgo3RUo2b0xJQ1FvSWVwTnIzVGk5b0JTeHlnUHQ4UHhHSHBzei9VOXFNRjVOWDBkR3JrWmZQWnE4eHBjdzExbllECitETndSOURROWJzWEpvYnRVcWY2Y0tvakxnZVhjRDlaTnZPb3ljQ0cwY2oydmRJaHRzNVAvbW9UL1hUYXNFTVMKSDhPdkdTMTgxTHBuMzNFeFN2ck9yOEw4OHMyeFNKVzBzNTBrRDRIVmllU2RDMHNndVlOZXYyR0RXN0VTeGw2ZQoxQ2FBd1U3NXQ5WXV3U0hkbXBTRXZPZ3RzWGxicGEvUlJ6aUkra09KcTZnOC9rcDY4Um9kUzRyejFpUk01RmRUCjJUL3BycE92UFlFeXdoa3MvTFBCeXB5anovcE9yY1ZJdXB4Wnh3aTllYnZMWFoyaVRZQ21xQ0VCSlQ4VXBrY20KWklxaWJVOVFwTUxRTE9HRTBVOWsvTjA3R05HN3EvN2lCb0NBTUgwdi9tbEQrdk5jTXVkNTA5MFZUeGhnY0wyUgpEa3ptQ1B5aEorZlNYUGYwRnlaL3QzZ0l1aDhadEh4YTdjVG9sMkVkZ3Y0TDJXY1p5K3RUNldMNGRzZ1Z3c2RkCnhDak9IeVZRS0krK1ppRmROanFoRXJEYTl3SURBUUFCbzBJd1FEQU9CZ05WSFE4QkFmOEVCQU1DQWdRd0R3WUQKVlIwVEFRSC9CQVV3QXdFQi96QWRCZ05WSFE0RUZnUVVibU9VS2VDb2h5K3ZyekdPUHBrWG95UXUyb293RFFZSgpLb1pJaHZjTkFRRUxCUUFEZ2dHQkFLcVdIMGhSaEdBam1DdG00bEV6dWwzWWlrd2ZnUU4zbWYxWTlRanF6b2laClVhYVlmczZwRlU4QnRWQmliTnB0SmpxbTJ2SDJZQkFaM2VBOFJjSXlIakE3ejdHYmYrRUx1VVFRdXlxZ3VFcTAKUkIyQ0ZrczZFajNSSzJ0UkRUMzFaWk9qSGwrdWpOenlCdE1OczlqMlpaOE8rd2tIb3NWMUhBR3dqSXdNSXZ1cgpDNDVKcVBjNGJCL21lRzljZVlBa01wakN2OTVYa3Azb3JkbW1YUmtuVWtycklXR0c0Z0JYUnR6cFNLNkR2bjVGCmw3SDUzczN2SVR6aWxTV054Vk9kRVJiaVB3K1pHNkx1NFFkR2ZEekpqc1hJRjdyeXZId0lTQ0lySGM4Z1RPdjcKRG9KRmpvT3RuOEV3SnZYMUNuRzZKM2JnZk5TMFVzTmYxaGpwVDVQbVkrbVFWcXNJRndhYkR5TzB5ZEFBb1VuSgpyV2QzWmk4dHR2bXlQTDF1Q3k1eTdNaEtnSnJHcVRDTmYvaU9CVGlLVHVhbjBtVW5DejU4a3pzQVVWd3daZzNnCmo1Z0p6aXlhSHdTZzR4WVRHWjZNWUROTlpGbVZHR2lCY3kvbmdFU2NLekdmUXNucm9nVFpua3hrMGFEV1UvKzAKeGpSWmtJNGNQT0RrcDFkei9hUU5tZz09Ci0tLS0tRU5EIENFUlRJRklDQVRFLS0tLS0K\n  name: jaseb-test-0\nusers:\n- name: admin\n  user:\n    auth-provider:\n      config:\n        access-token: ya29.a0Ael9sCMJlB_sEt2VA5Zchdmf8xs2EZrnp04cGE964NHB6as2ZzcJBH1RSRRiCe3RS4dua7107FY67hLWjRRBDhR1rZPJC6guyGz-8Lp4yFV7T6PyDiwtx4-moX4J5I0-EMTNjl6Hkr5IPAKyc7UlMQY784VHep8aCgYKAU4SARESFQF4udJhL9Zn9J8jzNuAr0SJ9kvuYw0166\n        cmd-args: config config-helper --format=json\n        cmd-path: /usr/bin/gcloud\n        expiry-key: '{.credential.token_expiry}'\n        token-key: '{.credential.access_token}'\n      name: gcp\n    # password: \n    # username: admin\n    client-certificate-data: \n    client-key-data: ",
        "apiVersion: v1\nkind: Config\npreferences:\n  colors: true\ncurrent-context: jaseb-test-1-context\ncontexts:\n- context:\n    cluster: jaseb-test-1\n    namespace: default\n    user: admin\n  name: jaseb-test-1-context\nclusters:\n- cluster:\n    server: https://34.76.70.37\n    certificate-authority-data: LS0tLS1CRUdJTiBDRVJUSUZJQ0FURS0tLS0tCk1JSUVMVENDQXBXZ0F3SUJBZ0lSQU1XQUxjT09vdzg3eE5jRndZOG9CVFF3RFFZSktvWklodmNOQVFFTEJRQXcKTHpFdE1Dc0dBMVVFQXhNa00yVTVaVGcyWmpndFpEaGtOeTAwWkdOaExUa3paR1F0TWpNMU1UaGhNR1l6TWpOawpNQ0FYRFRJek1EUXhNakV5TlRFeE5Wb1lEekl3TlRNd05EQTBNVE0xTVRFMVdqQXZNUzB3S3dZRFZRUURFeVF6ClpUbGxPRFptT0Mxa09HUTNMVFJrWTJFdE9UTmtaQzB5TXpVeE9HRXdaak15TTJRd2dnR2lNQTBHQ1NxR1NJYjMKRFFFQkFRVUFBNElCandBd2dnR0tBb0lCZ1FEZUdkdGNvbVduZWkxc3UwTkZSSlhPS1JFWVNZNms5YUFUL3oxRApqQklUQm1hUWxJMGhlcWtYUW5LRHQrNUNDNEhFUHk5cGJIZ29xemMrbmNWMTA2TXRvNW9SRExjaWFlVGk4akFsCnB1eFc3SjZCcHFBTGhYc1VTYWowV05NeEhYZHdFZjNsZ0ZmZ29LU0VCUjhBbXRZYmM5K0pyb3B6c0FtOHhHVXAKTHR1VDRDT3daSWMyZFFCVW9jUUNGTHp5a0FMMFgyazZtcjNkK25Ra2x6L0xnVDVCRGt2dm1pZTFkS01TL0JNTwovUWVualdSVHVGc2dYWCtFakR0Wld1TlhuR1JtZmFaU0Z0Z010NEt2VW5oRzZrSXVsSnRnS3dOWnlCNnkxR0I4CitJaDBmMk5FWTF5cGJDMTlMWFlqWXN1WjFuK3FReGR3R29XUjV4dnV6NitzNnFFSDNianQyeFA4a0lFRmxXT2YKbUoycCtHRk5BdXJ1d25WNnU5WDJnTE93ZGVZNzNNdXVDUXJsRVJuTktnZEV2TUVqanYraUNGTE1Rc2NmT0UxQgpYRHAwQ2ZkcU5uSldzQ01YYVBQbUFidzVGcTV4bHhLM3lidGZmZUZDdVFReE5ydzV4bE91cURaZ2VqREwvK3M2CnZmYXlHOTFLUHpNWDlxS2VMUHExcXN2SlBXTUNBd0VBQWFOQ01FQXdEZ1lEVlIwUEFRSC9CQVFEQWdJRU1BOEcKQTFVZEV3RUIvd1FGTUFNQkFmOHdIUVlEVlIwT0JCWUVGQ3RlSDJvTndrajdVTjJkVnNIdXhJcVNlUTlhTUEwRwpDU3FHU0liM0RRRUJDd1VBQTRJQmdRQzBrY1g3Z1RTRWtUMXRrNUxpSFpERDJDMFZOQmNWVk1FQnNUbk1qVUN2ClJEWnZnMlgxU0YwaXNraktNL1NTRUxaa011Z1plT2N2NERrN2ovVlI2emNLLzdINzR5Q0hLYjNSRFk1RG5SSzEKVWtGc2Q4N0FYa04xdlFzTUFCcFpPVTdqeUFLKzFwR2dodzZ0SFBBODQwRk9OMVovUWxJK1dHZnlaaDV0dkkrRQpJZTUvbDIzM05wbHNPamVJN25HUnQwelFFbk9TbHlKYnU0SG9STXpDVzY0K1ZQZjRrQ3R2bHRkK2tYK1U5WWtNCmhQbXZJRlN6MmUzbEU3ZWJ5UURuVkF1dk5ENERNdHFmT2lzaWplT2FTRktaRDNmRkwvNVJPdlNGcTJRWS8wdVYKenJVSFBCTWhYV1loSmprODlRaVB6SG9TMWdhN3JOMVAxblp1L1MwNzVIOU8wWHpaMUxTcUtHdzZ4WXpNVXAwZgpKM1kxVEQzbkN0Z1VSdnRsMjlrZVhraHAyNEpxeTkzQTlCSHpaK2d5RHAzLy9zWTVTMHlJcXY0SnlZd2tJcmFyCkcya1dvYUVvMW8vYngzWkJXelhwek4vQmM2RiswbWU1cEd5SitocWl4NTdac2pFazhOakRVTWx6eDRkaDZvVEIKMEJvRVNUakwxZVR2WlFFaU9IbEcrSEE9Ci0tLS0tRU5EIENFUlRJRklDQVRFLS0tLS0K\n  name: jaseb-test-1\nusers:\n- name: admin\n  user:\n    auth-provider:\n      config:\n        access-token: ya29.a0Ael9sCMJlB_sEt2VA5Zchdmf8xs2EZrnp04cGE964NHB6as2ZzcJBH1RSRRiCe3RS4dua7107FY67hLWjRRBDhR1rZPJC6guyGz-8Lp4yFV7T6PyDiwtx4-moX4J5I0-EMTNjl6Hkr5IPAKyc7UlMQY784VHep8aCgYKAU4SARESFQF4udJhL9Zn9J8jzNuAr0SJ9kvuYw0166\n        cmd-args: config config-helper --format=json\n        cmd-path: /usr/bin/gcloud\n        expiry-key: '{.credential.token_expiry}'\n        token-key: '{.credential.access_token}'\n      name: gcp\n    # password: \n    # username: admin\n    client-certificate-data: \n    client-key-data: "
      ],
      "type": [
        "tuple",
        [
          "string",
          "string"
        ]
      ],
      "sensitive": true
    }
  },
  "resources": [
    {
      "module": "module.gke[0]",
      "mode": "data",
      "type": "google_client_config",
      "name": "current",
      "provider": "provider[\"registry.terraform.io/hashicorp/google\"]",
      "instances": [
        {
          "schema_version": 0,
          "attributes": {
            "access_token": "ya29.a0Ael9sCMJlB_sEt2VA5Zchdmf8xs2EZrnp04cGE964NHB6as2ZzcJBH1RSRRiCe3RS4dua7107FY67hLWjRRBDhR1rZPJC6guyGz-8Lp4yFV7T6PyDiwtx4-moX4J5I0-EMTNjl6Hkr5IPAKyc7UlMQY784VHep8aCgYKAU4SARESFQF4udJhL9Zn9J8jzNuAr0SJ9kvuYw0166",
            "id": "projects/hc-6cd88f9253634329b6aabd42f1e/regions//zones/",
            "project": "hc-6cd88f9253634329b6aabd42f1e",
            "region": "",
            "zone": ""
          },
          "sensitive_attributes": []
        }
      ]
    },
    {
      "module": "module.gke[0]",
      "mode": "data",
      "type": "google_container_engine_versions",
      "name": "k8sversion",
      "provider": "provider[\"registry.terraform.io/hashicorp/google\"]",
      "instances": [
        {
          "schema_version": 0,
          "attributes": {
            "default_cluster_version": "1.24.9-gke.3200",
            "id": "2023-04-12 13:50:38.037128 +0000 UTC",
            "latest_master_version": "1.22.17-gke.6100",
            "latest_node_version": "1.22.17-gke.6100",
            "location": "europe-west1-c",
            "project": "hc-6cd88f9253634329b6aabd42f1e",
            "release_channel_default_version": {
              "RAPID": "1.26.1-gke.1500",
              "REGULAR": "1.24.9-gke.3200",
              "STABLE": "1.24.9-gke.3200"
            },
            "valid_master_versions": [
              "1.22.17-gke.6100",
              "1.22.17-gke.5400",
              "1.22.17-gke.4300",
              "1.22.17-gke.4000"
            ],
            "valid_node_versions": [
              "1.22.17-gke.6100",
              "1.22.17-gke.5400",
              "1.22.17-gke.4300",
              "1.22.17-gke.4000",
              "1.22.17-gke.3100",
              "1.22.17-gke.1900",
              "1.22.17-gke.1400",
              "1.22.16-gke.2000",
              "1.22.16-gke.1300",
              "1.22.15-gke.2500",
              "1.22.15-gke.1000",
              "1.22.15-gke.100",
              "1.22.14-gke.300",
              "1.22.13-gke.1000",
              "1.22.12-gke.2300",
              "1.22.12-gke.1200",
              "1.22.12-gke.500",
              "1.22.12-gke.300",
              "1.22.11-gke.400",
              "1.22.10-gke.600",
              "1.22.9-gke.2000",
              "1.22.9-gke.1500",
              "1.22.9-gke.1300",
              "1.22.8-gke.2200",
              "1.22.8-gke.202",
              "1.22.8-gke.201",
              "1.22.8-gke.200",
              "1.22.7-gke.1500",
              "1.22.7-gke.1300",
              "1.22.7-gke.900",
              "1.22.7-gke.300",
              "1.22.6-gke.1000",
              "1.22.6-gke.300",
              "1.22.4-gke.1501",
              "1.22.3-gke.1500"
            ],
            "version_prefix": "1.22."
          },
          "sensitive_attributes": []
        }
      ]
    },
    {
      "module": "module.gke[0]",
      "mode": "managed",
      "type": "google_compute_network",
      "name": "container_network",
      "provider": "provider[\"registry.terraform.io/hashicorp/google\"]",
      "instances": [
        {
          "index_key": 0,
          "schema_version": 0,
          "attributes": {
            "auto_create_subnetworks": false,
            "delete_default_routes_on_create": false,
            "description": "",
            "gateway_ipv4": "",
            "id": "projects/hc-6cd88f9253634329b6aabd42f1e/global/networks/jaseb-test-0-network",
            "mtu": 0,
            "name": "jaseb-test-0-network",
            "project": "hc-6cd88f9253634329b6aabd42f1e",
            "routing_mode": "REGIONAL",
            "self_link": "https://www.googleapis.com/compute/v1/projects/hc-6cd88f9253634329b6aabd42f1e/global/networks/jaseb-test-0-network",
            "timeouts": null
          },
          "sensitive_attributes": [],
          "private": "eyJlMmJmYjczMC1lY2FhLTExZTYtOGY4OC0zNDM2M2JjN2M0YzAiOnsiY3JlYXRlIjoyNDAwMDAwMDAwMDAsImRlbGV0ZSI6MjQwMDAwMDAwMDAwLCJ1cGRhdGUiOjI0MDAwMDAwMDAwMH19"
        }
      ]
    },
    {
      "module": "module.gke[0]",
      "mode": "managed",
      "type": "google_compute_subnetwork",
      "name": "container_subnetwork",
      "provider": "provider[\"registry.terraform.io/hashicorp/google\"]",
      "instances": [
        {
          "index_key": 0,
          "schema_version": 0,
          "attributes": {
            "creation_timestamp": "2023-04-12T06:51:02.077-07:00",
            "description": "auto-created subnetwork for cluster \"jaseb-test-0\"",
            "external_ipv6_prefix": "",
            "fingerprint": null,
            "gateway_address": "10.2.0.1",
            "id": "projects/hc-6cd88f9253634329b6aabd42f1e/regions/europe-west1/subnetworks/jaseb-test-0-subnetwork",
            "ip_cidr_range": "10.2.0.0/16",
            "ipv6_access_type": "",
            "ipv6_cidr_range": "",
            "log_config": [],
            "name": "jaseb-test-0-subnetwork",
            "network": "https://www.googleapis.com/compute/v1/projects/hc-6cd88f9253634329b6aabd42f1e/global/networks/jaseb-test-0-network",
            "private_ip_google_access": false,
            "private_ipv6_google_access": "DISABLE_GOOGLE_ACCESS",
            "project": "hc-6cd88f9253634329b6aabd42f1e",
            "purpose": "PRIVATE",
            "region": "europe-west1",
            "role": "",
            "secondary_ip_range": [],
            "self_link": "https://www.googleapis.com/compute/v1/projects/hc-6cd88f9253634329b6aabd42f1e/regions/europe-west1/subnetworks/jaseb-test-0-subnetwork",
            "stack_type": "IPV4_ONLY",
            "timeouts": null
          },
          "sensitive_attributes": [],
          "private": "eyJlMmJmYjczMC1lY2FhLTExZTYtOGY4OC0zNDM2M2JjN2M0YzAiOnsiY3JlYXRlIjozNjAwMDAwMDAwMDAsImRlbGV0ZSI6MzYwMDAwMDAwMDAwLCJ1cGRhdGUiOjM2MDAwMDAwMDAwMH19",
          "dependencies": [
            "module.gke.google_compute_network.container_network"
          ]
        }
      ]
    },
    {
      "module": "module.gke[0]",
      "mode": "managed",
      "type": "google_container_cluster",
      "name": "primary",
      "provider": "provider[\"registry.terraform.io/hashicorp/google\"]",
      "instances": [
        {
          "schema_version": 1,
          "attributes": {
            "addons_config": [
              {
                "cloudrun_config": [],
                "horizontal_pod_autoscaling": [],
                "http_load_balancing": [],
                "network_policy_config": [
                  {
                    "disabled": true
                  }
                ]
              }
            ],
            "authenticator_groups_config": [],
            "cluster_autoscaling": [
              {
                "auto_provisioning_defaults": [],
                "enabled": false,
                "resource_limits": []
              }
            ],
            "cluster_ipv4_cidr": "10.196.0.0/14",
            "confidential_nodes": [],
            "database_encryption": [
              {
                "key_name": "",
                "state": "DECRYPTED"
              }
            ],
            "datapath_provider": "",
            "default_max_pods_per_node": 110,
            "default_snat_status": [
              {
                "disabled": false
              }
            ],
            "description": "",
            "enable_autopilot": false,
            "enable_binary_authorization": false,
            "enable_intranode_visibility": false,
            "enable_kubernetes_alpha": false,
            "enable_legacy_abac": false,
            "enable_shielded_nodes": true,
            "enable_tpu": false,
            "endpoint": "35.233.67.200",
            "id": "projects/hc-6cd88f9253634329b6aabd42f1e/locations/europe-west1-c/clusters/jaseb-test-0",
            "initial_node_count": 3,
            "ip_allocation_policy": [
              {
                "cluster_ipv4_cidr_block": "10.196.0.0/14",
                "cluster_secondary_range_name": "gke-jaseb-test-0-pods-fa25e303",
                "services_ipv4_cidr_block": "10.200.0.0/20",
                "services_secondary_range_name": "gke-jaseb-test-0-services-fa25e303"
              }
            ],
            "label_fingerprint": "a9dc16a7",
            "location": "europe-west1-c",
            "logging_config": [
              {
                "enable_components": [
                  "SYSTEM_COMPONENTS",
                  "WORKLOADS"
                ]
              }
            ],
            "logging_service": "logging.googleapis.com/kubernetes",
            "maintenance_policy": [],
            "master_auth": [
              {
                "client_certificate": "",
                "client_certificate_config": [
                  {
                    "issue_client_certificate": false
                  }
                ],
                "client_key": "",
                "cluster_ca_certificate": "LS0tLS1CRUdJTiBDRVJUSUZJQ0FURS0tLS0tCk1JSUVMRENDQXBTZ0F3SUJBZ0lRS2pDZDVxd1V2ZUxra0VOam9lN2R0VEFOQmdrcWhraUc5dzBCQVFzRkFEQXYKTVMwd0t3WURWUVFERXlSbU1tTTVZamczTkMwNU1tVXlMVFJrWm1ZdFlXVTNOUzFtTUdZNFptRTFPVEV5T1RJdwpJQmNOTWpNd05ERXlNVEkxTVRFeldoZ1BNakExTXpBME1EUXhNelV4TVROYU1DOHhMVEFyQmdOVkJBTVRKR1l5Cll6bGlPRGMwTFRreVpUSXROR1JtWmkxaFpUYzFMV1l3WmpobVlUVTVNVEk1TWpDQ0FhSXdEUVlKS29aSWh2Y04KQVFFQkJRQURnZ0dQQURDQ0FZb0NnZ0dCQUs2MDk1ZG1kVlNFelc1MlQwcWQwS2c4WVF1MDJYYTYwZVpGam0ycgo3RUo2b0xJQ1FvSWVwTnIzVGk5b0JTeHlnUHQ4UHhHSHBzei9VOXFNRjVOWDBkR3JrWmZQWnE4eHBjdzExbllECitETndSOURROWJzWEpvYnRVcWY2Y0tvakxnZVhjRDlaTnZPb3ljQ0cwY2oydmRJaHRzNVAvbW9UL1hUYXNFTVMKSDhPdkdTMTgxTHBuMzNFeFN2ck9yOEw4OHMyeFNKVzBzNTBrRDRIVmllU2RDMHNndVlOZXYyR0RXN0VTeGw2ZQoxQ2FBd1U3NXQ5WXV3U0hkbXBTRXZPZ3RzWGxicGEvUlJ6aUkra09KcTZnOC9rcDY4Um9kUzRyejFpUk01RmRUCjJUL3BycE92UFlFeXdoa3MvTFBCeXB5anovcE9yY1ZJdXB4Wnh3aTllYnZMWFoyaVRZQ21xQ0VCSlQ4VXBrY20KWklxaWJVOVFwTUxRTE9HRTBVOWsvTjA3R05HN3EvN2lCb0NBTUgwdi9tbEQrdk5jTXVkNTA5MFZUeGhnY0wyUgpEa3ptQ1B5aEorZlNYUGYwRnlaL3QzZ0l1aDhadEh4YTdjVG9sMkVkZ3Y0TDJXY1p5K3RUNldMNGRzZ1Z3c2RkCnhDak9IeVZRS0krK1ppRmROanFoRXJEYTl3SURBUUFCbzBJd1FEQU9CZ05WSFE4QkFmOEVCQU1DQWdRd0R3WUQKVlIwVEFRSC9CQVV3QXdFQi96QWRCZ05WSFE0RUZnUVVibU9VS2VDb2h5K3ZyekdPUHBrWG95UXUyb293RFFZSgpLb1pJaHZjTkFRRUxCUUFEZ2dHQkFLcVdIMGhSaEdBam1DdG00bEV6dWwzWWlrd2ZnUU4zbWYxWTlRanF6b2laClVhYVlmczZwRlU4QnRWQmliTnB0SmpxbTJ2SDJZQkFaM2VBOFJjSXlIakE3ejdHYmYrRUx1VVFRdXlxZ3VFcTAKUkIyQ0ZrczZFajNSSzJ0UkRUMzFaWk9qSGwrdWpOenlCdE1OczlqMlpaOE8rd2tIb3NWMUhBR3dqSXdNSXZ1cgpDNDVKcVBjNGJCL21lRzljZVlBa01wakN2OTVYa3Azb3JkbW1YUmtuVWtycklXR0c0Z0JYUnR6cFNLNkR2bjVGCmw3SDUzczN2SVR6aWxTV054Vk9kRVJiaVB3K1pHNkx1NFFkR2ZEekpqc1hJRjdyeXZId0lTQ0lySGM4Z1RPdjcKRG9KRmpvT3RuOEV3SnZYMUNuRzZKM2JnZk5TMFVzTmYxaGpwVDVQbVkrbVFWcXNJRndhYkR5TzB5ZEFBb1VuSgpyV2QzWmk4dHR2bXlQTDF1Q3k1eTdNaEtnSnJHcVRDTmYvaU9CVGlLVHVhbjBtVW5DejU4a3pzQVVWd3daZzNnCmo1Z0p6aXlhSHdTZzR4WVRHWjZNWUROTlpGbVZHR2lCY3kvbmdFU2NLekdmUXNucm9nVFpua3hrMGFEV1UvKzAKeGpSWmtJNGNQT0RrcDFkei9hUU5tZz09Ci0tLS0tRU5EIENFUlRJRklDQVRFLS0tLS0K"
              }
            ],
            "master_authorized_networks_config": [],
            "master_version": "1.22.17-gke.6100",
            "min_master_version": "1.22.17-gke.6100",
            "monitoring_config": [
              {
                "enable_components": [
                  "SYSTEM_COMPONENTS"
                ]
              }
            ],
            "monitoring_service": "monitoring.googleapis.com/kubernetes",
            "name": "jaseb-test-0",
            "network": "projects/hc-6cd88f9253634329b6aabd42f1e/global/networks/jaseb-test-0-network",
            "network_policy": [
              {
                "enabled": false,
                "provider": "PROVIDER_UNSPECIFIED"
              }
            ],
            "networking_mode": "VPC_NATIVE",
            "node_config": [
              {
                "disk_size_gb": 100,
                "disk_type": "pd-ssd",
                "gcfs_config": [],
                "guest_accelerator": [],
                "image_type": "COS_CONTAINERD",
                "labels": {},
                "local_ssd_count": 0,
                "machine_type": "n1-standard-2",
                "metadata": {
                  "disable-legacy-endpoints": "true"
                },
                "min_cpu_platform": "",
                "oauth_scopes": [
                  "https://www.googleapis.com/auth/cloud-platform",
                  "https://www.googleapis.com/auth/compute",
                  "https://www.googleapis.com/auth/devstorage.read_write",
                  "https://www.googleapis.com/auth/logging.write",
                  "https://www.googleapis.com/auth/monitoring"
                ],
                "preemptible": false,
                "service_account": "default",
                "shielded_instance_config": [
                  {
                    "enable_integrity_monitoring": true,
                    "enable_secure_boot": false
                  }
                ],
                "tags": [
                  "jbroadbent-gke"
                ],
                "taint": [],
                "workload_metadata_config": []
              }
            ],
            "node_locations": [],
            "node_pool": [
              {
                "autoscaling": [],
                "initial_node_count": 3,
                "instance_group_urls": [
                  "https://www.googleapis.com/compute/v1/projects/hc-6cd88f9253634329b6aabd42f1e/zones/europe-west1-c/instanceGroupManagers/gke-jaseb-test-0-default-pool-83388af5-grp"
                ],
                "managed_instance_group_urls": [
                  "https://www.googleapis.com/compute/v1/projects/hc-6cd88f9253634329b6aabd42f1e/zones/europe-west1-c/instanceGroups/gke-jaseb-test-0-default-pool-83388af5-grp"
                ],
                "management": [
                  {
                    "auto_repair": true,
                    "auto_upgrade": true
                  }
                ],
                "max_pods_per_node": 110,
                "name": "default-pool",
                "name_prefix": "",
                "node_config": [
                  {
                    "disk_size_gb": 100,
                    "disk_type": "pd-ssd",
                    "gcfs_config": [],
                    "guest_accelerator": [],
                    "image_type": "COS_CONTAINERD",
                    "labels": {},
                    "local_ssd_count": 0,
                    "machine_type": "n1-standard-2",
                    "metadata": {
                      "disable-legacy-endpoints": "true"
                    },
                    "min_cpu_platform": "",
                    "oauth_scopes": [
                      "https://www.googleapis.com/auth/cloud-platform",
                      "https://www.googleapis.com/auth/compute",
                      "https://www.googleapis.com/auth/devstorage.read_write",
                      "https://www.googleapis.com/auth/logging.write",
                      "https://www.googleapis.com/auth/monitoring"
                    ],
                    "preemptible": false,
                    "service_account": "default",
                    "shielded_instance_config": [
                      {
                        "enable_integrity_monitoring": true,
                        "enable_secure_boot": false
                      }
                    ],
                    "tags": [
                      "jbroadbent-gke"
                    ],
                    "taint": [],
                    "workload_metadata_config": []
                  }
                ],
                "node_count": 3,
                "node_locations": [
                  "europe-west1-c"
                ],
                "upgrade_settings": [
                  {
                    "max_surge": 1,
                    "max_unavailable": 0
                  }
                ],
                "version": "1.22.17-gke.6100"
              }
            ],
            "node_version": "1.22.17-gke.6100",
            "operation": null,
            "private_cluster_config": [],
            "private_ipv6_google_access": "",
            "project": "hc-6cd88f9253634329b6aabd42f1e",
            "release_channel": [
              {
                "channel": "UNSPECIFIED"
              }
            ],
            "remove_default_node_pool": false,
            "resource_labels": null,
            "resource_usage_export_config": [],
            "self_link": "https://container.googleapis.com/v1/projects/hc-6cd88f9253634329b6aabd42f1e/zones/europe-west1-c/clusters/jaseb-test-0",
            "services_ipv4_cidr": "10.200.0.0/20",
            "subnetwork": "projects/hc-6cd88f9253634329b6aabd42f1e/regions/europe-west1/subnetworks/jaseb-test-0-subnetwork",
            "timeouts": null,
            "tpu_ipv4_cidr_block": "",
            "vertical_pod_autoscaling": [],
            "workload_identity_config": []
          },
          "sensitive_attributes": [],
          "private": "eyJlMmJmYjczMC1lY2FhLTExZTYtOGY4OC0zNDM2M2JjN2M0YzAiOnsiY3JlYXRlIjoyNDAwMDAwMDAwMDAwLCJkZWxldGUiOjI0MDAwMDAwMDAwMDAsInJlYWQiOjI0MDAwMDAwMDAwMDAsInVwZGF0ZSI6MzYwMDAwMDAwMDAwMH0sInNjaGVtYV92ZXJzaW9uIjoiMSJ9",
          "dependencies": [
            "module.gke.data.google_container_engine_versions.k8sversion",
            "module.gke.google_compute_network.container_network",
            "module.gke.google_compute_subnetwork.container_subnetwork"
          ]
        }
      ]
    },
    {
      "module": "module.gke[1]",
      "mode": "data",
      "type": "google_client_config",
      "name": "current",
      "provider": "provider[\"registry.terraform.io/hashicorp/google\"]",
      "instances": [
        {
          "schema_version": 0,
          "attributes": {
            "access_token": "ya29.a0Ael9sCMJlB_sEt2VA5Zchdmf8xs2EZrnp04cGE964NHB6as2ZzcJBH1RSRRiCe3RS4dua7107FY67hLWjRRBDhR1rZPJC6guyGz-8Lp4yFV7T6PyDiwtx4-moX4J5I0-EMTNjl6Hkr5IPAKyc7UlMQY784VHep8aCgYKAU4SARESFQF4udJhL9Zn9J8jzNuAr0SJ9kvuYw0166",
            "id": "projects/hc-6cd88f9253634329b6aabd42f1e/regions//zones/",
            "project": "hc-6cd88f9253634329b6aabd42f1e",
            "region": "",
            "zone": ""
          },
          "sensitive_attributes": []
        }
      ]
    },
    {
      "module": "module.gke[1]",
      "mode": "data",
      "type": "google_container_engine_versions",
      "name": "k8sversion",
      "provider": "provider[\"registry.terraform.io/hashicorp/google\"]",
      "instances": [
        {
          "schema_version": 0,
          "attributes": {
            "default_cluster_version": "1.24.9-gke.3200",
            "id": "2023-04-12 13:50:38.039402 +0000 UTC",
            "latest_master_version": "1.22.17-gke.6100",
            "latest_node_version": "1.22.17-gke.6100",
            "location": "europe-west1-b",
            "project": "hc-6cd88f9253634329b6aabd42f1e",
            "release_channel_default_version": {
              "RAPID": "1.26.1-gke.1500",
              "REGULAR": "1.24.9-gke.3200",
              "STABLE": "1.24.9-gke.3200"
            },
            "valid_master_versions": [
              "1.22.17-gke.6100",
              "1.22.17-gke.5400",
              "1.22.17-gke.4300",
              "1.22.17-gke.4000"
            ],
            "valid_node_versions": [
              "1.22.17-gke.6100",
              "1.22.17-gke.5400",
              "1.22.17-gke.4300",
              "1.22.17-gke.4000",
              "1.22.17-gke.3100",
              "1.22.17-gke.1900",
              "1.22.17-gke.1400",
              "1.22.16-gke.2000",
              "1.22.16-gke.1300",
              "1.22.15-gke.2500",
              "1.22.15-gke.1000",
              "1.22.15-gke.100",
              "1.22.14-gke.300",
              "1.22.13-gke.1000",
              "1.22.12-gke.2300",
              "1.22.12-gke.1200",
              "1.22.12-gke.500",
              "1.22.12-gke.300",
              "1.22.11-gke.400",
              "1.22.10-gke.600",
              "1.22.9-gke.2000",
              "1.22.9-gke.1500",
              "1.22.9-gke.1300",
              "1.22.8-gke.2200",
              "1.22.8-gke.202",
              "1.22.8-gke.201",
              "1.22.8-gke.200",
              "1.22.7-gke.1500",
              "1.22.7-gke.1300",
              "1.22.7-gke.900",
              "1.22.7-gke.300",
              "1.22.6-gke.1000",
              "1.22.6-gke.300",
              "1.22.4-gke.1501",
              "1.22.3-gke.1500"
            ],
            "version_prefix": "1.22."
          },
          "sensitive_attributes": []
        }
      ]
    },
    {
      "module": "module.gke[1]",
      "mode": "managed",
      "type": "google_compute_network",
      "name": "container_network",
      "provider": "provider[\"registry.terraform.io/hashicorp/google\"]",
      "instances": [
        {
          "index_key": 0,
          "schema_version": 0,
          "attributes": {
            "auto_create_subnetworks": false,
            "delete_default_routes_on_create": false,
            "description": "",
            "gateway_ipv4": "",
            "id": "projects/hc-6cd88f9253634329b6aabd42f1e/global/networks/jaseb-test-1-network",
            "mtu": 0,
            "name": "jaseb-test-1-network",
            "project": "hc-6cd88f9253634329b6aabd42f1e",
            "routing_mode": "REGIONAL",
            "self_link": "https://www.googleapis.com/compute/v1/projects/hc-6cd88f9253634329b6aabd42f1e/global/networks/jaseb-test-1-network",
            "timeouts": null
          },
          "sensitive_attributes": [],
          "private": "eyJlMmJmYjczMC1lY2FhLTExZTYtOGY4OC0zNDM2M2JjN2M0YzAiOnsiY3JlYXRlIjoyNDAwMDAwMDAwMDAsImRlbGV0ZSI6MjQwMDAwMDAwMDAwLCJ1cGRhdGUiOjI0MDAwMDAwMDAwMH19"
        }
      ]
    },
    {
      "module": "module.gke[1]",
      "mode": "managed",
      "type": "google_compute_subnetwork",
      "name": "container_subnetwork",
      "provider": "provider[\"registry.terraform.io/hashicorp/google\"]",
      "instances": [
        {
          "index_key": 0,
          "schema_version": 0,
          "attributes": {
            "creation_timestamp": "2023-04-12T06:50:54.212-07:00",
            "description": "auto-created subnetwork for cluster \"jaseb-test-1\"",
            "external_ipv6_prefix": "",
            "fingerprint": null,
            "gateway_address": "10.2.0.1",
            "id": "projects/hc-6cd88f9253634329b6aabd42f1e/regions/europe-west1/subnetworks/jaseb-test-1-subnetwork",
            "ip_cidr_range": "10.2.0.0/16",
            "ipv6_access_type": "",
            "ipv6_cidr_range": "",
            "log_config": [],
            "name": "jaseb-test-1-subnetwork",
            "network": "https://www.googleapis.com/compute/v1/projects/hc-6cd88f9253634329b6aabd42f1e/global/networks/jaseb-test-1-network",
            "private_ip_google_access": false,
            "private_ipv6_google_access": "DISABLE_GOOGLE_ACCESS",
            "project": "hc-6cd88f9253634329b6aabd42f1e",
            "purpose": "PRIVATE",
            "region": "europe-west1",
            "role": "",
            "secondary_ip_range": [],
            "self_link": "https://www.googleapis.com/compute/v1/projects/hc-6cd88f9253634329b6aabd42f1e/regions/europe-west1/subnetworks/jaseb-test-1-subnetwork",
            "stack_type": "IPV4_ONLY",
            "timeouts": null
          },
          "sensitive_attributes": [],
          "private": "eyJlMmJmYjczMC1lY2FhLTExZTYtOGY4OC0zNDM2M2JjN2M0YzAiOnsiY3JlYXRlIjozNjAwMDAwMDAwMDAsImRlbGV0ZSI6MzYwMDAwMDAwMDAwLCJ1cGRhdGUiOjM2MDAwMDAwMDAwMH19",
          "dependencies": [
            "module.gke.google_compute_network.container_network"
          ]
        }
      ]
    },
    {
      "module": "module.gke[1]",
      "mode": "managed",
      "type": "google_container_cluster",
      "name": "primary",
      "provider": "provider[\"registry.terraform.io/hashicorp/google\"]",
      "instances": [
        {
          "schema_version": 1,
          "attributes": {
            "addons_config": [
              {
                "cloudrun_config": [],
                "horizontal_pod_autoscaling": [],
                "http_load_balancing": [],
                "network_policy_config": [
                  {
                    "disabled": true
                  }
                ]
              }
            ],
            "authenticator_groups_config": [],
            "cluster_autoscaling": [
              {
                "auto_provisioning_defaults": [],
                "enabled": false,
                "resource_limits": []
              }
            ],
            "cluster_ipv4_cidr": "10.144.0.0/14",
            "confidential_nodes": [],
            "database_encryption": [
              {
                "key_name": "",
                "state": "DECRYPTED"
              }
            ],
            "datapath_provider": "",
            "default_max_pods_per_node": 110,
            "default_snat_status": [
              {
                "disabled": false
              }
            ],
            "description": "",
            "enable_autopilot": false,
            "enable_binary_authorization": false,
            "enable_intranode_visibility": false,
            "enable_kubernetes_alpha": false,
            "enable_legacy_abac": false,
            "enable_shielded_nodes": true,
            "enable_tpu": false,
            "endpoint": "34.76.70.37",
            "id": "projects/hc-6cd88f9253634329b6aabd42f1e/locations/europe-west1-b/clusters/jaseb-test-1",
            "initial_node_count": 3,
            "ip_allocation_policy": [
              {
                "cluster_ipv4_cidr_block": "10.144.0.0/14",
                "cluster_secondary_range_name": "gke-jaseb-test-1-pods-dc7f5555",
                "services_ipv4_cidr_block": "10.148.0.0/20",
                "services_secondary_range_name": "gke-jaseb-test-1-services-dc7f5555"
              }
            ],
            "label_fingerprint": "a9dc16a7",
            "location": "europe-west1-b",
            "logging_config": [
              {
                "enable_components": [
                  "SYSTEM_COMPONENTS",
                  "WORKLOADS"
                ]
              }
            ],
            "logging_service": "logging.googleapis.com/kubernetes",
            "maintenance_policy": [],
            "master_auth": [
              {
                "client_certificate": "",
                "client_certificate_config": [
                  {
                    "issue_client_certificate": false
                  }
                ],
                "client_key": "",
                "cluster_ca_certificate": "LS0tLS1CRUdJTiBDRVJUSUZJQ0FURS0tLS0tCk1JSUVMVENDQXBXZ0F3SUJBZ0lSQU1XQUxjT09vdzg3eE5jRndZOG9CVFF3RFFZSktvWklodmNOQVFFTEJRQXcKTHpFdE1Dc0dBMVVFQXhNa00yVTVaVGcyWmpndFpEaGtOeTAwWkdOaExUa3paR1F0TWpNMU1UaGhNR1l6TWpOawpNQ0FYRFRJek1EUXhNakV5TlRFeE5Wb1lEekl3TlRNd05EQTBNVE0xTVRFMVdqQXZNUzB3S3dZRFZRUURFeVF6ClpUbGxPRFptT0Mxa09HUTNMVFJrWTJFdE9UTmtaQzB5TXpVeE9HRXdaak15TTJRd2dnR2lNQTBHQ1NxR1NJYjMKRFFFQkFRVUFBNElCandBd2dnR0tBb0lCZ1FEZUdkdGNvbVduZWkxc3UwTkZSSlhPS1JFWVNZNms5YUFUL3oxRApqQklUQm1hUWxJMGhlcWtYUW5LRHQrNUNDNEhFUHk5cGJIZ29xemMrbmNWMTA2TXRvNW9SRExjaWFlVGk4akFsCnB1eFc3SjZCcHFBTGhYc1VTYWowV05NeEhYZHdFZjNsZ0ZmZ29LU0VCUjhBbXRZYmM5K0pyb3B6c0FtOHhHVXAKTHR1VDRDT3daSWMyZFFCVW9jUUNGTHp5a0FMMFgyazZtcjNkK25Ra2x6L0xnVDVCRGt2dm1pZTFkS01TL0JNTwovUWVualdSVHVGc2dYWCtFakR0Wld1TlhuR1JtZmFaU0Z0Z010NEt2VW5oRzZrSXVsSnRnS3dOWnlCNnkxR0I4CitJaDBmMk5FWTF5cGJDMTlMWFlqWXN1WjFuK3FReGR3R29XUjV4dnV6NitzNnFFSDNianQyeFA4a0lFRmxXT2YKbUoycCtHRk5BdXJ1d25WNnU5WDJnTE93ZGVZNzNNdXVDUXJsRVJuTktnZEV2TUVqanYraUNGTE1Rc2NmT0UxQgpYRHAwQ2ZkcU5uSldzQ01YYVBQbUFidzVGcTV4bHhLM3lidGZmZUZDdVFReE5ydzV4bE91cURaZ2VqREwvK3M2CnZmYXlHOTFLUHpNWDlxS2VMUHExcXN2SlBXTUNBd0VBQWFOQ01FQXdEZ1lEVlIwUEFRSC9CQVFEQWdJRU1BOEcKQTFVZEV3RUIvd1FGTUFNQkFmOHdIUVlEVlIwT0JCWUVGQ3RlSDJvTndrajdVTjJkVnNIdXhJcVNlUTlhTUEwRwpDU3FHU0liM0RRRUJDd1VBQTRJQmdRQzBrY1g3Z1RTRWtUMXRrNUxpSFpERDJDMFZOQmNWVk1FQnNUbk1qVUN2ClJEWnZnMlgxU0YwaXNraktNL1NTRUxaa011Z1plT2N2NERrN2ovVlI2emNLLzdINzR5Q0hLYjNSRFk1RG5SSzEKVWtGc2Q4N0FYa04xdlFzTUFCcFpPVTdqeUFLKzFwR2dodzZ0SFBBODQwRk9OMVovUWxJK1dHZnlaaDV0dkkrRQpJZTUvbDIzM05wbHNPamVJN25HUnQwelFFbk9TbHlKYnU0SG9STXpDVzY0K1ZQZjRrQ3R2bHRkK2tYK1U5WWtNCmhQbXZJRlN6MmUzbEU3ZWJ5UURuVkF1dk5ENERNdHFmT2lzaWplT2FTRktaRDNmRkwvNVJPdlNGcTJRWS8wdVYKenJVSFBCTWhYV1loSmprODlRaVB6SG9TMWdhN3JOMVAxblp1L1MwNzVIOU8wWHpaMUxTcUtHdzZ4WXpNVXAwZgpKM1kxVEQzbkN0Z1VSdnRsMjlrZVhraHAyNEpxeTkzQTlCSHpaK2d5RHAzLy9zWTVTMHlJcXY0SnlZd2tJcmFyCkcya1dvYUVvMW8vYngzWkJXelhwek4vQmM2RiswbWU1cEd5SitocWl4NTdac2pFazhOakRVTWx6eDRkaDZvVEIKMEJvRVNUakwxZVR2WlFFaU9IbEcrSEE9Ci0tLS0tRU5EIENFUlRJRklDQVRFLS0tLS0K"
              }
            ],
            "master_authorized_networks_config": [],
            "master_version": "1.22.17-gke.6100",
            "min_master_version": "1.22.17-gke.6100",
            "monitoring_config": [
              {
                "enable_components": [
                  "SYSTEM_COMPONENTS"
                ]
              }
            ],
            "monitoring_service": "monitoring.googleapis.com/kubernetes",
            "name": "jaseb-test-1",
            "network": "projects/hc-6cd88f9253634329b6aabd42f1e/global/networks/jaseb-test-1-network",
            "network_policy": [
              {
                "enabled": false,
                "provider": "PROVIDER_UNSPECIFIED"
              }
            ],
            "networking_mode": "VPC_NATIVE",
            "node_config": [
              {
                "disk_size_gb": 100,
                "disk_type": "pd-ssd",
                "gcfs_config": [],
                "guest_accelerator": [],
                "image_type": "COS_CONTAINERD",
                "labels": {},
                "local_ssd_count": 0,
                "machine_type": "n1-standard-2",
                "metadata": {
                  "disable-legacy-endpoints": "true"
                },
                "min_cpu_platform": "",
                "oauth_scopes": [
                  "https://www.googleapis.com/auth/cloud-platform",
                  "https://www.googleapis.com/auth/compute",
                  "https://www.googleapis.com/auth/devstorage.read_write",
                  "https://www.googleapis.com/auth/logging.write",
                  "https://www.googleapis.com/auth/monitoring"
                ],
                "preemptible": false,
                "service_account": "default",
                "shielded_instance_config": [
                  {
                    "enable_integrity_monitoring": true,
                    "enable_secure_boot": false
                  }
                ],
                "tags": [
                  "jbroadbent-gke"
                ],
                "taint": [],
                "workload_metadata_config": []
              }
            ],
            "node_locations": [],
            "node_pool": [
              {
                "autoscaling": [],
                "initial_node_count": 3,
                "instance_group_urls": [
                  "https://www.googleapis.com/compute/v1/projects/hc-6cd88f9253634329b6aabd42f1e/zones/europe-west1-b/instanceGroupManagers/gke-jaseb-test-1-default-pool-d5635a49-grp"
                ],
                "managed_instance_group_urls": [
                  "https://www.googleapis.com/compute/v1/projects/hc-6cd88f9253634329b6aabd42f1e/zones/europe-west1-b/instanceGroups/gke-jaseb-test-1-default-pool-d5635a49-grp"
                ],
                "management": [
                  {
                    "auto_repair": true,
                    "auto_upgrade": true
                  }
                ],
                "max_pods_per_node": 110,
                "name": "default-pool",
                "name_prefix": "",
                "node_config": [
                  {
                    "disk_size_gb": 100,
                    "disk_type": "pd-ssd",
                    "gcfs_config": [],
                    "guest_accelerator": [],
                    "image_type": "COS_CONTAINERD",
                    "labels": {},
                    "local_ssd_count": 0,
                    "machine_type": "n1-standard-2",
                    "metadata": {
                      "disable-legacy-endpoints": "true"
                    },
                    "min_cpu_platform": "",
                    "oauth_scopes": [
                      "https://www.googleapis.com/auth/cloud-platform",
                      "https://www.googleapis.com/auth/compute",
                      "https://www.googleapis.com/auth/devstorage.read_write",
                      "https://www.googleapis.com/auth/logging.write",
                      "https://www.googleapis.com/auth/monitoring"
                    ],
                    "preemptible": false,
                    "service_account": "default",
                    "shielded_instance_config": [
                      {
                        "enable_integrity_monitoring": true,
                        "enable_secure_boot": false
                      }
                    ],
                    "tags": [
                      "jbroadbent-gke"
                    ],
                    "taint": [],
                    "workload_metadata_config": []
                  }
                ],
                "node_count": 3,
                "node_locations": [
                  "europe-west1-b"
                ],
                "upgrade_settings": [
                  {
                    "max_surge": 1,
                    "max_unavailable": 0
                  }
                ],
                "version": "1.22.17-gke.6100"
              }
            ],
            "node_version": "1.22.17-gke.6100",
            "operation": null,
            "private_cluster_config": [],
            "private_ipv6_google_access": "",
            "project": "hc-6cd88f9253634329b6aabd42f1e",
            "release_channel": [
              {
                "channel": "UNSPECIFIED"
              }
            ],
            "remove_default_node_pool": false,
            "resource_labels": null,
            "resource_usage_export_config": [],
            "self_link": "https://container.googleapis.com/v1/projects/hc-6cd88f9253634329b6aabd42f1e/zones/europe-west1-b/clusters/jaseb-test-1",
            "services_ipv4_cidr": "10.148.0.0/20",
            "subnetwork": "projects/hc-6cd88f9253634329b6aabd42f1e/regions/europe-west1/subnetworks/jaseb-test-1-subnetwork",
            "timeouts": null,
            "tpu_ipv4_cidr_block": "",
            "vertical_pod_autoscaling": [],
            "workload_identity_config": []
          },
          "sensitive_attributes": [],
          "private": "eyJlMmJmYjczMC1lY2FhLTExZTYtOGY4OC0zNDM2M2JjN2M0YzAiOnsiY3JlYXRlIjoyNDAwMDAwMDAwMDAwLCJkZWxldGUiOjI0MDAwMDAwMDAwMDAsInJlYWQiOjI0MDAwMDAwMDAwMDAsInVwZGF0ZSI6MzYwMDAwMDAwMDAwMH0sInNjaGVtYV92ZXJzaW9uIjoiMSJ9",
          "dependencies": [
            "module.gke.data.google_container_engine_versions.k8sversion",
            "module.gke.google_compute_network.container_network",
            "module.gke.google_compute_subnetwork.container_subnetwork"
          ]
        }
      ]
    }
  ],
  "check_results": null
}
